// !$*UTF8*$!
{
	archiveVersion = 1;
	classes = {
	};
	objectVersion = 55;
	objects = {

/* Begin PBXBuildFile section */
		B80399DD28D79A37008CE7B4 /* DefineApp.swift in Sources */ = {isa = PBXBuildFile; fileRef = B80399DC28D79A37008CE7B4 /* DefineApp.swift */; };
		B80399E428D79A3B008CE7B4 /* Preview Assets.xcassets in Resources */ = {isa = PBXBuildFile; fileRef = B80399E328D79A3B008CE7B4 /* Preview Assets.xcassets */; };
		B80399EE28D79A3B008CE7B4 /* DefineTests.swift in Sources */ = {isa = PBXBuildFile; fileRef = B80399ED28D79A3B008CE7B4 /* DefineTests.swift */; };
		B80399F828D79A3B008CE7B4 /* DefineUITests.swift in Sources */ = {isa = PBXBuildFile; fileRef = B80399F728D79A3B008CE7B4 /* DefineUITests.swift */; };
		B80399FA28D79A3B008CE7B4 /* DefineUITestsLaunchTests.swift in Sources */ = {isa = PBXBuildFile; fileRef = B80399F928D79A3B008CE7B4 /* DefineUITestsLaunchTests.swift */; };
		B8039A0928D7A14C008CE7B4 /* URLComponents+DictionaryAPI.swift in Sources */ = {isa = PBXBuildFile; fileRef = B8039A0828D7A14C008CE7B4 /* URLComponents+DictionaryAPI.swift */; };
		B8039A0E28D7A298008CE7B4 /* DictionaryAPIKey.swift in Sources */ = {isa = PBXBuildFile; fileRef = B8039A0D28D7A298008CE7B4 /* DictionaryAPIKey.swift */; };
		B8039A1128D7A52A008CE7B4 /* URL+Components.swift in Sources */ = {isa = PBXBuildFile; fileRef = B8039A1028D7A52A008CE7B4 /* URL+Components.swift */; };
		B8039A1428D7AAF7008CE7B4 /* HTTPRequest in Frameworks */ = {isa = PBXBuildFile; productRef = B8039A1328D7AAF7008CE7B4 /* HTTPRequest */; };
		B8039A1828D7AF09008CE7B4 /* String+Values.swift in Sources */ = {isa = PBXBuildFile; fileRef = B8039A1728D7AF09008CE7B4 /* String+Values.swift */; };
		B8039A1D28D7B37A008CE7B4 /* EntriesAPI.swift in Sources */ = {isa = PBXBuildFile; fileRef = B8039A1C28D7B37A008CE7B4 /* EntriesAPI.swift */; };
		B8039A1F28D7B722008CE7B4 /* SearchAPI.swift in Sources */ = {isa = PBXBuildFile; fileRef = B8039A1E28D7B722008CE7B4 /* SearchAPI.swift */; };
		B8039A2128D7B859008CE7B4 /* HTTPHeader+Extensions.swift in Sources */ = {isa = PBXBuildFile; fileRef = B8039A2028D7B859008CE7B4 /* HTTPHeader+Extensions.swift */; };
		B8039A2428D7BC29008CE7B4 /* Metadata.swift in Sources */ = {isa = PBXBuildFile; fileRef = B8039A2328D7BC29008CE7B4 /* Metadata.swift */; };
		B8039A2628D7BCAB008CE7B4 /* Word.swift in Sources */ = {isa = PBXBuildFile; fileRef = B8039A2528D7BCAB008CE7B4 /* Word.swift */; };
		B8039A2A28D7BD54008CE7B4 /* Words.swift in Sources */ = {isa = PBXBuildFile; fileRef = B8039A2928D7BD54008CE7B4 /* Words.swift */; };
		B8039A2C28D7BDBF008CE7B4 /* DataRequestResult+Extensions.swift in Sources */ = {isa = PBXBuildFile; fileRef = B8039A2B28D7BDBF008CE7B4 /* DataRequestResult+Extensions.swift */; };
		B8039A2E28D7BE95008CE7B4 /* JSONModel.swift in Sources */ = {isa = PBXBuildFile; fileRef = B8039A2D28D7BE95008CE7B4 /* JSONModel.swift */; };
		B8039A3028D7C2FD008CE7B4 /* APIKey.swift in Sources */ = {isa = PBXBuildFile; fileRef = B8039A2F28D7C2FD008CE7B4 /* APIKey.swift */; };
		B8039A3528D7C78D008CE7B4 /* JSONDecoder+Extensions.swift in Sources */ = {isa = PBXBuildFile; fileRef = B8039A3428D7C78D008CE7B4 /* JSONDecoder+Extensions.swift */; };
		B8039A3728D7C803008CE7B4 /* JSONEncoder+Extensions.swift in Sources */ = {isa = PBXBuildFile; fileRef = B8039A3628D7C803008CE7B4 /* JSONEncoder+Extensions.swift */; };
		B813BFF828EB6F30000C766C /* RoundedBorder.swift in Sources */ = {isa = PBXBuildFile; fileRef = B813BFF728EB6F30000C766C /* RoundedBorder.swift */; };
		B813BFFA28EB7022000C766C /* ShapeBorder.swift in Sources */ = {isa = PBXBuildFile; fileRef = B813BFF928EB7022000C766C /* ShapeBorder.swift */; };
		B813BFFD28EB7BA1000C766C /* SearchIconView.swift in Sources */ = {isa = PBXBuildFile; fileRef = B813BFFC28EB7BA1000C766C /* SearchIconView.swift */; };
		B813BFFF28EB7BE6000C766C /* CrossIconView.swift in Sources */ = {isa = PBXBuildFile; fileRef = B813BFFE28EB7BE6000C766C /* CrossIconView.swift */; };
		B813C00128EB7DB9000C766C /* Icon.swift in Sources */ = {isa = PBXBuildFile; fileRef = B813C00028EB7DB9000C766C /* Icon.swift */; };
		B813C00328EB7F7D000C766C /* IconContainerView.swift in Sources */ = {isa = PBXBuildFile; fileRef = B813C00228EB7F7D000C766C /* IconContainerView.swift */; };
		B82A76C528DFAA7200DABFBE /* CapsuleBorder.swift in Sources */ = {isa = PBXBuildFile; fileRef = B82A76C428DFAA7200DABFBE /* CapsuleBorder.swift */; };
		B879E9E928F0C5190094AA24 /* TagView.swift in Sources */ = {isa = PBXBuildFile; fileRef = B879E9E828F0C5190094AA24 /* TagView.swift */; };
		B879E9EC28F0C7200094AA24 /* ListItemView.swift in Sources */ = {isa = PBXBuildFile; fileRef = B879E9EB28F0C71F0094AA24 /* ListItemView.swift */; };
		B879E9EE28F0C7ED0094AA24 /* WordListItemView.swift in Sources */ = {isa = PBXBuildFile; fileRef = B879E9ED28F0C7ED0094AA24 /* WordListItemView.swift */; };
		B879E9F028F0CA910094AA24 /* SearchViewModel.swift in Sources */ = {isa = PBXBuildFile; fileRef = B879E9EF28F0CA910094AA24 /* SearchViewModel.swift */; };
		B8977F2428EF600C009BAD12 /* View+Snapshot.swift in Sources */ = {isa = PBXBuildFile; fileRef = B8977F2328EF600C009BAD12 /* View+Snapshot.swift */; };
		B8977F2628EF6EFA009BAD12 /* UIImage+Extensions.swift in Sources */ = {isa = PBXBuildFile; fileRef = B8977F2528EF6EFA009BAD12 /* UIImage+Extensions.swift */; };
		B8977F2828EF7292009BAD12 /* CGSize+Extensions.swift in Sources */ = {isa = PBXBuildFile; fileRef = B8977F2728EF7291009BAD12 /* CGSize+Extensions.swift */; };
		B89F179428E0EBF100A96E35 /* Screen.swift in Sources */ = {isa = PBXBuildFile; fileRef = B89F179328E0EBF100A96E35 /* Screen.swift */; };
		B89F179728E0F38D00A96E35 /* Publisher+Extensions.swift in Sources */ = {isa = PBXBuildFile; fileRef = B89F179628E0F38D00A96E35 /* Publisher+Extensions.swift */; };
		B89F179928E0F65100A96E35 /* View+Keyboard.swift in Sources */ = {isa = PBXBuildFile; fileRef = B89F179828E0F65100A96E35 /* View+Keyboard.swift */; };
		B89F179D28E0FABE00A96E35 /* AppDelegate.swift in Sources */ = {isa = PBXBuildFile; fileRef = B89F179C28E0FABE00A96E35 /* AppDelegate.swift */; };
		B89F179F28E0FB7700A96E35 /* Logger.swift in Sources */ = {isa = PBXBuildFile; fileRef = B89F179E28E0FB7700A96E35 /* Logger.swift */; };
		B89F17A228E0FB9E00A96E35 /* Loggable.swift in Sources */ = {isa = PBXBuildFile; fileRef = B89F17A128E0FB9E00A96E35 /* Loggable.swift */; };
		B89F17A428E0FC9A00A96E35 /* OSLog+Extensions.swift in Sources */ = {isa = PBXBuildFile; fileRef = B89F17A328E0FC9A00A96E35 /* OSLog+Extensions.swift */; };
		B8A1231F28E9712300ACEC45 /* searchNoResults.json in Resources */ = {isa = PBXBuildFile; fileRef = B8A1231D28E9712300ACEC45 /* searchNoResults.json */; };
		B8A1232028E9712300ACEC45 /* searchEmpty.json in Resources */ = {isa = PBXBuildFile; fileRef = B8A1231E28E9712300ACEC45 /* searchEmpty.json */; };
		B8A1232228E9714600ACEC45 /* LottieView.swift in Sources */ = {isa = PBXBuildFile; fileRef = B8A1232128E9714600ACEC45 /* LottieView.swift */; };
		B8A1232528E971EC00ACEC45 /* Lottie in Frameworks */ = {isa = PBXBuildFile; productRef = B8A1232428E971EC00ACEC45 /* Lottie */; };
		B8A1232728E971FD00ACEC45 /* LottieFile.swift in Sources */ = {isa = PBXBuildFile; fileRef = B8A1232628E971FD00ACEC45 /* LottieFile.swift */; };
		B8A1232A28E9744E00ACEC45 /* SearchEmptyView.swift in Sources */ = {isa = PBXBuildFile; fileRef = B8A1232928E9744E00ACEC45 /* SearchEmptyView.swift */; };
		B8A1232D28E9765C00ACEC45 /* SearchEmpty.swift in Sources */ = {isa = PBXBuildFile; fileRef = B8A1232C28E9765C00ACEC45 /* SearchEmpty.swift */; };
		B8A1232F28E978DA00ACEC45 /* SearchNoResults.swift in Sources */ = {isa = PBXBuildFile; fileRef = B8A1232E28E978DA00ACEC45 /* SearchNoResults.swift */; };
		B8A1234328E97D1A00ACEC45 /* WorkSans-ExtraBold.ttf in Resources */ = {isa = PBXBuildFile; fileRef = B8A1233128E97D1800ACEC45 /* WorkSans-ExtraBold.ttf */; };
		B8A1234428E97D1A00ACEC45 /* WorkSans-Regular.ttf in Resources */ = {isa = PBXBuildFile; fileRef = B8A1233228E97D1800ACEC45 /* WorkSans-Regular.ttf */; };
		B8A1234528E97D1A00ACEC45 /* WorkSans-Medium.ttf in Resources */ = {isa = PBXBuildFile; fileRef = B8A1233328E97D1800ACEC45 /* WorkSans-Medium.ttf */; };
		B8A1234628E97D1A00ACEC45 /* WorkSans-Light.ttf in Resources */ = {isa = PBXBuildFile; fileRef = B8A1233428E97D1800ACEC45 /* WorkSans-Light.ttf */; };
		B8A1234728E97D1A00ACEC45 /* WorkSans-ExtraLight.ttf in Resources */ = {isa = PBXBuildFile; fileRef = B8A1233528E97D1800ACEC45 /* WorkSans-ExtraLight.ttf */; };
		B8A1234828E97D1A00ACEC45 /* WorkSans-SemiBoldItalic.ttf in Resources */ = {isa = PBXBuildFile; fileRef = B8A1233628E97D1900ACEC45 /* WorkSans-SemiBoldItalic.ttf */; };
		B8A1234928E97D1A00ACEC45 /* WorkSans-BoldItalic.ttf in Resources */ = {isa = PBXBuildFile; fileRef = B8A1233728E97D1900ACEC45 /* WorkSans-BoldItalic.ttf */; };
		B8A1234A28E97D1A00ACEC45 /* WorkSans-BlackItalic.ttf in Resources */ = {isa = PBXBuildFile; fileRef = B8A1233828E97D1900ACEC45 /* WorkSans-BlackItalic.ttf */; };
		B8A1234B28E97D1A00ACEC45 /* WorkSans-Thin.ttf in Resources */ = {isa = PBXBuildFile; fileRef = B8A1233928E97D1900ACEC45 /* WorkSans-Thin.ttf */; };
		B8A1234C28E97D1A00ACEC45 /* WorkSans-ThinItalic.ttf in Resources */ = {isa = PBXBuildFile; fileRef = B8A1233A28E97D1900ACEC45 /* WorkSans-ThinItalic.ttf */; };
		B8A1234D28E97D1A00ACEC45 /* WorkSans-ExtraBoldItalic.ttf in Resources */ = {isa = PBXBuildFile; fileRef = B8A1233B28E97D1900ACEC45 /* WorkSans-ExtraBoldItalic.ttf */; };
		B8A1234E28E97D1A00ACEC45 /* WorkSans-ExtraLightItalic.ttf in Resources */ = {isa = PBXBuildFile; fileRef = B8A1233C28E97D1900ACEC45 /* WorkSans-ExtraLightItalic.ttf */; };
		B8A1234F28E97D1A00ACEC45 /* WorkSans-Black.ttf in Resources */ = {isa = PBXBuildFile; fileRef = B8A1233D28E97D1900ACEC45 /* WorkSans-Black.ttf */; };
		B8A1235028E97D1A00ACEC45 /* WorkSans-MediumItalic.ttf in Resources */ = {isa = PBXBuildFile; fileRef = B8A1233E28E97D1900ACEC45 /* WorkSans-MediumItalic.ttf */; };
		B8A1235128E97D1A00ACEC45 /* WorkSans-LightItalic.ttf in Resources */ = {isa = PBXBuildFile; fileRef = B8A1233F28E97D1900ACEC45 /* WorkSans-LightItalic.ttf */; };
		B8A1235228E97D1A00ACEC45 /* WorkSans-Italic.ttf in Resources */ = {isa = PBXBuildFile; fileRef = B8A1234028E97D1900ACEC45 /* WorkSans-Italic.ttf */; };
		B8A1235328E97D1A00ACEC45 /* WorkSans-Bold.ttf in Resources */ = {isa = PBXBuildFile; fileRef = B8A1234128E97D1900ACEC45 /* WorkSans-Bold.ttf */; };
		B8A1235428E97D1A00ACEC45 /* WorkSans-SemiBold.ttf in Resources */ = {isa = PBXBuildFile; fileRef = B8A1234228E97D1A00ACEC45 /* WorkSans-SemiBold.ttf */; };
		B8A1235A28E97EF300ACEC45 /* WorkSans.swift in Sources */ = {isa = PBXBuildFile; fileRef = B8A1235928E97EF300ACEC45 /* WorkSans.swift */; };
		B8A1235D28E97FB000ACEC45 /* CustomFont.swift in Sources */ = {isa = PBXBuildFile; fileRef = B8A1235C28E97FB000ACEC45 /* CustomFont.swift */; };
		B8B563E728EFFEC3004B80F0 /* View+Extensions.swift in Sources */ = {isa = PBXBuildFile; fileRef = B8B563E628EFFEC3004B80F0 /* View+Extensions.swift */; };
		B8B563E928F00096004B80F0 /* LaunchScreen.storyboard in Resources */ = {isa = PBXBuildFile; fileRef = B8B563E828F00096004B80F0 /* LaunchScreen.storyboard */; };
		B8B563EB28F00391004B80F0 /* LaunchScreen.swift in Sources */ = {isa = PBXBuildFile; fileRef = B8B563EA28F00391004B80F0 /* LaunchScreen.swift */; };
		B8B9B9D628EC5C54006FCA76 /* SearchHeaderView.swift in Sources */ = {isa = PBXBuildFile; fileRef = B8B9B9D528EC5C54006FCA76 /* SearchHeaderView.swift */; };
		B8B9B9D828EC603D006FCA76 /* EdgeInsets+Extensions.swift in Sources */ = {isa = PBXBuildFile; fileRef = B8B9B9D728EC603D006FCA76 /* EdgeInsets+Extensions.swift */; };
		B8B9B9DA28EC6210006FCA76 /* BlurView.swift in Sources */ = {isa = PBXBuildFile; fileRef = B8B9B9D928EC6210006FCA76 /* BlurView.swift */; };
		B8B9B9DD28EC66AD006FCA76 /* GradientBlurView.swift in Sources */ = {isa = PBXBuildFile; fileRef = B8B9B9DC28EC66AD006FCA76 /* GradientBlurView.swift */; };
		B8B9B9E028EDC706006FCA76 /* Colors.xcassets in Resources */ = {isa = PBXBuildFile; fileRef = B8B9B9DF28EDC706006FCA76 /* Colors.xcassets */; };
		B8B9B9E128EDC9FC006FCA76 /* Images.xcassets in Resources */ = {isa = PBXBuildFile; fileRef = B80399E028D79A3B008CE7B4 /* Images.xcassets */; };
		B8B9B9E328EDE65F006FCA76 /* LogoView.swift in Sources */ = {isa = PBXBuildFile; fileRef = B8B9B9E228EDE65F006FCA76 /* LogoView.swift */; };
		B8B9B9E728EDED53006FCA76 /* NilCoalescingPrecedence.swift in Sources */ = {isa = PBXBuildFile; fileRef = B8B9B9E628EDED53006FCA76 /* NilCoalescingPrecedence.swift */; };
		B8B9BA0128EE30BF006FCA76 /* AppIcon.swift in Sources */ = {isa = PBXBuildFile; fileRef = B8B9BA0028EE30BF006FCA76 /* AppIcon.swift */; };
		B8B9BA0328EE30D1006FCA76 /* AppIconSize.swift in Sources */ = {isa = PBXBuildFile; fileRef = B8B9BA0228EE30D1006FCA76 /* AppIconSize.swift */; };
		B8BBA16228E8EDF100222116 /* ButtonView.swift in Sources */ = {isa = PBXBuildFile; fileRef = B8BBA16128E8EDF100222116 /* ButtonView.swift */; };
		B8C894E628D895E900975E25 /* LookUp.swift in Sources */ = {isa = PBXBuildFile; fileRef = B8C894E528D895E900975E25 /* LookUp.swift */; };
		B8C894E828D8FFB900975E25 /* Entries.swift in Sources */ = {isa = PBXBuildFile; fileRef = B8C894E728D8FFB900975E25 /* Entries.swift */; };
		B8C894EA28D905BD00975E25 /* ForEach+Extensions.swift in Sources */ = {isa = PBXBuildFile; fileRef = B8C894E928D905BD00975E25 /* ForEach+Extensions.swift */; };
		B8D2A73C28DEEFAE0096A020 /* EnterWordScreen.swift in Sources */ = {isa = PBXBuildFile; fileRef = B8D2A73B28DEEFAE0096A020 /* EnterWordScreen.swift */; };
		B8D2A73E28DEEFE70096A020 /* Color+Values.swift in Sources */ = {isa = PBXBuildFile; fileRef = B8D2A73D28DEEFE70096A020 /* Color+Values.swift */; };
		B8D2A74228DF3A250096A020 /* InputTextField.swift in Sources */ = {isa = PBXBuildFile; fileRef = B8D2A74128DF3A250096A020 /* InputTextField.swift */; };
		B8D2A74628DF3AFE0096A020 /* TextStyle.swift in Sources */ = {isa = PBXBuildFile; fileRef = B8D2A74528DF3AFE0096A020 /* TextStyle.swift */; };
		B8E28DC828EA0C37009BE8A2 /* Debug.swift in Sources */ = {isa = PBXBuildFile; fileRef = B8E28DC728EA0C37009BE8A2 /* Debug.swift */; };
		B8E28DCA28EA0F93009BE8A2 /* Image+Values.swift in Sources */ = {isa = PBXBuildFile; fileRef = B8E28DC928EA0F93009BE8A2 /* Image+Values.swift */; };
		B8E49C0928DF917E00F9CAC4 /* LoadingView.swift in Sources */ = {isa = PBXBuildFile; fileRef = B8E49C0828DF917E00F9CAC4 /* LoadingView.swift */; };
		B8E49C0B28DF985500F9CAC4 /* CGFloat+Values.swift in Sources */ = {isa = PBXBuildFile; fileRef = B8E49C0A28DF985500F9CAC4 /* CGFloat+Values.swift */; };
		B8E49C0D28DF99EA00F9CAC4 /* String+Localizations.swift in Sources */ = {isa = PBXBuildFile; fileRef = B8E49C0C28DF99EA00F9CAC4 /* String+Localizations.swift */; };
		B8E49C0F28DF9AA500F9CAC4 /* EdgeInsets+Values.swift in Sources */ = {isa = PBXBuildFile; fileRef = B8E49C0E28DF9AA500F9CAC4 /* EdgeInsets+Values.swift */; };
		B8E49C1128DFA60000F9CAC4 /* View+If.swift in Sources */ = {isa = PBXBuildFile; fileRef = B8E49C1028DFA60000F9CAC4 /* View+If.swift */; };
/* End PBXBuildFile section */

/* Begin PBXContainerItemProxy section */
		B80399EA28D79A3B008CE7B4 /* PBXContainerItemProxy */ = {
			isa = PBXContainerItemProxy;
			containerPortal = B80399D128D79A36008CE7B4 /* Project object */;
			proxyType = 1;
			remoteGlobalIDString = B80399D828D79A37008CE7B4;
			remoteInfo = Define;
		};
		B80399F428D79A3B008CE7B4 /* PBXContainerItemProxy */ = {
			isa = PBXContainerItemProxy;
			containerPortal = B80399D128D79A36008CE7B4 /* Project object */;
			proxyType = 1;
			remoteGlobalIDString = B80399D828D79A37008CE7B4;
			remoteInfo = Define;
		};
/* End PBXContainerItemProxy section */

/* Begin PBXFileReference section */
		B80399D928D79A37008CE7B4 /* Define.app */ = {isa = PBXFileReference; explicitFileType = wrapper.application; includeInIndex = 0; path = Define.app; sourceTree = BUILT_PRODUCTS_DIR; };
		B80399DC28D79A37008CE7B4 /* DefineApp.swift */ = {isa = PBXFileReference; lastKnownFileType = sourcecode.swift; path = DefineApp.swift; sourceTree = "<group>"; };
		B80399E028D79A3B008CE7B4 /* Images.xcassets */ = {isa = PBXFileReference; lastKnownFileType = folder.assetcatalog; path = Images.xcassets; sourceTree = "<group>"; };
		B80399E328D79A3B008CE7B4 /* Preview Assets.xcassets */ = {isa = PBXFileReference; lastKnownFileType = folder.assetcatalog; path = "Preview Assets.xcassets"; sourceTree = "<group>"; };
		B80399E928D79A3B008CE7B4 /* DefineTests.xctest */ = {isa = PBXFileReference; explicitFileType = wrapper.cfbundle; includeInIndex = 0; path = DefineTests.xctest; sourceTree = BUILT_PRODUCTS_DIR; };
		B80399ED28D79A3B008CE7B4 /* DefineTests.swift */ = {isa = PBXFileReference; lastKnownFileType = sourcecode.swift; path = DefineTests.swift; sourceTree = "<group>"; };
		B80399F328D79A3B008CE7B4 /* DefineUITests.xctest */ = {isa = PBXFileReference; explicitFileType = wrapper.cfbundle; includeInIndex = 0; path = DefineUITests.xctest; sourceTree = BUILT_PRODUCTS_DIR; };
		B80399F728D79A3B008CE7B4 /* DefineUITests.swift */ = {isa = PBXFileReference; lastKnownFileType = sourcecode.swift; path = DefineUITests.swift; sourceTree = "<group>"; };
		B80399F928D79A3B008CE7B4 /* DefineUITestsLaunchTests.swift */ = {isa = PBXFileReference; lastKnownFileType = sourcecode.swift; path = DefineUITestsLaunchTests.swift; sourceTree = "<group>"; };
		B8039A0828D7A14C008CE7B4 /* URLComponents+DictionaryAPI.swift */ = {isa = PBXFileReference; lastKnownFileType = sourcecode.swift; path = "URLComponents+DictionaryAPI.swift"; sourceTree = "<group>"; };
		B8039A0D28D7A298008CE7B4 /* DictionaryAPIKey.swift */ = {isa = PBXFileReference; lastKnownFileType = sourcecode.swift; path = DictionaryAPIKey.swift; sourceTree = "<group>"; };
		B8039A1028D7A52A008CE7B4 /* URL+Components.swift */ = {isa = PBXFileReference; lastKnownFileType = sourcecode.swift; path = "URL+Components.swift"; sourceTree = "<group>"; };
		B8039A1728D7AF09008CE7B4 /* String+Values.swift */ = {isa = PBXFileReference; lastKnownFileType = sourcecode.swift; path = "String+Values.swift"; sourceTree = "<group>"; };
		B8039A1C28D7B37A008CE7B4 /* EntriesAPI.swift */ = {isa = PBXFileReference; lastKnownFileType = sourcecode.swift; path = EntriesAPI.swift; sourceTree = "<group>"; };
		B8039A1E28D7B722008CE7B4 /* SearchAPI.swift */ = {isa = PBXFileReference; lastKnownFileType = sourcecode.swift; path = SearchAPI.swift; sourceTree = "<group>"; };
		B8039A2028D7B859008CE7B4 /* HTTPHeader+Extensions.swift */ = {isa = PBXFileReference; lastKnownFileType = sourcecode.swift; path = "HTTPHeader+Extensions.swift"; sourceTree = "<group>"; };
		B8039A2328D7BC29008CE7B4 /* Metadata.swift */ = {isa = PBXFileReference; lastKnownFileType = sourcecode.swift; path = Metadata.swift; sourceTree = "<group>"; };
		B8039A2528D7BCAB008CE7B4 /* Word.swift */ = {isa = PBXFileReference; lastKnownFileType = sourcecode.swift; path = Word.swift; sourceTree = "<group>"; };
		B8039A2928D7BD54008CE7B4 /* Words.swift */ = {isa = PBXFileReference; lastKnownFileType = sourcecode.swift; path = Words.swift; sourceTree = "<group>"; };
		B8039A2B28D7BDBF008CE7B4 /* DataRequestResult+Extensions.swift */ = {isa = PBXFileReference; lastKnownFileType = sourcecode.swift; path = "DataRequestResult+Extensions.swift"; sourceTree = "<group>"; };
		B8039A2D28D7BE95008CE7B4 /* JSONModel.swift */ = {isa = PBXFileReference; lastKnownFileType = sourcecode.swift; path = JSONModel.swift; sourceTree = "<group>"; };
		B8039A2F28D7C2FD008CE7B4 /* APIKey.swift */ = {isa = PBXFileReference; lastKnownFileType = sourcecode.swift; path = APIKey.swift; sourceTree = "<group>"; };
		B8039A3428D7C78D008CE7B4 /* JSONDecoder+Extensions.swift */ = {isa = PBXFileReference; lastKnownFileType = sourcecode.swift; path = "JSONDecoder+Extensions.swift"; sourceTree = "<group>"; };
		B8039A3628D7C803008CE7B4 /* JSONEncoder+Extensions.swift */ = {isa = PBXFileReference; lastKnownFileType = sourcecode.swift; path = "JSONEncoder+Extensions.swift"; sourceTree = "<group>"; };
		B813BFF728EB6F30000C766C /* RoundedBorder.swift */ = {isa = PBXFileReference; lastKnownFileType = sourcecode.swift; path = RoundedBorder.swift; sourceTree = "<group>"; };
		B813BFF928EB7022000C766C /* ShapeBorder.swift */ = {isa = PBXFileReference; lastKnownFileType = sourcecode.swift; path = ShapeBorder.swift; sourceTree = "<group>"; };
		B813BFFC28EB7BA1000C766C /* SearchIconView.swift */ = {isa = PBXFileReference; lastKnownFileType = sourcecode.swift; path = SearchIconView.swift; sourceTree = "<group>"; };
		B813BFFE28EB7BE6000C766C /* CrossIconView.swift */ = {isa = PBXFileReference; lastKnownFileType = sourcecode.swift; path = CrossIconView.swift; sourceTree = "<group>"; };
		B813C00028EB7DB9000C766C /* Icon.swift */ = {isa = PBXFileReference; lastKnownFileType = sourcecode.swift; path = Icon.swift; sourceTree = "<group>"; };
		B813C00228EB7F7D000C766C /* IconContainerView.swift */ = {isa = PBXFileReference; lastKnownFileType = sourcecode.swift; path = IconContainerView.swift; sourceTree = "<group>"; };
		B82A76C428DFAA7200DABFBE /* CapsuleBorder.swift */ = {isa = PBXFileReference; lastKnownFileType = sourcecode.swift; path = CapsuleBorder.swift; sourceTree = "<group>"; };
		B879E9E828F0C5190094AA24 /* TagView.swift */ = {isa = PBXFileReference; lastKnownFileType = sourcecode.swift; path = TagView.swift; sourceTree = "<group>"; };
		B879E9EB28F0C71F0094AA24 /* ListItemView.swift */ = {isa = PBXFileReference; lastKnownFileType = sourcecode.swift; path = ListItemView.swift; sourceTree = "<group>"; };
		B879E9ED28F0C7ED0094AA24 /* WordListItemView.swift */ = {isa = PBXFileReference; lastKnownFileType = sourcecode.swift; path = WordListItemView.swift; sourceTree = "<group>"; };
		B879E9EF28F0CA910094AA24 /* SearchViewModel.swift */ = {isa = PBXFileReference; lastKnownFileType = sourcecode.swift; path = SearchViewModel.swift; sourceTree = "<group>"; };
		B8977F2328EF600C009BAD12 /* View+Snapshot.swift */ = {isa = PBXFileReference; lastKnownFileType = sourcecode.swift; path = "View+Snapshot.swift"; sourceTree = "<group>"; };
		B8977F2528EF6EFA009BAD12 /* UIImage+Extensions.swift */ = {isa = PBXFileReference; lastKnownFileType = sourcecode.swift; path = "UIImage+Extensions.swift"; sourceTree = "<group>"; };
		B8977F2728EF7291009BAD12 /* CGSize+Extensions.swift */ = {isa = PBXFileReference; lastKnownFileType = sourcecode.swift; path = "CGSize+Extensions.swift"; sourceTree = "<group>"; };
		B89F179328E0EBF100A96E35 /* Screen.swift */ = {isa = PBXFileReference; lastKnownFileType = sourcecode.swift; path = Screen.swift; sourceTree = "<group>"; };
		B89F179628E0F38D00A96E35 /* Publisher+Extensions.swift */ = {isa = PBXFileReference; lastKnownFileType = sourcecode.swift; path = "Publisher+Extensions.swift"; sourceTree = "<group>"; };
		B89F179828E0F65100A96E35 /* View+Keyboard.swift */ = {isa = PBXFileReference; lastKnownFileType = sourcecode.swift; path = "View+Keyboard.swift"; sourceTree = "<group>"; };
		B89F179C28E0FABE00A96E35 /* AppDelegate.swift */ = {isa = PBXFileReference; lastKnownFileType = sourcecode.swift; path = AppDelegate.swift; sourceTree = "<group>"; };
		B89F179E28E0FB7700A96E35 /* Logger.swift */ = {isa = PBXFileReference; lastKnownFileType = sourcecode.swift; path = Logger.swift; sourceTree = "<group>"; };
		B89F17A128E0FB9E00A96E35 /* Loggable.swift */ = {isa = PBXFileReference; lastKnownFileType = sourcecode.swift; path = Loggable.swift; sourceTree = "<group>"; };
		B89F17A328E0FC9A00A96E35 /* OSLog+Extensions.swift */ = {isa = PBXFileReference; lastKnownFileType = sourcecode.swift; path = "OSLog+Extensions.swift"; sourceTree = "<group>"; };
		B8A1231D28E9712300ACEC45 /* searchNoResults.json */ = {isa = PBXFileReference; fileEncoding = 4; lastKnownFileType = text.json; path = searchNoResults.json; sourceTree = "<group>"; };
		B8A1231E28E9712300ACEC45 /* searchEmpty.json */ = {isa = PBXFileReference; fileEncoding = 4; lastKnownFileType = text.json; path = searchEmpty.json; sourceTree = "<group>"; };
		B8A1232128E9714600ACEC45 /* LottieView.swift */ = {isa = PBXFileReference; lastKnownFileType = sourcecode.swift; path = LottieView.swift; sourceTree = "<group>"; };
		B8A1232628E971FD00ACEC45 /* LottieFile.swift */ = {isa = PBXFileReference; lastKnownFileType = sourcecode.swift; path = LottieFile.swift; sourceTree = "<group>"; };
		B8A1232928E9744E00ACEC45 /* SearchEmptyView.swift */ = {isa = PBXFileReference; lastKnownFileType = sourcecode.swift; path = SearchEmptyView.swift; sourceTree = "<group>"; };
		B8A1232C28E9765C00ACEC45 /* SearchEmpty.swift */ = {isa = PBXFileReference; lastKnownFileType = sourcecode.swift; path = SearchEmpty.swift; sourceTree = "<group>"; };
		B8A1232E28E978DA00ACEC45 /* SearchNoResults.swift */ = {isa = PBXFileReference; lastKnownFileType = sourcecode.swift; path = SearchNoResults.swift; sourceTree = "<group>"; };
		B8A1233128E97D1800ACEC45 /* WorkSans-ExtraBold.ttf */ = {isa = PBXFileReference; lastKnownFileType = file; path = "WorkSans-ExtraBold.ttf"; sourceTree = "<group>"; };
		B8A1233228E97D1800ACEC45 /* WorkSans-Regular.ttf */ = {isa = PBXFileReference; lastKnownFileType = file; path = "WorkSans-Regular.ttf"; sourceTree = "<group>"; };
		B8A1233328E97D1800ACEC45 /* WorkSans-Medium.ttf */ = {isa = PBXFileReference; lastKnownFileType = file; path = "WorkSans-Medium.ttf"; sourceTree = "<group>"; };
		B8A1233428E97D1800ACEC45 /* WorkSans-Light.ttf */ = {isa = PBXFileReference; lastKnownFileType = file; path = "WorkSans-Light.ttf"; sourceTree = "<group>"; };
		B8A1233528E97D1800ACEC45 /* WorkSans-ExtraLight.ttf */ = {isa = PBXFileReference; lastKnownFileType = file; path = "WorkSans-ExtraLight.ttf"; sourceTree = "<group>"; };
		B8A1233628E97D1900ACEC45 /* WorkSans-SemiBoldItalic.ttf */ = {isa = PBXFileReference; lastKnownFileType = file; path = "WorkSans-SemiBoldItalic.ttf"; sourceTree = "<group>"; };
		B8A1233728E97D1900ACEC45 /* WorkSans-BoldItalic.ttf */ = {isa = PBXFileReference; lastKnownFileType = file; path = "WorkSans-BoldItalic.ttf"; sourceTree = "<group>"; };
		B8A1233828E97D1900ACEC45 /* WorkSans-BlackItalic.ttf */ = {isa = PBXFileReference; lastKnownFileType = file; path = "WorkSans-BlackItalic.ttf"; sourceTree = "<group>"; };
		B8A1233928E97D1900ACEC45 /* WorkSans-Thin.ttf */ = {isa = PBXFileReference; lastKnownFileType = file; path = "WorkSans-Thin.ttf"; sourceTree = "<group>"; };
		B8A1233A28E97D1900ACEC45 /* WorkSans-ThinItalic.ttf */ = {isa = PBXFileReference; lastKnownFileType = file; path = "WorkSans-ThinItalic.ttf"; sourceTree = "<group>"; };
		B8A1233B28E97D1900ACEC45 /* WorkSans-ExtraBoldItalic.ttf */ = {isa = PBXFileReference; lastKnownFileType = file; path = "WorkSans-ExtraBoldItalic.ttf"; sourceTree = "<group>"; };
		B8A1233C28E97D1900ACEC45 /* WorkSans-ExtraLightItalic.ttf */ = {isa = PBXFileReference; lastKnownFileType = file; path = "WorkSans-ExtraLightItalic.ttf"; sourceTree = "<group>"; };
		B8A1233D28E97D1900ACEC45 /* WorkSans-Black.ttf */ = {isa = PBXFileReference; lastKnownFileType = file; path = "WorkSans-Black.ttf"; sourceTree = "<group>"; };
		B8A1233E28E97D1900ACEC45 /* WorkSans-MediumItalic.ttf */ = {isa = PBXFileReference; lastKnownFileType = file; path = "WorkSans-MediumItalic.ttf"; sourceTree = "<group>"; };
		B8A1233F28E97D1900ACEC45 /* WorkSans-LightItalic.ttf */ = {isa = PBXFileReference; lastKnownFileType = file; path = "WorkSans-LightItalic.ttf"; sourceTree = "<group>"; };
		B8A1234028E97D1900ACEC45 /* WorkSans-Italic.ttf */ = {isa = PBXFileReference; lastKnownFileType = file; path = "WorkSans-Italic.ttf"; sourceTree = "<group>"; };
		B8A1234128E97D1900ACEC45 /* WorkSans-Bold.ttf */ = {isa = PBXFileReference; lastKnownFileType = file; path = "WorkSans-Bold.ttf"; sourceTree = "<group>"; };
		B8A1234228E97D1A00ACEC45 /* WorkSans-SemiBold.ttf */ = {isa = PBXFileReference; lastKnownFileType = file; path = "WorkSans-SemiBold.ttf"; sourceTree = "<group>"; };
		B8A1235928E97EF300ACEC45 /* WorkSans.swift */ = {isa = PBXFileReference; lastKnownFileType = sourcecode.swift; path = WorkSans.swift; sourceTree = "<group>"; };
		B8A1235C28E97FB000ACEC45 /* CustomFont.swift */ = {isa = PBXFileReference; lastKnownFileType = sourcecode.swift; path = CustomFont.swift; sourceTree = "<group>"; };
		B8A1235E28E9829B00ACEC45 /* Info.plist */ = {isa = PBXFileReference; fileEncoding = 4; lastKnownFileType = text.plist.xml; path = Info.plist; sourceTree = "<group>"; };
		B8B563E628EFFEC3004B80F0 /* View+Extensions.swift */ = {isa = PBXFileReference; lastKnownFileType = sourcecode.swift; path = "View+Extensions.swift"; sourceTree = "<group>"; };
		B8B563E828F00096004B80F0 /* LaunchScreen.storyboard */ = {isa = PBXFileReference; lastKnownFileType = file.storyboard; path = LaunchScreen.storyboard; sourceTree = "<group>"; };
		B8B563EA28F00391004B80F0 /* LaunchScreen.swift */ = {isa = PBXFileReference; lastKnownFileType = sourcecode.swift; path = LaunchScreen.swift; sourceTree = "<group>"; };
		B8B9B9D528EC5C54006FCA76 /* SearchHeaderView.swift */ = {isa = PBXFileReference; lastKnownFileType = sourcecode.swift; path = SearchHeaderView.swift; sourceTree = "<group>"; };
		B8B9B9D728EC603D006FCA76 /* EdgeInsets+Extensions.swift */ = {isa = PBXFileReference; lastKnownFileType = sourcecode.swift; path = "EdgeInsets+Extensions.swift"; sourceTree = "<group>"; };
		B8B9B9D928EC6210006FCA76 /* BlurView.swift */ = {isa = PBXFileReference; lastKnownFileType = sourcecode.swift; path = BlurView.swift; sourceTree = "<group>"; };
		B8B9B9DC28EC66AD006FCA76 /* GradientBlurView.swift */ = {isa = PBXFileReference; lastKnownFileType = sourcecode.swift; path = GradientBlurView.swift; sourceTree = "<group>"; };
		B8B9B9DF28EDC706006FCA76 /* Colors.xcassets */ = {isa = PBXFileReference; lastKnownFileType = folder.assetcatalog; path = Colors.xcassets; sourceTree = "<group>"; };
		B8B9B9E228EDE65F006FCA76 /* LogoView.swift */ = {isa = PBXFileReference; lastKnownFileType = sourcecode.swift; path = LogoView.swift; sourceTree = "<group>"; };
		B8B9B9E628EDED53006FCA76 /* NilCoalescingPrecedence.swift */ = {isa = PBXFileReference; lastKnownFileType = sourcecode.swift; path = NilCoalescingPrecedence.swift; sourceTree = "<group>"; };
		B8B9BA0028EE30BF006FCA76 /* AppIcon.swift */ = {isa = PBXFileReference; lastKnownFileType = sourcecode.swift; path = AppIcon.swift; sourceTree = "<group>"; };
		B8B9BA0228EE30D1006FCA76 /* AppIconSize.swift */ = {isa = PBXFileReference; lastKnownFileType = sourcecode.swift; path = AppIconSize.swift; sourceTree = "<group>"; };
		B8BBA16128E8EDF100222116 /* ButtonView.swift */ = {isa = PBXFileReference; lastKnownFileType = sourcecode.swift; path = ButtonView.swift; sourceTree = "<group>"; };
		B8C894E528D895E900975E25 /* LookUp.swift */ = {isa = PBXFileReference; lastKnownFileType = sourcecode.swift; path = LookUp.swift; sourceTree = "<group>"; };
		B8C894E728D8FFB900975E25 /* Entries.swift */ = {isa = PBXFileReference; lastKnownFileType = sourcecode.swift; path = Entries.swift; sourceTree = "<group>"; };
		B8C894E928D905BD00975E25 /* ForEach+Extensions.swift */ = {isa = PBXFileReference; lastKnownFileType = sourcecode.swift; path = "ForEach+Extensions.swift"; sourceTree = "<group>"; };
		B8D2A73B28DEEFAE0096A020 /* EnterWordScreen.swift */ = {isa = PBXFileReference; lastKnownFileType = sourcecode.swift; path = EnterWordScreen.swift; sourceTree = "<group>"; };
		B8D2A73D28DEEFE70096A020 /* Color+Values.swift */ = {isa = PBXFileReference; lastKnownFileType = sourcecode.swift; path = "Color+Values.swift"; sourceTree = "<group>"; };
		B8D2A74128DF3A250096A020 /* InputTextField.swift */ = {isa = PBXFileReference; lastKnownFileType = sourcecode.swift; path = InputTextField.swift; sourceTree = "<group>"; };
		B8D2A74528DF3AFE0096A020 /* TextStyle.swift */ = {isa = PBXFileReference; lastKnownFileType = sourcecode.swift; path = TextStyle.swift; sourceTree = "<group>"; };
		B8E28DC728EA0C37009BE8A2 /* Debug.swift */ = {isa = PBXFileReference; lastKnownFileType = sourcecode.swift; path = Debug.swift; sourceTree = "<group>"; };
		B8E28DC928EA0F93009BE8A2 /* Image+Values.swift */ = {isa = PBXFileReference; lastKnownFileType = sourcecode.swift; path = "Image+Values.swift"; sourceTree = "<group>"; };
		B8E49C0828DF917E00F9CAC4 /* LoadingView.swift */ = {isa = PBXFileReference; lastKnownFileType = sourcecode.swift; path = LoadingView.swift; sourceTree = "<group>"; };
		B8E49C0A28DF985500F9CAC4 /* CGFloat+Values.swift */ = {isa = PBXFileReference; lastKnownFileType = sourcecode.swift; path = "CGFloat+Values.swift"; sourceTree = "<group>"; };
		B8E49C0C28DF99EA00F9CAC4 /* String+Localizations.swift */ = {isa = PBXFileReference; lastKnownFileType = sourcecode.swift; path = "String+Localizations.swift"; sourceTree = "<group>"; };
		B8E49C0E28DF9AA500F9CAC4 /* EdgeInsets+Values.swift */ = {isa = PBXFileReference; lastKnownFileType = sourcecode.swift; path = "EdgeInsets+Values.swift"; sourceTree = "<group>"; };
		B8E49C1028DFA60000F9CAC4 /* View+If.swift */ = {isa = PBXFileReference; lastKnownFileType = sourcecode.swift; path = "View+If.swift"; sourceTree = "<group>"; };
/* End PBXFileReference section */

/* Begin PBXFrameworksBuildPhase section */
		B80399D628D79A37008CE7B4 /* Frameworks */ = {
			isa = PBXFrameworksBuildPhase;
			buildActionMask = 2147483647;
			files = (
				B8039A1428D7AAF7008CE7B4 /* HTTPRequest in Frameworks */,
				B8A1232528E971EC00ACEC45 /* Lottie in Frameworks */,
			);
			runOnlyForDeploymentPostprocessing = 0;
		};
		B80399E628D79A3B008CE7B4 /* Frameworks */ = {
			isa = PBXFrameworksBuildPhase;
			buildActionMask = 2147483647;
			files = (
			);
			runOnlyForDeploymentPostprocessing = 0;
		};
		B80399F028D79A3B008CE7B4 /* Frameworks */ = {
			isa = PBXFrameworksBuildPhase;
			buildActionMask = 2147483647;
			files = (
			);
			runOnlyForDeploymentPostprocessing = 0;
		};
/* End PBXFrameworksBuildPhase section */

/* Begin PBXGroup section */
		B80399D028D79A36008CE7B4 = {
			isa = PBXGroup;
			children = (
				B80399DB28D79A37008CE7B4 /* Define */,
				B80399EC28D79A3B008CE7B4 /* DefineTests */,
				B80399F628D79A3B008CE7B4 /* DefineUITests */,
				B80399DA28D79A37008CE7B4 /* Products */,
			);
			sourceTree = "<group>";
		};
		B80399DA28D79A37008CE7B4 /* Products */ = {
			isa = PBXGroup;
			children = (
				B80399D928D79A37008CE7B4 /* Define.app */,
				B80399E928D79A3B008CE7B4 /* DefineTests.xctest */,
				B80399F328D79A3B008CE7B4 /* DefineUITests.xctest */,
			);
			name = Products;
			sourceTree = "<group>";
		};
		B80399DB28D79A37008CE7B4 /* Define */ = {
			isa = PBXGroup;
			children = (
				B8039A0A28D7A26E008CE7B4 /* Assets */,
				B8039A0728D7A0DC008CE7B4 /* DictionaryAPI */,
				B8039A0F28D7A51F008CE7B4 /* Extensions */,
				B8039A2228D7BC1C008CE7B4 /* Models */,
				B80399E228D79A3B008CE7B4 /* Preview Content */,
				B8C894E428D895DE00975E25 /* Utilities */,
				B8C894ED28D908E900975E25 /* ViewModel */,
				B8D2A73828DEEF8B0096A020 /* Views */,
				B89F179C28E0FABE00A96E35 /* AppDelegate.swift */,
				B80399DC28D79A37008CE7B4 /* DefineApp.swift */,
				B8A1235E28E9829B00ACEC45 /* Info.plist */,
			);
			path = Define;
			sourceTree = "<group>";
		};
		B80399E228D79A3B008CE7B4 /* Preview Content */ = {
			isa = PBXGroup;
			children = (
				B80399E328D79A3B008CE7B4 /* Preview Assets.xcassets */,
			);
			path = "Preview Content";
			sourceTree = "<group>";
		};
		B80399EC28D79A3B008CE7B4 /* DefineTests */ = {
			isa = PBXGroup;
			children = (
				B80399ED28D79A3B008CE7B4 /* DefineTests.swift */,
			);
			path = DefineTests;
			sourceTree = "<group>";
		};
		B80399F628D79A3B008CE7B4 /* DefineUITests */ = {
			isa = PBXGroup;
			children = (
				B80399F728D79A3B008CE7B4 /* DefineUITests.swift */,
				B80399F928D79A3B008CE7B4 /* DefineUITestsLaunchTests.swift */,
			);
			path = DefineUITests;
			sourceTree = "<group>";
		};
		B8039A0728D7A0DC008CE7B4 /* DictionaryAPI */ = {
			isa = PBXGroup;
			children = (
				B8039A1B28D7B36C008CE7B4 /* Endpoints */,
				B8039A0D28D7A298008CE7B4 /* DictionaryAPIKey.swift */,
				B8039A0828D7A14C008CE7B4 /* URLComponents+DictionaryAPI.swift */,
			);
			path = DictionaryAPI;
			sourceTree = "<group>";
		};
		B8039A0A28D7A26E008CE7B4 /* Assets */ = {
			isa = PBXGroup;
			children = (
				B8A1231C28E9711600ACEC45 /* Lotties */,
				B8A1233028E97CAD00ACEC45 /* WorkSans */,
				B8B9B9DE28EDC6E4006FCA76 /* XCAssets */,
				B8E49C0A28DF985500F9CAC4 /* CGFloat+Values.swift */,
				B8D2A73D28DEEFE70096A020 /* Color+Values.swift */,
				B8E49C0E28DF9AA500F9CAC4 /* EdgeInsets+Values.swift */,
				B8E28DC928EA0F93009BE8A2 /* Image+Values.swift */,
				B8B563E828F00096004B80F0 /* LaunchScreen.storyboard */,
				B8A1232628E971FD00ACEC45 /* LottieFile.swift */,
				B8E49C0C28DF99EA00F9CAC4 /* String+Localizations.swift */,
				B8039A1728D7AF09008CE7B4 /* String+Values.swift */,
				B8D2A74528DF3AFE0096A020 /* TextStyle.swift */,
			);
			path = Assets;
			sourceTree = "<group>";
		};
		B8039A0F28D7A51F008CE7B4 /* Extensions */ = {
			isa = PBXGroup;
			children = (
				B89F179528E0F38200A96E35 /* Combine */,
				B8C894EB28D905EE00975E25 /* SwiftUI */,
				B888923F28EE332900DB76AB /* UIKit */,
				B8039A2B28D7BDBF008CE7B4 /* DataRequestResult+Extensions.swift */,
				B8039A2028D7B859008CE7B4 /* HTTPHeader+Extensions.swift */,
				B8039A3428D7C78D008CE7B4 /* JSONDecoder+Extensions.swift */,
				B8039A3628D7C803008CE7B4 /* JSONEncoder+Extensions.swift */,
				B8B9B9E628EDED53006FCA76 /* NilCoalescingPrecedence.swift */,
				B89F17A328E0FC9A00A96E35 /* OSLog+Extensions.swift */,
				B8039A1028D7A52A008CE7B4 /* URL+Components.swift */,
			);
			path = Extensions;
			sourceTree = "<group>";
		};
		B8039A1B28D7B36C008CE7B4 /* Endpoints */ = {
			isa = PBXGroup;
			children = (
				B8039A1C28D7B37A008CE7B4 /* EntriesAPI.swift */,
				B8039A1E28D7B722008CE7B4 /* SearchAPI.swift */,
			);
			path = Endpoints;
			sourceTree = "<group>";
		};
		B8039A2228D7BC1C008CE7B4 /* Models */ = {
			isa = PBXGroup;
			children = (
				B8039A3128D7C516008CE7B4 /* Protocol */,
				B8039A2F28D7C2FD008CE7B4 /* APIKey.swift */,
				B8C894E728D8FFB900975E25 /* Entries.swift */,
				B8039A2328D7BC29008CE7B4 /* Metadata.swift */,
				B8039A2528D7BCAB008CE7B4 /* Word.swift */,
				B8039A2928D7BD54008CE7B4 /* Words.swift */,
			);
			path = Models;
			sourceTree = "<group>";
		};
		B8039A3128D7C516008CE7B4 /* Protocol */ = {
			isa = PBXGroup;
			children = (
				B8039A2D28D7BE95008CE7B4 /* JSONModel.swift */,
			);
			path = Protocol;
			sourceTree = "<group>";
		};
		B813BFF628EB6F10000C766C /* ShapeBorder */ = {
			isa = PBXGroup;
			children = (
				B82A76C428DFAA7200DABFBE /* CapsuleBorder.swift */,
				B813BFF728EB6F30000C766C /* RoundedBorder.swift */,
				B813BFF928EB7022000C766C /* ShapeBorder.swift */,
			);
			path = ShapeBorder;
			sourceTree = "<group>";
		};
		B813BFFB28EB7ACA000C766C /* Icon */ = {
			isa = PBXGroup;
			children = (
				B813BFFE28EB7BE6000C766C /* CrossIconView.swift */,
				B813C00028EB7DB9000C766C /* Icon.swift */,
				B813C00228EB7F7D000C766C /* IconContainerView.swift */,
				B813BFFC28EB7BA1000C766C /* SearchIconView.swift */,
			);
			path = Icon;
			sourceTree = "<group>";
		};
		B82A76C328DFAA6400DABFBE /* ViewModifiers */ = {
			isa = PBXGroup;
			children = (
				B813BFF628EB6F10000C766C /* ShapeBorder */,
			);
			path = ViewModifiers;
			sourceTree = "<group>";
		};
		B879E9EA28F0C7110094AA24 /* ListItemView */ = {
			isa = PBXGroup;
			children = (
				B879E9EB28F0C71F0094AA24 /* ListItemView.swift */,
				B879E9ED28F0C7ED0094AA24 /* WordListItemView.swift */,
			);
			path = ListItemView;
			sourceTree = "<group>";
		};
		B888923F28EE332900DB76AB /* UIKit */ = {
			isa = PBXGroup;
			children = (
				B8977F2728EF7291009BAD12 /* CGSize+Extensions.swift */,
				B8977F2528EF6EFA009BAD12 /* UIImage+Extensions.swift */,
			);
			path = UIKit;
			sourceTree = "<group>";
		};
		B89F179528E0F38200A96E35 /* Combine */ = {
			isa = PBXGroup;
			children = (
				B89F179628E0F38D00A96E35 /* Publisher+Extensions.swift */,
			);
			path = Combine;
			sourceTree = "<group>";
		};
		B89F17A028E0FB8800A96E35 /* Logger */ = {
			isa = PBXGroup;
			children = (
				B89F17A128E0FB9E00A96E35 /* Loggable.swift */,
				B89F179E28E0FB7700A96E35 /* Logger.swift */,
			);
			path = Logger;
			sourceTree = "<group>";
		};
		B8A1231C28E9711600ACEC45 /* Lotties */ = {
			isa = PBXGroup;
			children = (
				B8A1231E28E9712300ACEC45 /* searchEmpty.json */,
				B8A1231D28E9712300ACEC45 /* searchNoResults.json */,
			);
			path = Lotties;
			sourceTree = "<group>";
		};
		B8A1232B28E975FE00ACEC45 /* SearchEmpty */ = {
			isa = PBXGroup;
			children = (
				B8A1232C28E9765C00ACEC45 /* SearchEmpty.swift */,
				B8A1232928E9744E00ACEC45 /* SearchEmptyView.swift */,
				B8A1232E28E978DA00ACEC45 /* SearchNoResults.swift */,
			);
			path = SearchEmpty;
			sourceTree = "<group>";
		};
		B8A1233028E97CAD00ACEC45 /* WorkSans */ = {
			isa = PBXGroup;
			children = (
				B8A1235B28E97EF900ACEC45 /* FontFiles */,
				B8A1235928E97EF300ACEC45 /* WorkSans.swift */,
			);
			path = WorkSans;
			sourceTree = "<group>";
		};
		B8A1235B28E97EF900ACEC45 /* FontFiles */ = {
			isa = PBXGroup;
			children = (
				B8A1233D28E97D1900ACEC45 /* WorkSans-Black.ttf */,
				B8A1233828E97D1900ACEC45 /* WorkSans-BlackItalic.ttf */,
				B8A1234128E97D1900ACEC45 /* WorkSans-Bold.ttf */,
				B8A1233728E97D1900ACEC45 /* WorkSans-BoldItalic.ttf */,
				B8A1233128E97D1800ACEC45 /* WorkSans-ExtraBold.ttf */,
				B8A1233B28E97D1900ACEC45 /* WorkSans-ExtraBoldItalic.ttf */,
				B8A1233528E97D1800ACEC45 /* WorkSans-ExtraLight.ttf */,
				B8A1233C28E97D1900ACEC45 /* WorkSans-ExtraLightItalic.ttf */,
				B8A1234028E97D1900ACEC45 /* WorkSans-Italic.ttf */,
				B8A1233428E97D1800ACEC45 /* WorkSans-Light.ttf */,
				B8A1233F28E97D1900ACEC45 /* WorkSans-LightItalic.ttf */,
				B8A1233328E97D1800ACEC45 /* WorkSans-Medium.ttf */,
				B8A1233E28E97D1900ACEC45 /* WorkSans-MediumItalic.ttf */,
				B8A1233228E97D1800ACEC45 /* WorkSans-Regular.ttf */,
				B8A1234228E97D1A00ACEC45 /* WorkSans-SemiBold.ttf */,
				B8A1233628E97D1900ACEC45 /* WorkSans-SemiBoldItalic.ttf */,
				B8A1233928E97D1900ACEC45 /* WorkSans-Thin.ttf */,
				B8A1233A28E97D1900ACEC45 /* WorkSans-ThinItalic.ttf */,
			);
			path = FontFiles;
			sourceTree = "<group>";
		};
		B8B9B9DB28EC668C006FCA76 /* Gradient */ = {
			isa = PBXGroup;
			children = (
				B8B9B9D928EC6210006FCA76 /* BlurView.swift */,
				B8B9B9DC28EC66AD006FCA76 /* GradientBlurView.swift */,
			);
			path = Gradient;
			sourceTree = "<group>";
		};
		B8B9B9DE28EDC6E4006FCA76 /* XCAssets */ = {
			isa = PBXGroup;
			children = (
				B8B9B9DF28EDC706006FCA76 /* Colors.xcassets */,
				B80399E028D79A3B008CE7B4 /* Images.xcassets */,
			);
			path = XCAssets;
			sourceTree = "<group>";
		};
		B8B9B9FA28EE2A45006FCA76 /* AppIcon */ = {
			isa = PBXGroup;
			children = (
				B8B9BA0028EE30BF006FCA76 /* AppIcon.swift */,
				B8B9BA0228EE30D1006FCA76 /* AppIconSize.swift */,
			);
			path = AppIcon;
			sourceTree = "<group>";
		};
		B8C894E428D895DE00975E25 /* Utilities */ = {
			isa = PBXGroup;
			children = (
				B8B9B9FA28EE2A45006FCA76 /* AppIcon */,
				B89F17A028E0FB8800A96E35 /* Logger */,
				B8E28DC728EA0C37009BE8A2 /* Debug.swift */,
				B8C894E528D895E900975E25 /* LookUp.swift */,
			);
			path = Utilities;
			sourceTree = "<group>";
		};
		B8C894EB28D905EE00975E25 /* SwiftUI */ = {
			isa = PBXGroup;
			children = (
				B8A1235C28E97FB000ACEC45 /* CustomFont.swift */,
				B8B9B9D728EC603D006FCA76 /* EdgeInsets+Extensions.swift */,
				B8C894E928D905BD00975E25 /* ForEach+Extensions.swift */,
				B8B563E628EFFEC3004B80F0 /* View+Extensions.swift */,
				B8E49C1028DFA60000F9CAC4 /* View+If.swift */,
				B89F179828E0F65100A96E35 /* View+Keyboard.swift */,
				B8977F2328EF600C009BAD12 /* View+Snapshot.swift */,
			);
			path = SwiftUI;
			sourceTree = "<group>";
		};
		B8C894ED28D908E900975E25 /* ViewModel */ = {
			isa = PBXGroup;
			children = (
				B879E9EF28F0CA910094AA24 /* SearchViewModel.swift */,
			);
			path = ViewModel;
			sourceTree = "<group>";
		};
		B8D2A73828DEEF8B0096A020 /* Views */ = {
			isa = PBXGroup;
			children = (
				B8D2A74028DF0E670096A020 /* Components */,
				B8D2A73F28DF0E620096A020 /* Screens */,
				B82A76C328DFAA6400DABFBE /* ViewModifiers */,
			);
			path = Views;
			sourceTree = "<group>";
		};
		B8D2A73F28DF0E620096A020 /* Screens */ = {
			isa = PBXGroup;
			children = (
				B8D2A73B28DEEFAE0096A020 /* EnterWordScreen.swift */,
				B8B563EA28F00391004B80F0 /* LaunchScreen.swift */,
				B89F179328E0EBF100A96E35 /* Screen.swift */,
			);
			path = Screens;
			sourceTree = "<group>";
		};
		B8D2A74028DF0E670096A020 /* Components */ = {
			isa = PBXGroup;
			children = (
				B8B9B9DB28EC668C006FCA76 /* Gradient */,
				B813BFFB28EB7ACA000C766C /* Icon */,
				B879E9EA28F0C7110094AA24 /* ListItemView */,
				B8A1232B28E975FE00ACEC45 /* SearchEmpty */,
				B8BBA16128E8EDF100222116 /* ButtonView.swift */,
				B8D2A74128DF3A250096A020 /* InputTextField.swift */,
				B8E49C0828DF917E00F9CAC4 /* LoadingView.swift */,
				B8B9B9E228EDE65F006FCA76 /* LogoView.swift */,
				B8A1232128E9714600ACEC45 /* LottieView.swift */,
				B8B9B9D528EC5C54006FCA76 /* SearchHeaderView.swift */,
				B879E9E828F0C5190094AA24 /* TagView.swift */,
			);
			path = Components;
			sourceTree = "<group>";
		};
/* End PBXGroup section */

/* Begin PBXNativeTarget section */
		B80399D828D79A37008CE7B4 /* Define */ = {
			isa = PBXNativeTarget;
			buildConfigurationList = B80399FD28D79A3B008CE7B4 /* Build configuration list for PBXNativeTarget "Define" */;
			buildPhases = (
				B8039A0628D79EF0008CE7B4 /* SwiftLint */,
				B80399D528D79A37008CE7B4 /* Sources */,
				B80399D628D79A37008CE7B4 /* Frameworks */,
				B80399D728D79A37008CE7B4 /* Resources */,
			);
			buildRules = (
			);
			dependencies = (
			);
			name = Define;
			packageProductDependencies = (
				B8039A1328D7AAF7008CE7B4 /* HTTPRequest */,
				B8A1232428E971EC00ACEC45 /* Lottie */,
			);
			productName = Define;
			productReference = B80399D928D79A37008CE7B4 /* Define.app */;
			productType = "com.apple.product-type.application";
		};
		B80399E828D79A3B008CE7B4 /* DefineTests */ = {
			isa = PBXNativeTarget;
			buildConfigurationList = B8039A0028D79A3B008CE7B4 /* Build configuration list for PBXNativeTarget "DefineTests" */;
			buildPhases = (
				B80399E528D79A3B008CE7B4 /* Sources */,
				B80399E628D79A3B008CE7B4 /* Frameworks */,
				B80399E728D79A3B008CE7B4 /* Resources */,
			);
			buildRules = (
			);
			dependencies = (
				B80399EB28D79A3B008CE7B4 /* PBXTargetDependency */,
			);
			name = DefineTests;
			productName = DefineTests;
			productReference = B80399E928D79A3B008CE7B4 /* DefineTests.xctest */;
			productType = "com.apple.product-type.bundle.unit-test";
		};
		B80399F228D79A3B008CE7B4 /* DefineUITests */ = {
			isa = PBXNativeTarget;
			buildConfigurationList = B8039A0328D79A3B008CE7B4 /* Build configuration list for PBXNativeTarget "DefineUITests" */;
			buildPhases = (
				B80399EF28D79A3B008CE7B4 /* Sources */,
				B80399F028D79A3B008CE7B4 /* Frameworks */,
				B80399F128D79A3B008CE7B4 /* Resources */,
			);
			buildRules = (
			);
			dependencies = (
				B80399F528D79A3B008CE7B4 /* PBXTargetDependency */,
			);
			name = DefineUITests;
			productName = DefineUITests;
			productReference = B80399F328D79A3B008CE7B4 /* DefineUITests.xctest */;
			productType = "com.apple.product-type.bundle.ui-testing";
		};
/* End PBXNativeTarget section */

/* Begin PBXProject section */
		B80399D128D79A36008CE7B4 /* Project object */ = {
			isa = PBXProject;
			attributes = {
				BuildIndependentTargetsInParallel = 1;
				LastSwiftUpdateCheck = 1400;
				LastUpgradeCheck = 1340;
				TargetAttributes = {
					B80399D828D79A37008CE7B4 = {
						CreatedOnToolsVersion = 13.4.1;
					};
					B80399E828D79A3B008CE7B4 = {
						CreatedOnToolsVersion = 13.4.1;
						TestTargetID = B80399D828D79A37008CE7B4;
					};
					B80399F228D79A3B008CE7B4 = {
						CreatedOnToolsVersion = 13.4.1;
						TestTargetID = B80399D828D79A37008CE7B4;
					};
				};
			};
			buildConfigurationList = B80399D428D79A36008CE7B4 /* Build configuration list for PBXProject "Define" */;
			compatibilityVersion = "Xcode 13.0";
			developmentRegion = en;
			hasScannedForEncodings = 0;
			knownRegions = (
				en,
				Base,
			);
			mainGroup = B80399D028D79A36008CE7B4;
			packageReferences = (
				B8039A1228D7AAF7008CE7B4 /* XCRemoteSwiftPackageReference "HTTPRequest" */,
				B8A1232328E971EC00ACEC45 /* XCRemoteSwiftPackageReference "lottie-ios" */,
			);
			productRefGroup = B80399DA28D79A37008CE7B4 /* Products */;
			projectDirPath = "";
			projectRoot = "";
			targets = (
				B80399D828D79A37008CE7B4 /* Define */,
				B80399E828D79A3B008CE7B4 /* DefineTests */,
				B80399F228D79A3B008CE7B4 /* DefineUITests */,
			);
		};
/* End PBXProject section */

/* Begin PBXResourcesBuildPhase section */
		B80399D728D79A37008CE7B4 /* Resources */ = {
			isa = PBXResourcesBuildPhase;
			buildActionMask = 2147483647;
			files = (
				B8B9B9E028EDC706006FCA76 /* Colors.xcassets in Resources */,
				B8B9B9E128EDC9FC006FCA76 /* Images.xcassets in Resources */,
				B8B563E928F00096004B80F0 /* LaunchScreen.storyboard in Resources */,
				B80399E428D79A3B008CE7B4 /* Preview Assets.xcassets in Resources */,
				B8A1232028E9712300ACEC45 /* searchEmpty.json in Resources */,
				B8A1231F28E9712300ACEC45 /* searchNoResults.json in Resources */,
				B8A1234F28E97D1A00ACEC45 /* WorkSans-Black.ttf in Resources */,
				B8A1234A28E97D1A00ACEC45 /* WorkSans-BlackItalic.ttf in Resources */,
				B8A1235328E97D1A00ACEC45 /* WorkSans-Bold.ttf in Resources */,
				B8A1234928E97D1A00ACEC45 /* WorkSans-BoldItalic.ttf in Resources */,
				B8A1234328E97D1A00ACEC45 /* WorkSans-ExtraBold.ttf in Resources */,
				B8A1234D28E97D1A00ACEC45 /* WorkSans-ExtraBoldItalic.ttf in Resources */,
				B8A1234728E97D1A00ACEC45 /* WorkSans-ExtraLight.ttf in Resources */,
				B8A1234E28E97D1A00ACEC45 /* WorkSans-ExtraLightItalic.ttf in Resources */,
				B8A1235228E97D1A00ACEC45 /* WorkSans-Italic.ttf in Resources */,
				B8A1234628E97D1A00ACEC45 /* WorkSans-Light.ttf in Resources */,
				B8A1235128E97D1A00ACEC45 /* WorkSans-LightItalic.ttf in Resources */,
				B8A1234528E97D1A00ACEC45 /* WorkSans-Medium.ttf in Resources */,
				B8A1235028E97D1A00ACEC45 /* WorkSans-MediumItalic.ttf in Resources */,
				B8A1234428E97D1A00ACEC45 /* WorkSans-Regular.ttf in Resources */,
				B8A1235428E97D1A00ACEC45 /* WorkSans-SemiBold.ttf in Resources */,
				B8A1234828E97D1A00ACEC45 /* WorkSans-SemiBoldItalic.ttf in Resources */,
				B8A1234B28E97D1A00ACEC45 /* WorkSans-Thin.ttf in Resources */,
				B8A1234C28E97D1A00ACEC45 /* WorkSans-ThinItalic.ttf in Resources */,
			);
			runOnlyForDeploymentPostprocessing = 0;
		};
		B80399E728D79A3B008CE7B4 /* Resources */ = {
			isa = PBXResourcesBuildPhase;
			buildActionMask = 2147483647;
			files = (
			);
			runOnlyForDeploymentPostprocessing = 0;
		};
		B80399F128D79A3B008CE7B4 /* Resources */ = {
			isa = PBXResourcesBuildPhase;
			buildActionMask = 2147483647;
			files = (
			);
			runOnlyForDeploymentPostprocessing = 0;
		};
/* End PBXResourcesBuildPhase section */

/* Begin PBXShellScriptBuildPhase section */
		B8039A0628D79EF0008CE7B4 /* SwiftLint */ = {
			isa = PBXShellScriptBuildPhase;
			alwaysOutOfDate = 1;
			buildActionMask = 2147483647;
			files = (
			);
			inputFileListPaths = (
			);
			inputPaths = (
			);
			name = SwiftLint;
			outputFileListPaths = (
			);
			outputPaths = (
			);
			runOnlyForDeploymentPostprocessing = 0;
			shellPath = /bin/sh;
			shellScript = "export PATH=\"$PATH:/opt/homebrew/bin\"\nif which swiftlint > /dev/null; then\n  swiftlint\nelse\n  echo \"warning: SwiftLint not installed, download from https://github.com/realm/SwiftLint\"\nfi\n";
		};
/* End PBXShellScriptBuildPhase section */

/* Begin PBXSourcesBuildPhase section */
		B80399D528D79A37008CE7B4 /* Sources */ = {
			isa = PBXSourcesBuildPhase;
			buildActionMask = 2147483647;
			files = (
				B8039A3028D7C2FD008CE7B4 /* APIKey.swift in Sources */,
				B89F179D28E0FABE00A96E35 /* AppDelegate.swift in Sources */,
				B8B9BA0128EE30BF006FCA76 /* AppIcon.swift in Sources */,
				B8B9BA0328EE30D1006FCA76 /* AppIconSize.swift in Sources */,
				B8B9B9DA28EC6210006FCA76 /* BlurView.swift in Sources */,
				B8BBA16228E8EDF100222116 /* ButtonView.swift in Sources */,
				B82A76C528DFAA7200DABFBE /* CapsuleBorder.swift in Sources */,
				B8E49C0B28DF985500F9CAC4 /* CGFloat+Values.swift in Sources */,
				B8977F2828EF7292009BAD12 /* CGSize+Extensions.swift in Sources */,
				B8D2A73E28DEEFE70096A020 /* Color+Values.swift in Sources */,
				B813BFFF28EB7BE6000C766C /* CrossIconView.swift in Sources */,
				B8A1235D28E97FB000ACEC45 /* CustomFont.swift in Sources */,
				B8039A2C28D7BDBF008CE7B4 /* DataRequestResult+Extensions.swift in Sources */,
				B8E28DC828EA0C37009BE8A2 /* Debug.swift in Sources */,
				B80399DD28D79A37008CE7B4 /* DefineApp.swift in Sources */,
				B8039A0E28D7A298008CE7B4 /* DictionaryAPIKey.swift in Sources */,
				B8B9B9D828EC603D006FCA76 /* EdgeInsets+Extensions.swift in Sources */,
				B8E49C0F28DF9AA500F9CAC4 /* EdgeInsets+Values.swift in Sources */,
				B8D2A73C28DEEFAE0096A020 /* EnterWordScreen.swift in Sources */,
				B8C894E828D8FFB900975E25 /* Entries.swift in Sources */,
				B8039A1D28D7B37A008CE7B4 /* EntriesAPI.swift in Sources */,
				B8C894EA28D905BD00975E25 /* ForEach+Extensions.swift in Sources */,
				B8B9B9DD28EC66AD006FCA76 /* GradientBlurView.swift in Sources */,
				B8039A2128D7B859008CE7B4 /* HTTPHeader+Extensions.swift in Sources */,
				B813C00128EB7DB9000C766C /* Icon.swift in Sources */,
				B813C00328EB7F7D000C766C /* IconContainerView.swift in Sources */,
				B8E28DCA28EA0F93009BE8A2 /* Image+Values.swift in Sources */,
				B8D2A74228DF3A250096A020 /* InputTextField.swift in Sources */,
				B8039A3528D7C78D008CE7B4 /* JSONDecoder+Extensions.swift in Sources */,
				B8039A3728D7C803008CE7B4 /* JSONEncoder+Extensions.swift in Sources */,
				B8039A2E28D7BE95008CE7B4 /* JSONModel.swift in Sources */,
				B8B563EB28F00391004B80F0 /* LaunchScreen.swift in Sources */,
				B879E9EC28F0C7200094AA24 /* ListItemView.swift in Sources */,
				B8E49C0928DF917E00F9CAC4 /* LoadingView.swift in Sources */,
				B89F17A228E0FB9E00A96E35 /* Loggable.swift in Sources */,
				B89F179F28E0FB7700A96E35 /* Logger.swift in Sources */,
				B8B9B9E328EDE65F006FCA76 /* LogoView.swift in Sources */,
				B8C894E628D895E900975E25 /* LookUp.swift in Sources */,
				B8A1232728E971FD00ACEC45 /* LottieFile.swift in Sources */,
				B8A1232228E9714600ACEC45 /* LottieView.swift in Sources */,
				B8039A2428D7BC29008CE7B4 /* Metadata.swift in Sources */,
				B8B9B9E728EDED53006FCA76 /* NilCoalescingPrecedence.swift in Sources */,
				B89F17A428E0FC9A00A96E35 /* OSLog+Extensions.swift in Sources */,
				B89F179728E0F38D00A96E35 /* Publisher+Extensions.swift in Sources */,
				B813BFF828EB6F30000C766C /* RoundedBorder.swift in Sources */,
				B89F179428E0EBF100A96E35 /* Screen.swift in Sources */,
				B8039A1F28D7B722008CE7B4 /* SearchAPI.swift in Sources */,
				B8A1232D28E9765C00ACEC45 /* SearchEmpty.swift in Sources */,
				B8A1232A28E9744E00ACEC45 /* SearchEmptyView.swift in Sources */,
				B8B9B9D628EC5C54006FCA76 /* SearchHeaderView.swift in Sources */,
				B813BFFD28EB7BA1000C766C /* SearchIconView.swift in Sources */,
				B8A1232F28E978DA00ACEC45 /* SearchNoResults.swift in Sources */,
				B879E9F028F0CA910094AA24 /* SearchViewModel.swift in Sources */,
				B813BFFA28EB7022000C766C /* ShapeBorder.swift in Sources */,
				B8E49C0D28DF99EA00F9CAC4 /* String+Localizations.swift in Sources */,
				B8039A1828D7AF09008CE7B4 /* String+Values.swift in Sources */,
				B879E9E928F0C5190094AA24 /* TagView.swift in Sources */,
				B8D2A74628DF3AFE0096A020 /* TextStyle.swift in Sources */,
				B8977F2628EF6EFA009BAD12 /* UIImage+Extensions.swift in Sources */,
				B8039A1128D7A52A008CE7B4 /* URL+Components.swift in Sources */,
				B8039A0928D7A14C008CE7B4 /* URLComponents+DictionaryAPI.swift in Sources */,
				B8B563E728EFFEC3004B80F0 /* View+Extensions.swift in Sources */,
				B8E49C1128DFA60000F9CAC4 /* View+If.swift in Sources */,
				B89F179928E0F65100A96E35 /* View+Keyboard.swift in Sources */,
				B8977F2428EF600C009BAD12 /* View+Snapshot.swift in Sources */,
				B8039A2628D7BCAB008CE7B4 /* Word.swift in Sources */,
				B879E9EE28F0C7ED0094AA24 /* WordListItemView.swift in Sources */,
				B8039A2A28D7BD54008CE7B4 /* Words.swift in Sources */,
				B8A1235A28E97EF300ACEC45 /* WorkSans.swift in Sources */,
			);
			runOnlyForDeploymentPostprocessing = 0;
		};
		B80399E528D79A3B008CE7B4 /* Sources */ = {
			isa = PBXSourcesBuildPhase;
			buildActionMask = 2147483647;
			files = (
				B80399EE28D79A3B008CE7B4 /* DefineTests.swift in Sources */,
			);
			runOnlyForDeploymentPostprocessing = 0;
		};
		B80399EF28D79A3B008CE7B4 /* Sources */ = {
			isa = PBXSourcesBuildPhase;
			buildActionMask = 2147483647;
			files = (
				B80399F828D79A3B008CE7B4 /* DefineUITests.swift in Sources */,
				B80399FA28D79A3B008CE7B4 /* DefineUITestsLaunchTests.swift in Sources */,
			);
			runOnlyForDeploymentPostprocessing = 0;
		};
/* End PBXSourcesBuildPhase section */

/* Begin PBXTargetDependency section */
		B80399EB28D79A3B008CE7B4 /* PBXTargetDependency */ = {
			isa = PBXTargetDependency;
			target = B80399D828D79A37008CE7B4 /* Define */;
			targetProxy = B80399EA28D79A3B008CE7B4 /* PBXContainerItemProxy */;
		};
		B80399F528D79A3B008CE7B4 /* PBXTargetDependency */ = {
			isa = PBXTargetDependency;
			target = B80399D828D79A37008CE7B4 /* Define */;
			targetProxy = B80399F428D79A3B008CE7B4 /* PBXContainerItemProxy */;
		};
/* End PBXTargetDependency section */

/* Begin XCBuildConfiguration section */
		B80399FB28D79A3B008CE7B4 /* Debug */ = {
			isa = XCBuildConfiguration;
			buildSettings = {
				ALWAYS_SEARCH_USER_PATHS = NO;
				CLANG_ANALYZER_NONNULL = YES;
				CLANG_ANALYZER_NUMBER_OBJECT_CONVERSION = YES_AGGRESSIVE;
				CLANG_CXX_LANGUAGE_STANDARD = "gnu++17";
				CLANG_ENABLE_MODULES = YES;
				CLANG_ENABLE_OBJC_ARC = YES;
				CLANG_ENABLE_OBJC_WEAK = YES;
				CLANG_WARN_BLOCK_CAPTURE_AUTORELEASING = YES;
				CLANG_WARN_BOOL_CONVERSION = YES;
				CLANG_WARN_COMMA = YES;
				CLANG_WARN_CONSTANT_CONVERSION = YES;
				CLANG_WARN_DEPRECATED_OBJC_IMPLEMENTATIONS = YES;
				CLANG_WARN_DIRECT_OBJC_ISA_USAGE = YES_ERROR;
				CLANG_WARN_DOCUMENTATION_COMMENTS = YES;
				CLANG_WARN_EMPTY_BODY = YES;
				CLANG_WARN_ENUM_CONVERSION = YES;
				CLANG_WARN_INFINITE_RECURSION = YES;
				CLANG_WARN_INT_CONVERSION = YES;
				CLANG_WARN_NON_LITERAL_NULL_CONVERSION = YES;
				CLANG_WARN_OBJC_IMPLICIT_RETAIN_SELF = YES;
				CLANG_WARN_OBJC_LITERAL_CONVERSION = YES;
				CLANG_WARN_OBJC_ROOT_CLASS = YES_ERROR;
				CLANG_WARN_QUOTED_INCLUDE_IN_FRAMEWORK_HEADER = YES;
				CLANG_WARN_RANGE_LOOP_ANALYSIS = YES;
				CLANG_WARN_STRICT_PROTOTYPES = YES;
				CLANG_WARN_SUSPICIOUS_MOVE = YES;
				CLANG_WARN_UNGUARDED_AVAILABILITY = YES_AGGRESSIVE;
				CLANG_WARN_UNREACHABLE_CODE = YES;
				CLANG_WARN__DUPLICATE_METHOD_MATCH = YES;
				COPY_PHASE_STRIP = NO;
				DEBUG_INFORMATION_FORMAT = dwarf;
				ENABLE_STRICT_OBJC_MSGSEND = YES;
				ENABLE_TESTABILITY = YES;
				GCC_C_LANGUAGE_STANDARD = gnu11;
				GCC_DYNAMIC_NO_PIC = NO;
				GCC_NO_COMMON_BLOCKS = YES;
				GCC_OPTIMIZATION_LEVEL = 0;
				GCC_PREPROCESSOR_DEFINITIONS = (
					"DEBUG=1",
					"$(inherited)",
				);
				GCC_WARN_64_TO_32_BIT_CONVERSION = YES;
				GCC_WARN_ABOUT_RETURN_TYPE = YES_ERROR;
				GCC_WARN_UNDECLARED_SELECTOR = YES;
				GCC_WARN_UNINITIALIZED_AUTOS = YES_AGGRESSIVE;
				GCC_WARN_UNUSED_FUNCTION = YES;
				GCC_WARN_UNUSED_VARIABLE = YES;
				IPHONEOS_DEPLOYMENT_TARGET = 15.5;
				MTL_ENABLE_DEBUG_INFO = INCLUDE_SOURCE;
				MTL_FAST_MATH = YES;
				ONLY_ACTIVE_ARCH = YES;
				SDKROOT = iphoneos;
				SWIFT_ACTIVE_COMPILATION_CONDITIONS = DEBUG;
				SWIFT_OPTIMIZATION_LEVEL = "-Onone";
			};
			name = Debug;
		};
		B80399FC28D79A3B008CE7B4 /* Release */ = {
			isa = XCBuildConfiguration;
			buildSettings = {
				ALWAYS_SEARCH_USER_PATHS = NO;
				CLANG_ANALYZER_NONNULL = YES;
				CLANG_ANALYZER_NUMBER_OBJECT_CONVERSION = YES_AGGRESSIVE;
				CLANG_CXX_LANGUAGE_STANDARD = "gnu++17";
				CLANG_ENABLE_MODULES = YES;
				CLANG_ENABLE_OBJC_ARC = YES;
				CLANG_ENABLE_OBJC_WEAK = YES;
				CLANG_WARN_BLOCK_CAPTURE_AUTORELEASING = YES;
				CLANG_WARN_BOOL_CONVERSION = YES;
				CLANG_WARN_COMMA = YES;
				CLANG_WARN_CONSTANT_CONVERSION = YES;
				CLANG_WARN_DEPRECATED_OBJC_IMPLEMENTATIONS = YES;
				CLANG_WARN_DIRECT_OBJC_ISA_USAGE = YES_ERROR;
				CLANG_WARN_DOCUMENTATION_COMMENTS = YES;
				CLANG_WARN_EMPTY_BODY = YES;
				CLANG_WARN_ENUM_CONVERSION = YES;
				CLANG_WARN_INFINITE_RECURSION = YES;
				CLANG_WARN_INT_CONVERSION = YES;
				CLANG_WARN_NON_LITERAL_NULL_CONVERSION = YES;
				CLANG_WARN_OBJC_IMPLICIT_RETAIN_SELF = YES;
				CLANG_WARN_OBJC_LITERAL_CONVERSION = YES;
				CLANG_WARN_OBJC_ROOT_CLASS = YES_ERROR;
				CLANG_WARN_QUOTED_INCLUDE_IN_FRAMEWORK_HEADER = YES;
				CLANG_WARN_RANGE_LOOP_ANALYSIS = YES;
				CLANG_WARN_STRICT_PROTOTYPES = YES;
				CLANG_WARN_SUSPICIOUS_MOVE = YES;
				CLANG_WARN_UNGUARDED_AVAILABILITY = YES_AGGRESSIVE;
				CLANG_WARN_UNREACHABLE_CODE = YES;
				CLANG_WARN__DUPLICATE_METHOD_MATCH = YES;
				COPY_PHASE_STRIP = NO;
				DEBUG_INFORMATION_FORMAT = "dwarf-with-dsym";
				ENABLE_NS_ASSERTIONS = NO;
				ENABLE_STRICT_OBJC_MSGSEND = YES;
				GCC_C_LANGUAGE_STANDARD = gnu11;
				GCC_NO_COMMON_BLOCKS = YES;
				GCC_WARN_64_TO_32_BIT_CONVERSION = YES;
				GCC_WARN_ABOUT_RETURN_TYPE = YES_ERROR;
				GCC_WARN_UNDECLARED_SELECTOR = YES;
				GCC_WARN_UNINITIALIZED_AUTOS = YES_AGGRESSIVE;
				GCC_WARN_UNUSED_FUNCTION = YES;
				GCC_WARN_UNUSED_VARIABLE = YES;
				IPHONEOS_DEPLOYMENT_TARGET = 15.5;
				MTL_ENABLE_DEBUG_INFO = NO;
				MTL_FAST_MATH = YES;
				SDKROOT = iphoneos;
				SWIFT_COMPILATION_MODE = wholemodule;
				SWIFT_OPTIMIZATION_LEVEL = "-O";
				VALIDATE_PRODUCT = YES;
			};
			name = Release;
		};
		B80399FE28D79A3B008CE7B4 /* Debug */ = {
			isa = XCBuildConfiguration;
			buildSettings = {
				ASSETCATALOG_COMPILER_APPICON_NAME = AppIcon;
				ASSETCATALOG_COMPILER_GLOBAL_ACCENT_COLOR_NAME = AccentColor;
				CODE_SIGN_STYLE = Automatic;
				CURRENT_PROJECT_VERSION = 1;
				DEVELOPMENT_ASSET_PATHS = "\"Define/Preview Content\"";
				ENABLE_PREVIEWS = YES;
				GENERATE_INFOPLIST_FILE = YES;
				INFOPLIST_FILE = Define/Info.plist;
				INFOPLIST_KEY_LSApplicationCategoryType = "public.app-category.education";
				INFOPLIST_KEY_UIApplicationSceneManifest_Generation = YES;
				INFOPLIST_KEY_UIApplicationSupportsIndirectInputEvents = YES;
				INFOPLIST_KEY_UILaunchScreen_Generation = YES;
				INFOPLIST_KEY_UILaunchStoryboardName = LaunchScreen.storyboard;
				INFOPLIST_KEY_UISupportedInterfaceOrientations = UIInterfaceOrientationPortrait;
				INFOPLIST_KEY_UISupportedInterfaceOrientations_iPad = "UIInterfaceOrientationLandscapeLeft UIInterfaceOrientationLandscapeRight UIInterfaceOrientationPortrait UIInterfaceOrientationPortraitUpsideDown";
				IPHONEOS_DEPLOYMENT_TARGET = 15.5;
				LD_RUNPATH_SEARCH_PATHS = (
					"$(inherited)",
					"@executable_path/Frameworks",
				);
				MARKETING_VERSION = 1.0.0;
				PRODUCT_BUNDLE_IDENTIFIER = com.benshutt.Define;
				PRODUCT_NAME = "$(TARGET_NAME)";
				SWIFT_EMIT_LOC_STRINGS = YES;
				SWIFT_VERSION = 5.0;
				TARGETED_DEVICE_FAMILY = 1;
			};
			name = Debug;
		};
		B80399FF28D79A3B008CE7B4 /* Release */ = {
			isa = XCBuildConfiguration;
			buildSettings = {
				ASSETCATALOG_COMPILER_APPICON_NAME = AppIcon;
				ASSETCATALOG_COMPILER_GLOBAL_ACCENT_COLOR_NAME = AccentColor;
				CODE_SIGN_STYLE = Automatic;
				CURRENT_PROJECT_VERSION = 1;
				DEVELOPMENT_ASSET_PATHS = "\"Define/Preview Content\"";
				ENABLE_PREVIEWS = YES;
				GENERATE_INFOPLIST_FILE = YES;
				INFOPLIST_FILE = Define/Info.plist;
				INFOPLIST_KEY_LSApplicationCategoryType = "public.app-category.education";
				INFOPLIST_KEY_UIApplicationSceneManifest_Generation = YES;
				INFOPLIST_KEY_UIApplicationSupportsIndirectInputEvents = YES;
				INFOPLIST_KEY_UILaunchScreen_Generation = YES;
				INFOPLIST_KEY_UILaunchStoryboardName = LaunchScreen.storyboard;
				INFOPLIST_KEY_UISupportedInterfaceOrientations = UIInterfaceOrientationPortrait;
				INFOPLIST_KEY_UISupportedInterfaceOrientations_iPad = "UIInterfaceOrientationLandscapeLeft UIInterfaceOrientationLandscapeRight UIInterfaceOrientationPortrait UIInterfaceOrientationPortraitUpsideDown";
				IPHONEOS_DEPLOYMENT_TARGET = 15.5;
				LD_RUNPATH_SEARCH_PATHS = (
					"$(inherited)",
					"@executable_path/Frameworks",
				);
				MARKETING_VERSION = 1.0.0;
				PRODUCT_BUNDLE_IDENTIFIER = com.benshutt.Define;
				PRODUCT_NAME = "$(TARGET_NAME)";
				SWIFT_EMIT_LOC_STRINGS = YES;
				SWIFT_VERSION = 5.0;
				TARGETED_DEVICE_FAMILY = 1;
			};
			name = Release;
		};
		B8039A0128D79A3B008CE7B4 /* Debug */ = {
			isa = XCBuildConfiguration;
			buildSettings = {
				ALWAYS_EMBED_SWIFT_STANDARD_LIBRARIES = YES;
				BUNDLE_LOADER = "$(TEST_HOST)";
				CODE_SIGN_STYLE = Automatic;
				CURRENT_PROJECT_VERSION = 1;
				GENERATE_INFOPLIST_FILE = YES;
				IPHONEOS_DEPLOYMENT_TARGET = 15.5;
				MARKETING_VERSION = 1.0;
				PRODUCT_BUNDLE_IDENTIFIER = com.benshutt.DefineTests;
				PRODUCT_NAME = "$(TARGET_NAME)";
				SWIFT_EMIT_LOC_STRINGS = NO;
				SWIFT_VERSION = 5.0;
				TARGETED_DEVICE_FAMILY = "1,2";
				TEST_HOST = "$(BUILT_PRODUCTS_DIR)/Define.app/Define";
			};
			name = Debug;
		};
		B8039A0228D79A3B008CE7B4 /* Release */ = {
			isa = XCBuildConfiguration;
			buildSettings = {
				ALWAYS_EMBED_SWIFT_STANDARD_LIBRARIES = YES;
				BUNDLE_LOADER = "$(TEST_HOST)";
				CODE_SIGN_STYLE = Automatic;
				CURRENT_PROJECT_VERSION = 1;
				GENERATE_INFOPLIST_FILE = YES;
				IPHONEOS_DEPLOYMENT_TARGET = 15.5;
				MARKETING_VERSION = 1.0;
				PRODUCT_BUNDLE_IDENTIFIER = com.benshutt.DefineTests;
				PRODUCT_NAME = "$(TARGET_NAME)";
				SWIFT_EMIT_LOC_STRINGS = NO;
				SWIFT_VERSION = 5.0;
				TARGETED_DEVICE_FAMILY = "1,2";
				TEST_HOST = "$(BUILT_PRODUCTS_DIR)/Define.app/Define";
			};
			name = Release;
		};
		B8039A0428D79A3B008CE7B4 /* Debug */ = {
			isa = XCBuildConfiguration;
			buildSettings = {
				ALWAYS_EMBED_SWIFT_STANDARD_LIBRARIES = YES;
				CODE_SIGN_STYLE = Automatic;
				CURRENT_PROJECT_VERSION = 1;
				GENERATE_INFOPLIST_FILE = YES;
				IPHONEOS_DEPLOYMENT_TARGET = 15.5;
				MARKETING_VERSION = 1.0;
				PRODUCT_BUNDLE_IDENTIFIER = com.benshutt.DefineUITests;
				PRODUCT_NAME = "$(TARGET_NAME)";
				SWIFT_EMIT_LOC_STRINGS = NO;
				SWIFT_VERSION = 5.0;
				TARGETED_DEVICE_FAMILY = "1,2";
				TEST_TARGET_NAME = Define;
			};
			name = Debug;
		};
		B8039A0528D79A3B008CE7B4 /* Release */ = {
			isa = XCBuildConfiguration;
			buildSettings = {
				ALWAYS_EMBED_SWIFT_STANDARD_LIBRARIES = YES;
				CODE_SIGN_STYLE = Automatic;
				CURRENT_PROJECT_VERSION = 1;
				GENERATE_INFOPLIST_FILE = YES;
				IPHONEOS_DEPLOYMENT_TARGET = 15.5;
				MARKETING_VERSION = 1.0;
				PRODUCT_BUNDLE_IDENTIFIER = com.benshutt.DefineUITests;
				PRODUCT_NAME = "$(TARGET_NAME)";
				SWIFT_EMIT_LOC_STRINGS = NO;
				SWIFT_VERSION = 5.0;
				TARGETED_DEVICE_FAMILY = "1,2";
				TEST_TARGET_NAME = Define;
			};
			name = Release;
		};
/* End XCBuildConfiguration section */

/* Begin XCConfigurationList section */
		B80399D428D79A36008CE7B4 /* Build configuration list for PBXProject "Define" */ = {
			isa = XCConfigurationList;
			buildConfigurations = (
				B80399FB28D79A3B008CE7B4 /* Debug */,
				B80399FC28D79A3B008CE7B4 /* Release */,
			);
			defaultConfigurationIsVisible = 0;
			defaultConfigurationName = Release;
		};
		B80399FD28D79A3B008CE7B4 /* Build configuration list for PBXNativeTarget "Define" */ = {
			isa = XCConfigurationList;
			buildConfigurations = (
				B80399FE28D79A3B008CE7B4 /* Debug */,
				B80399FF28D79A3B008CE7B4 /* Release */,
			);
			defaultConfigurationIsVisible = 0;
			defaultConfigurationName = Release;
		};
		B8039A0028D79A3B008CE7B4 /* Build configuration list for PBXNativeTarget "DefineTests" */ = {
			isa = XCConfigurationList;
			buildConfigurations = (
				B8039A0128D79A3B008CE7B4 /* Debug */,
				B8039A0228D79A3B008CE7B4 /* Release */,
			);
			defaultConfigurationIsVisible = 0;
			defaultConfigurationName = Release;
		};
		B8039A0328D79A3B008CE7B4 /* Build configuration list for PBXNativeTarget "DefineUITests" */ = {
			isa = XCConfigurationList;
			buildConfigurations = (
				B8039A0428D79A3B008CE7B4 /* Debug */,
				B8039A0528D79A3B008CE7B4 /* Release */,
			);
			defaultConfigurationIsVisible = 0;
			defaultConfigurationName = Release;
		};
/* End XCConfigurationList section */

/* Begin XCRemoteSwiftPackageReference section */
		B8039A1228D7AAF7008CE7B4 /* XCRemoteSwiftPackageReference "HTTPRequest" */ = {
			isa = XCRemoteSwiftPackageReference;
			repositoryURL = "https://github.com/3sidedcube/HTTPRequest.git";
			requirement = {
				branch = release/v1.0.0;
				kind = branch;
			};
		};
		B8A1232328E971EC00ACEC45 /* XCRemoteSwiftPackageReference "lottie-ios" */ = {
			isa = XCRemoteSwiftPackageReference;
			repositoryURL = "https://github.com/airbnb/lottie-ios";
			requirement = {
				kind = upToNextMajorVersion;
				minimumVersion = 3.0.0;
			};
		};
/* End XCRemoteSwiftPackageReference section */

/* Begin XCSwiftPackageProductDependency section */
		B8039A1328D7AAF7008CE7B4 /* HTTPRequest */ = {
			isa = XCSwiftPackageProductDependency;
			package = B8039A1228D7AAF7008CE7B4 /* XCRemoteSwiftPackageReference "HTTPRequest" */;
			productName = HTTPRequest;
		};
		B8A1232428E971EC00ACEC45 /* Lottie */ = {
			isa = XCSwiftPackageProductDependency;
			package = B8A1232328E971EC00ACEC45 /* XCRemoteSwiftPackageReference "lottie-ios" */;
			productName = Lottie;
		};
/* End XCSwiftPackageProductDependency section */
	};
	rootObject = B80399D128D79A36008CE7B4 /* Project object */;
}
