// !$*UTF8*$!
{
	archiveVersion = 1;
	classes = {
	};
	objectVersion = 55;
	objects = {

/* Begin PBXBuildFile section */
		B801A3DB2986D41400FAD316 /* WordCategoryView.swift in Sources */ = {isa = PBXBuildFile; fileRef = B801A3DA2986D41400FAD316 /* WordCategoryView.swift */; };
		B80399DD28D79A37008CE7B4 /* DefineApp.swift in Sources */ = {isa = PBXBuildFile; fileRef = B80399DC28D79A37008CE7B4 /* DefineApp.swift */; };
		B80399E428D79A3B008CE7B4 /* Preview Assets.xcassets in Resources */ = {isa = PBXBuildFile; fileRef = B80399E328D79A3B008CE7B4 /* Preview Assets.xcassets */; };
		B80399EE28D79A3B008CE7B4 /* DefineTests.swift in Sources */ = {isa = PBXBuildFile; fileRef = B80399ED28D79A3B008CE7B4 /* DefineTests.swift */; };
		B80399F828D79A3B008CE7B4 /* DefineUITests.swift in Sources */ = {isa = PBXBuildFile; fileRef = B80399F728D79A3B008CE7B4 /* DefineUITests.swift */; };
		B80399FA28D79A3B008CE7B4 /* DefineUITestsLaunchTests.swift in Sources */ = {isa = PBXBuildFile; fileRef = B80399F928D79A3B008CE7B4 /* DefineUITestsLaunchTests.swift */; };
		B813BFF828EB6F30000C766C /* RoundedBorder.swift in Sources */ = {isa = PBXBuildFile; fileRef = B813BFF728EB6F30000C766C /* RoundedBorder.swift */; };
		B813BFFA28EB7022000C766C /* ShapeBorder.swift in Sources */ = {isa = PBXBuildFile; fileRef = B813BFF928EB7022000C766C /* ShapeBorder.swift */; };
		B813BFFD28EB7BA1000C766C /* SearchIconView.swift in Sources */ = {isa = PBXBuildFile; fileRef = B813BFFC28EB7BA1000C766C /* SearchIconView.swift */; };
		B813BFFF28EB7BE6000C766C /* CrossIconView.swift in Sources */ = {isa = PBXBuildFile; fileRef = B813BFFE28EB7BE6000C766C /* CrossIconView.swift */; };
		B813C00128EB7DB9000C766C /* IconView.swift in Sources */ = {isa = PBXBuildFile; fileRef = B813C00028EB7DB9000C766C /* IconView.swift */; };
		B813C00328EB7F7D000C766C /* IconContainerView.swift in Sources */ = {isa = PBXBuildFile; fileRef = B813C00228EB7F7D000C766C /* IconContainerView.swift */; };
		B82A76C528DFAA7200DABFBE /* CapsuleBorder.swift in Sources */ = {isa = PBXBuildFile; fileRef = B82A76C428DFAA7200DABFBE /* CapsuleBorder.swift */; };
		B84AD60A28FAFC9E00C2D5AE /* WordScreen.swift in Sources */ = {isa = PBXBuildFile; fileRef = B84AD60928FAFC9E00C2D5AE /* WordScreen.swift */; };
		B84AD60C28FB01AF00C2D5AE /* ContentView.swift in Sources */ = {isa = PBXBuildFile; fileRef = B84AD60B28FB01AF00C2D5AE /* ContentView.swift */; };
		B86471AA28FB59F000716912 /* ListView.swift in Sources */ = {isa = PBXBuildFile; fileRef = B86471A928FB59F000716912 /* ListView.swift */; };
		B879E9E928F0C5190094AA24 /* TagView.swift in Sources */ = {isa = PBXBuildFile; fileRef = B879E9E828F0C5190094AA24 /* TagView.swift */; };
		B879E9EE28F0C7ED0094AA24 /* WordListItemView.swift in Sources */ = {isa = PBXBuildFile; fileRef = B879E9ED28F0C7ED0094AA24 /* WordListItemView.swift */; };
		B879E9F028F0CA910094AA24 /* SearchViewModel.swift in Sources */ = {isa = PBXBuildFile; fileRef = B879E9EF28F0CA910094AA24 /* SearchViewModel.swift */; };
		B88491A22961FFB5009F6469 /* DefinitionView.swift in Sources */ = {isa = PBXBuildFile; fileRef = B88491A12961FFB5009F6469 /* DefinitionView.swift */; };
		B88491A629620353009F6469 /* IndexElement.swift in Sources */ = {isa = PBXBuildFile; fileRef = B88491A529620353009F6469 /* IndexElement.swift */; };
		B88491A829620B1A009F6469 /* VSpacer.swift in Sources */ = {isa = PBXBuildFile; fileRef = B88491A729620B1A009F6469 /* VSpacer.swift */; };
		B889DEBE2957ACF50020E9C9 /* Array+RawRepresentable.swift in Sources */ = {isa = PBXBuildFile; fileRef = B889DEBD2957ACF50020E9C9 /* Array+RawRepresentable.swift */; };
		B889DEC12957AEF60020E9C9 /* WordsViewModel.swift in Sources */ = {isa = PBXBuildFile; fileRef = B889DEC02957AEF60020E9C9 /* WordsViewModel.swift */; };
		B891F8E22950FB6600A53582 /* ChevronView.swift in Sources */ = {isa = PBXBuildFile; fileRef = B891F8E12950FB6600A53582 /* ChevronView.swift */; };
		B891F8E42950FC4300A53582 /* Chevron.swift in Sources */ = {isa = PBXBuildFile; fileRef = B891F8E32950FC4300A53582 /* Chevron.swift */; };
		B891F8E629530E6500A53582 /* CGRectTests.swift in Sources */ = {isa = PBXBuildFile; fileRef = B891F8E529530E6500A53582 /* CGRectTests.swift */; };
		B894FA1C28FC69FA00BC0BFA /* Word+Preview.swift in Sources */ = {isa = PBXBuildFile; fileRef = B894FA1B28FC69FA00BC0BFA /* Word+Preview.swift */; };
		B894FA2128FC8A4B00BC0BFA /* StickyBottom.swift in Sources */ = {isa = PBXBuildFile; fileRef = B894FA2028FC8A4B00BC0BFA /* StickyBottom.swift */; };
		B894FA2428FC8D7A00BC0BFA /* StickyButton.swift in Sources */ = {isa = PBXBuildFile; fileRef = B894FA2328FC8D7A00BC0BFA /* StickyButton.swift */; };
		B895887429578BFB0041A315 /* DefinitionsScreen.swift in Sources */ = {isa = PBXBuildFile; fileRef = B895887329578BFB0041A315 /* DefinitionsScreen.swift */; };
		B8958876295790E30041A315 /* NavigationViewModel.swift in Sources */ = {isa = PBXBuildFile; fileRef = B8958875295790E30041A315 /* NavigationViewModel.swift */; };
		B89F179428E0EBF100A96E35 /* Screen.swift in Sources */ = {isa = PBXBuildFile; fileRef = B89F179328E0EBF100A96E35 /* Screen.swift */; };
		B89F179D28E0FABE00A96E35 /* AppDelegate.swift in Sources */ = {isa = PBXBuildFile; fileRef = B89F179C28E0FABE00A96E35 /* AppDelegate.swift */; };
		B8A1231F28E9712300ACEC45 /* searchNoResults.json in Resources */ = {isa = PBXBuildFile; fileRef = B8A1231D28E9712300ACEC45 /* searchNoResults.json */; };
		B8A1232028E9712300ACEC45 /* searchEmpty.json in Resources */ = {isa = PBXBuildFile; fileRef = B8A1231E28E9712300ACEC45 /* searchEmpty.json */; };
		B8A1232228E9714600ACEC45 /* LottieView.swift in Sources */ = {isa = PBXBuildFile; fileRef = B8A1232128E9714600ACEC45 /* LottieView.swift */; };
		B8A1232528E971EC00ACEC45 /* Lottie in Frameworks */ = {isa = PBXBuildFile; productRef = B8A1232428E971EC00ACEC45 /* Lottie */; };
		B8A1232728E971FD00ACEC45 /* LottieFile.swift in Sources */ = {isa = PBXBuildFile; fileRef = B8A1232628E971FD00ACEC45 /* LottieFile.swift */; };
		B8A1232A28E9744E00ACEC45 /* SearchEmptyView.swift in Sources */ = {isa = PBXBuildFile; fileRef = B8A1232928E9744E00ACEC45 /* SearchEmptyView.swift */; };
		B8A1234328E97D1A00ACEC45 /* WorkSans-ExtraBold.ttf in Resources */ = {isa = PBXBuildFile; fileRef = B8A1233128E97D1800ACEC45 /* WorkSans-ExtraBold.ttf */; };
		B8A1234428E97D1A00ACEC45 /* WorkSans-Regular.ttf in Resources */ = {isa = PBXBuildFile; fileRef = B8A1233228E97D1800ACEC45 /* WorkSans-Regular.ttf */; };
		B8A1234528E97D1A00ACEC45 /* WorkSans-Medium.ttf in Resources */ = {isa = PBXBuildFile; fileRef = B8A1233328E97D1800ACEC45 /* WorkSans-Medium.ttf */; };
		B8A1234628E97D1A00ACEC45 /* WorkSans-Light.ttf in Resources */ = {isa = PBXBuildFile; fileRef = B8A1233428E97D1800ACEC45 /* WorkSans-Light.ttf */; };
		B8A1234728E97D1A00ACEC45 /* WorkSans-ExtraLight.ttf in Resources */ = {isa = PBXBuildFile; fileRef = B8A1233528E97D1800ACEC45 /* WorkSans-ExtraLight.ttf */; };
		B8A1234828E97D1A00ACEC45 /* WorkSans-SemiBoldItalic.ttf in Resources */ = {isa = PBXBuildFile; fileRef = B8A1233628E97D1900ACEC45 /* WorkSans-SemiBoldItalic.ttf */; };
		B8A1234928E97D1A00ACEC45 /* WorkSans-BoldItalic.ttf in Resources */ = {isa = PBXBuildFile; fileRef = B8A1233728E97D1900ACEC45 /* WorkSans-BoldItalic.ttf */; };
		B8A1234A28E97D1A00ACEC45 /* WorkSans-BlackItalic.ttf in Resources */ = {isa = PBXBuildFile; fileRef = B8A1233828E97D1900ACEC45 /* WorkSans-BlackItalic.ttf */; };
		B8A1234B28E97D1A00ACEC45 /* WorkSans-Thin.ttf in Resources */ = {isa = PBXBuildFile; fileRef = B8A1233928E97D1900ACEC45 /* WorkSans-Thin.ttf */; };
		B8A1234C28E97D1A00ACEC45 /* WorkSans-ThinItalic.ttf in Resources */ = {isa = PBXBuildFile; fileRef = B8A1233A28E97D1900ACEC45 /* WorkSans-ThinItalic.ttf */; };
		B8A1234D28E97D1A00ACEC45 /* WorkSans-ExtraBoldItalic.ttf in Resources */ = {isa = PBXBuildFile; fileRef = B8A1233B28E97D1900ACEC45 /* WorkSans-ExtraBoldItalic.ttf */; };
		B8A1234E28E97D1A00ACEC45 /* WorkSans-ExtraLightItalic.ttf in Resources */ = {isa = PBXBuildFile; fileRef = B8A1233C28E97D1900ACEC45 /* WorkSans-ExtraLightItalic.ttf */; };
		B8A1234F28E97D1A00ACEC45 /* WorkSans-Black.ttf in Resources */ = {isa = PBXBuildFile; fileRef = B8A1233D28E97D1900ACEC45 /* WorkSans-Black.ttf */; };
		B8A1235028E97D1A00ACEC45 /* WorkSans-MediumItalic.ttf in Resources */ = {isa = PBXBuildFile; fileRef = B8A1233E28E97D1900ACEC45 /* WorkSans-MediumItalic.ttf */; };
		B8A1235128E97D1A00ACEC45 /* WorkSans-LightItalic.ttf in Resources */ = {isa = PBXBuildFile; fileRef = B8A1233F28E97D1900ACEC45 /* WorkSans-LightItalic.ttf */; };
		B8A1235228E97D1A00ACEC45 /* WorkSans-Italic.ttf in Resources */ = {isa = PBXBuildFile; fileRef = B8A1234028E97D1900ACEC45 /* WorkSans-Italic.ttf */; };
		B8A1235328E97D1A00ACEC45 /* WorkSans-Bold.ttf in Resources */ = {isa = PBXBuildFile; fileRef = B8A1234128E97D1900ACEC45 /* WorkSans-Bold.ttf */; };
		B8A1235428E97D1A00ACEC45 /* WorkSans-SemiBold.ttf in Resources */ = {isa = PBXBuildFile; fileRef = B8A1234228E97D1A00ACEC45 /* WorkSans-SemiBold.ttf */; };
		B8A1235A28E97EF300ACEC45 /* WorkSans.swift in Sources */ = {isa = PBXBuildFile; fileRef = B8A1235928E97EF300ACEC45 /* WorkSans.swift */; };
		B8A1235D28E97FB000ACEC45 /* CustomFont.swift in Sources */ = {isa = PBXBuildFile; fileRef = B8A1235C28E97FB000ACEC45 /* CustomFont.swift */; };
		B8A2A83D2965814600A16FEE /* NavigationBarStyle.swift in Sources */ = {isa = PBXBuildFile; fileRef = B8A2A83C2965814600A16FEE /* NavigationBarStyle.swift */; };
		B8A2A8422965C52000A16FEE /* ScreenBody.swift in Sources */ = {isa = PBXBuildFile; fileRef = B8A2A8412965C52000A16FEE /* ScreenBody.swift */; };
		B8A2A8452965E42A00A16FEE /* WordListView.swift in Sources */ = {isa = PBXBuildFile; fileRef = B8A2A8442965E42A00A16FEE /* WordListView.swift */; };
		B8B563E728EFFEC3004B80F0 /* View+Extensions.swift in Sources */ = {isa = PBXBuildFile; fileRef = B8B563E628EFFEC3004B80F0 /* View+Extensions.swift */; };
		B8B563E928F00096004B80F0 /* LaunchScreen.storyboard in Resources */ = {isa = PBXBuildFile; fileRef = B8B563E828F00096004B80F0 /* LaunchScreen.storyboard */; };
		B8B563EB28F00391004B80F0 /* LaunchScreen.swift in Sources */ = {isa = PBXBuildFile; fileRef = B8B563EA28F00391004B80F0 /* LaunchScreen.swift */; };
		B8B9B9D628EC5C54006FCA76 /* SearchHeaderView.swift in Sources */ = {isa = PBXBuildFile; fileRef = B8B9B9D528EC5C54006FCA76 /* SearchHeaderView.swift */; };
		B8B9B9D828EC603D006FCA76 /* EdgeInsets+Extensions.swift in Sources */ = {isa = PBXBuildFile; fileRef = B8B9B9D728EC603D006FCA76 /* EdgeInsets+Extensions.swift */; };
		B8B9B9DA28EC6210006FCA76 /* BlurView.swift in Sources */ = {isa = PBXBuildFile; fileRef = B8B9B9D928EC6210006FCA76 /* BlurView.swift */; };
		B8B9B9DD28EC66AD006FCA76 /* GradientBlurView.swift in Sources */ = {isa = PBXBuildFile; fileRef = B8B9B9DC28EC66AD006FCA76 /* GradientBlurView.swift */; };
		B8B9B9E028EDC706006FCA76 /* Colors.xcassets in Resources */ = {isa = PBXBuildFile; fileRef = B8B9B9DF28EDC706006FCA76 /* Colors.xcassets */; };
		B8B9B9E128EDC9FC006FCA76 /* Images.xcassets in Resources */ = {isa = PBXBuildFile; fileRef = B80399E028D79A3B008CE7B4 /* Images.xcassets */; };
		B8B9B9E328EDE65F006FCA76 /* LogoView.swift in Sources */ = {isa = PBXBuildFile; fileRef = B8B9B9E228EDE65F006FCA76 /* LogoView.swift */; };
		B8B9B9E728EDED53006FCA76 /* NilCoalescingPrecedence.swift in Sources */ = {isa = PBXBuildFile; fileRef = B8B9B9E628EDED53006FCA76 /* NilCoalescingPrecedence.swift */; };
		B8BBA16228E8EDF100222116 /* ButtonView.swift in Sources */ = {isa = PBXBuildFile; fileRef = B8BBA16128E8EDF100222116 /* ButtonView.swift */; };
		B8BEC3CE2955D8FD00946196 /* AppNavigationLink.swift in Sources */ = {isa = PBXBuildFile; fileRef = B8BEC3CD2955D8FD00946196 /* AppNavigationLink.swift */; };
		B8C25F9C294F7AAF001C8847 /* KeyboardToolbar.swift in Sources */ = {isa = PBXBuildFile; fileRef = B8C25F9B294F7AAF001C8847 /* KeyboardToolbar.swift */; };
		B8C25FA0294F8D5D001C8847 /* Separator.swift in Sources */ = {isa = PBXBuildFile; fileRef = B8C25F9F294F8D5D001C8847 /* Separator.swift */; };
		B8C43F3029FB0F6100F5E166 /* Introspect in Frameworks */ = {isa = PBXBuildFile; productRef = B8C43F2F29FB0F6100F5E166 /* Introspect */; };
		B8C43F3229FB0F7500F5E166 /* NoBounceScrollView.swift in Sources */ = {isa = PBXBuildFile; fileRef = B8C43F3129FB0F7500F5E166 /* NoBounceScrollView.swift */; };
		B8C894EA28D905BD00975E25 /* ForEach+Extensions.swift in Sources */ = {isa = PBXBuildFile; fileRef = B8C894E928D905BD00975E25 /* ForEach+Extensions.swift */; };
		B8D2A73C28DEEFAE0096A020 /* SearchScreen.swift in Sources */ = {isa = PBXBuildFile; fileRef = B8D2A73B28DEEFAE0096A020 /* SearchScreen.swift */; };
		B8D2A73E28DEEFE70096A020 /* Color+Values.swift in Sources */ = {isa = PBXBuildFile; fileRef = B8D2A73D28DEEFE70096A020 /* Color+Values.swift */; };
		B8D2A74228DF3A250096A020 /* InputTextField.swift in Sources */ = {isa = PBXBuildFile; fileRef = B8D2A74128DF3A250096A020 /* InputTextField.swift */; };
		B8D2A74628DF3AFE0096A020 /* TextStyle.swift in Sources */ = {isa = PBXBuildFile; fileRef = B8D2A74528DF3AFE0096A020 /* TextStyle.swift */; };
		B8E28DCA28EA0F93009BE8A2 /* Image+Values.swift in Sources */ = {isa = PBXBuildFile; fileRef = B8E28DC928EA0F93009BE8A2 /* Image+Values.swift */; };
		B8E49C0928DF917E00F9CAC4 /* LoadingView.swift in Sources */ = {isa = PBXBuildFile; fileRef = B8E49C0828DF917E00F9CAC4 /* LoadingView.swift */; };
		B8E49C0B28DF985500F9CAC4 /* CGFloat+Values.swift in Sources */ = {isa = PBXBuildFile; fileRef = B8E49C0A28DF985500F9CAC4 /* CGFloat+Values.swift */; };
		B8E49C0D28DF99EA00F9CAC4 /* String+Localizations.swift in Sources */ = {isa = PBXBuildFile; fileRef = B8E49C0C28DF99EA00F9CAC4 /* String+Localizations.swift */; };
		B8E49C0F28DF9AA500F9CAC4 /* EdgeInsets+Values.swift in Sources */ = {isa = PBXBuildFile; fileRef = B8E49C0E28DF9AA500F9CAC4 /* EdgeInsets+Values.swift */; };
		B8E49C1128DFA60000F9CAC4 /* View+If.swift in Sources */ = {isa = PBXBuildFile; fileRef = B8E49C1028DFA60000F9CAC4 /* View+If.swift */; };
		B8FF0DC9295F9528004C61B6 /* DictionaryAPI in Frameworks */ = {isa = PBXBuildFile; productRef = B8FF0DC8295F9528004C61B6 /* DictionaryAPI */; };
		B8FF0DCB295F9882004C61B6 /* hello.json in Resources */ = {isa = PBXBuildFile; fileRef = B8FF0DCA295F9882004C61B6 /* hello.json */; };
		B8FF0DD129609DDF004C61B6 /* Migrations.swift in Sources */ = {isa = PBXBuildFile; fileRef = B8FF0DD029609DDF004C61B6 /* Migrations.swift */; };
		B8FF0DD329609E3E004C61B6 /* Bundle+Key.swift in Sources */ = {isa = PBXBuildFile; fileRef = B8FF0DD229609E3E004C61B6 /* Bundle+Key.swift */; };
		B8FF0DD529609EF3004C61B6 /* UserDefaultKey.swift in Sources */ = {isa = PBXBuildFile; fileRef = B8FF0DD429609EF3004C61B6 /* UserDefaultKey.swift */; };
		B8FF0DD82960ACCE004C61B6 /* SavedWord.swift in Sources */ = {isa = PBXBuildFile; fileRef = B8FF0DD72960ACCE004C61B6 /* SavedWord.swift */; };
		B8FF0DDC2960B548004C61B6 /* MeaningListItemView.swift in Sources */ = {isa = PBXBuildFile; fileRef = B8FF0DDB2960B548004C61B6 /* MeaningListItemView.swift */; };
/* End PBXBuildFile section */

/* Begin PBXContainerItemProxy section */
		B80399EA28D79A3B008CE7B4 /* PBXContainerItemProxy */ = {
			isa = PBXContainerItemProxy;
			containerPortal = B80399D128D79A36008CE7B4 /* Project object */;
			proxyType = 1;
			remoteGlobalIDString = B80399D828D79A37008CE7B4;
			remoteInfo = Define;
		};
		B80399F428D79A3B008CE7B4 /* PBXContainerItemProxy */ = {
			isa = PBXContainerItemProxy;
			containerPortal = B80399D128D79A36008CE7B4 /* Project object */;
			proxyType = 1;
			remoteGlobalIDString = B80399D828D79A37008CE7B4;
			remoteInfo = Define;
		};
/* End PBXContainerItemProxy section */

/* Begin PBXFileReference section */
		B801A3DA2986D41400FAD316 /* WordCategoryView.swift */ = {isa = PBXFileReference; lastKnownFileType = sourcecode.swift; path = WordCategoryView.swift; sourceTree = "<group>"; };
		B80399D928D79A37008CE7B4 /* Define.app */ = {isa = PBXFileReference; explicitFileType = wrapper.application; includeInIndex = 0; path = Define.app; sourceTree = BUILT_PRODUCTS_DIR; };
		B80399DC28D79A37008CE7B4 /* DefineApp.swift */ = {isa = PBXFileReference; lastKnownFileType = sourcecode.swift; path = DefineApp.swift; sourceTree = "<group>"; };
		B80399E028D79A3B008CE7B4 /* Images.xcassets */ = {isa = PBXFileReference; lastKnownFileType = folder.assetcatalog; path = Images.xcassets; sourceTree = "<group>"; };
		B80399E328D79A3B008CE7B4 /* Preview Assets.xcassets */ = {isa = PBXFileReference; lastKnownFileType = folder.assetcatalog; path = "Preview Assets.xcassets"; sourceTree = "<group>"; };
		B80399E928D79A3B008CE7B4 /* DefineTests.xctest */ = {isa = PBXFileReference; explicitFileType = wrapper.cfbundle; includeInIndex = 0; path = DefineTests.xctest; sourceTree = BUILT_PRODUCTS_DIR; };
		B80399ED28D79A3B008CE7B4 /* DefineTests.swift */ = {isa = PBXFileReference; lastKnownFileType = sourcecode.swift; path = DefineTests.swift; sourceTree = "<group>"; };
		B80399F328D79A3B008CE7B4 /* DefineUITests.xctest */ = {isa = PBXFileReference; explicitFileType = wrapper.cfbundle; includeInIndex = 0; path = DefineUITests.xctest; sourceTree = BUILT_PRODUCTS_DIR; };
		B80399F728D79A3B008CE7B4 /* DefineUITests.swift */ = {isa = PBXFileReference; lastKnownFileType = sourcecode.swift; path = DefineUITests.swift; sourceTree = "<group>"; };
		B80399F928D79A3B008CE7B4 /* DefineUITestsLaunchTests.swift */ = {isa = PBXFileReference; lastKnownFileType = sourcecode.swift; path = DefineUITestsLaunchTests.swift; sourceTree = "<group>"; };
		B813BFF728EB6F30000C766C /* RoundedBorder.swift */ = {isa = PBXFileReference; lastKnownFileType = sourcecode.swift; path = RoundedBorder.swift; sourceTree = "<group>"; };
		B813BFF928EB7022000C766C /* ShapeBorder.swift */ = {isa = PBXFileReference; lastKnownFileType = sourcecode.swift; path = ShapeBorder.swift; sourceTree = "<group>"; };
		B813BFFC28EB7BA1000C766C /* SearchIconView.swift */ = {isa = PBXFileReference; lastKnownFileType = sourcecode.swift; path = SearchIconView.swift; sourceTree = "<group>"; };
		B813BFFE28EB7BE6000C766C /* CrossIconView.swift */ = {isa = PBXFileReference; lastKnownFileType = sourcecode.swift; path = CrossIconView.swift; sourceTree = "<group>"; };
		B813C00028EB7DB9000C766C /* IconView.swift */ = {isa = PBXFileReference; lastKnownFileType = sourcecode.swift; path = IconView.swift; sourceTree = "<group>"; };
		B813C00228EB7F7D000C766C /* IconContainerView.swift */ = {isa = PBXFileReference; lastKnownFileType = sourcecode.swift; path = IconContainerView.swift; sourceTree = "<group>"; };
		B82A76C428DFAA7200DABFBE /* CapsuleBorder.swift */ = {isa = PBXFileReference; lastKnownFileType = sourcecode.swift; path = CapsuleBorder.swift; sourceTree = "<group>"; };
		B84AD60928FAFC9E00C2D5AE /* WordScreen.swift */ = {isa = PBXFileReference; lastKnownFileType = sourcecode.swift; path = WordScreen.swift; sourceTree = "<group>"; };
		B84AD60B28FB01AF00C2D5AE /* ContentView.swift */ = {isa = PBXFileReference; lastKnownFileType = sourcecode.swift; path = ContentView.swift; sourceTree = "<group>"; };
		B86471A928FB59F000716912 /* ListView.swift */ = {isa = PBXFileReference; lastKnownFileType = sourcecode.swift; path = ListView.swift; sourceTree = "<group>"; };
		B879E9E828F0C5190094AA24 /* TagView.swift */ = {isa = PBXFileReference; lastKnownFileType = sourcecode.swift; path = TagView.swift; sourceTree = "<group>"; };
		B879E9ED28F0C7ED0094AA24 /* WordListItemView.swift */ = {isa = PBXFileReference; lastKnownFileType = sourcecode.swift; path = WordListItemView.swift; sourceTree = "<group>"; };
		B879E9EF28F0CA910094AA24 /* SearchViewModel.swift */ = {isa = PBXFileReference; lastKnownFileType = sourcecode.swift; path = SearchViewModel.swift; sourceTree = "<group>"; };
		B88491A12961FFB5009F6469 /* DefinitionView.swift */ = {isa = PBXFileReference; lastKnownFileType = sourcecode.swift; path = DefinitionView.swift; sourceTree = "<group>"; };
		B88491A529620353009F6469 /* IndexElement.swift */ = {isa = PBXFileReference; lastKnownFileType = sourcecode.swift; path = IndexElement.swift; sourceTree = "<group>"; };
		B88491A729620B1A009F6469 /* VSpacer.swift */ = {isa = PBXFileReference; lastKnownFileType = sourcecode.swift; path = VSpacer.swift; sourceTree = "<group>"; };
		B889DEBD2957ACF50020E9C9 /* Array+RawRepresentable.swift */ = {isa = PBXFileReference; lastKnownFileType = sourcecode.swift; path = "Array+RawRepresentable.swift"; sourceTree = "<group>"; };
		B889DEC02957AEF60020E9C9 /* WordsViewModel.swift */ = {isa = PBXFileReference; lastKnownFileType = sourcecode.swift; path = WordsViewModel.swift; sourceTree = "<group>"; };
		B891F8E12950FB6600A53582 /* ChevronView.swift */ = {isa = PBXFileReference; lastKnownFileType = sourcecode.swift; path = ChevronView.swift; sourceTree = "<group>"; };
		B891F8E32950FC4300A53582 /* Chevron.swift */ = {isa = PBXFileReference; lastKnownFileType = sourcecode.swift; path = Chevron.swift; sourceTree = "<group>"; };
		B891F8E529530E6500A53582 /* CGRectTests.swift */ = {isa = PBXFileReference; lastKnownFileType = sourcecode.swift; path = CGRectTests.swift; sourceTree = "<group>"; };
		B894FA1B28FC69FA00BC0BFA /* Word+Preview.swift */ = {isa = PBXFileReference; lastKnownFileType = sourcecode.swift; path = "Word+Preview.swift"; sourceTree = "<group>"; };
		B894FA2028FC8A4B00BC0BFA /* StickyBottom.swift */ = {isa = PBXFileReference; lastKnownFileType = sourcecode.swift; path = StickyBottom.swift; sourceTree = "<group>"; };
		B894FA2328FC8D7A00BC0BFA /* StickyButton.swift */ = {isa = PBXFileReference; lastKnownFileType = sourcecode.swift; path = StickyButton.swift; sourceTree = "<group>"; };
		B895887329578BFB0041A315 /* DefinitionsScreen.swift */ = {isa = PBXFileReference; lastKnownFileType = sourcecode.swift; path = DefinitionsScreen.swift; sourceTree = "<group>"; };
		B8958875295790E30041A315 /* NavigationViewModel.swift */ = {isa = PBXFileReference; lastKnownFileType = sourcecode.swift; path = NavigationViewModel.swift; sourceTree = "<group>"; };
		B89F179328E0EBF100A96E35 /* Screen.swift */ = {isa = PBXFileReference; lastKnownFileType = sourcecode.swift; path = Screen.swift; sourceTree = "<group>"; };
		B89F179C28E0FABE00A96E35 /* AppDelegate.swift */ = {isa = PBXFileReference; lastKnownFileType = sourcecode.swift; path = AppDelegate.swift; sourceTree = "<group>"; };
		B8A1231D28E9712300ACEC45 /* searchNoResults.json */ = {isa = PBXFileReference; fileEncoding = 4; lastKnownFileType = text.json; path = searchNoResults.json; sourceTree = "<group>"; };
		B8A1231E28E9712300ACEC45 /* searchEmpty.json */ = {isa = PBXFileReference; fileEncoding = 4; lastKnownFileType = text.json; path = searchEmpty.json; sourceTree = "<group>"; };
		B8A1232128E9714600ACEC45 /* LottieView.swift */ = {isa = PBXFileReference; lastKnownFileType = sourcecode.swift; path = LottieView.swift; sourceTree = "<group>"; };
		B8A1232628E971FD00ACEC45 /* LottieFile.swift */ = {isa = PBXFileReference; lastKnownFileType = sourcecode.swift; path = LottieFile.swift; sourceTree = "<group>"; };
		B8A1232928E9744E00ACEC45 /* SearchEmptyView.swift */ = {isa = PBXFileReference; lastKnownFileType = sourcecode.swift; path = SearchEmptyView.swift; sourceTree = "<group>"; };
		B8A1233128E97D1800ACEC45 /* WorkSans-ExtraBold.ttf */ = {isa = PBXFileReference; lastKnownFileType = file; path = "WorkSans-ExtraBold.ttf"; sourceTree = "<group>"; };
		B8A1233228E97D1800ACEC45 /* WorkSans-Regular.ttf */ = {isa = PBXFileReference; lastKnownFileType = file; path = "WorkSans-Regular.ttf"; sourceTree = "<group>"; };
		B8A1233328E97D1800ACEC45 /* WorkSans-Medium.ttf */ = {isa = PBXFileReference; lastKnownFileType = file; path = "WorkSans-Medium.ttf"; sourceTree = "<group>"; };
		B8A1233428E97D1800ACEC45 /* WorkSans-Light.ttf */ = {isa = PBXFileReference; lastKnownFileType = file; path = "WorkSans-Light.ttf"; sourceTree = "<group>"; };
		B8A1233528E97D1800ACEC45 /* WorkSans-ExtraLight.ttf */ = {isa = PBXFileReference; lastKnownFileType = file; path = "WorkSans-ExtraLight.ttf"; sourceTree = "<group>"; };
		B8A1233628E97D1900ACEC45 /* WorkSans-SemiBoldItalic.ttf */ = {isa = PBXFileReference; lastKnownFileType = file; path = "WorkSans-SemiBoldItalic.ttf"; sourceTree = "<group>"; };
		B8A1233728E97D1900ACEC45 /* WorkSans-BoldItalic.ttf */ = {isa = PBXFileReference; lastKnownFileType = file; path = "WorkSans-BoldItalic.ttf"; sourceTree = "<group>"; };
		B8A1233828E97D1900ACEC45 /* WorkSans-BlackItalic.ttf */ = {isa = PBXFileReference; lastKnownFileType = file; path = "WorkSans-BlackItalic.ttf"; sourceTree = "<group>"; };
		B8A1233928E97D1900ACEC45 /* WorkSans-Thin.ttf */ = {isa = PBXFileReference; lastKnownFileType = file; path = "WorkSans-Thin.ttf"; sourceTree = "<group>"; };
		B8A1233A28E97D1900ACEC45 /* WorkSans-ThinItalic.ttf */ = {isa = PBXFileReference; lastKnownFileType = file; path = "WorkSans-ThinItalic.ttf"; sourceTree = "<group>"; };
		B8A1233B28E97D1900ACEC45 /* WorkSans-ExtraBoldItalic.ttf */ = {isa = PBXFileReference; lastKnownFileType = file; path = "WorkSans-ExtraBoldItalic.ttf"; sourceTree = "<group>"; };
		B8A1233C28E97D1900ACEC45 /* WorkSans-ExtraLightItalic.ttf */ = {isa = PBXFileReference; lastKnownFileType = file; path = "WorkSans-ExtraLightItalic.ttf"; sourceTree = "<group>"; };
		B8A1233D28E97D1900ACEC45 /* WorkSans-Black.ttf */ = {isa = PBXFileReference; lastKnownFileType = file; path = "WorkSans-Black.ttf"; sourceTree = "<group>"; };
		B8A1233E28E97D1900ACEC45 /* WorkSans-MediumItalic.ttf */ = {isa = PBXFileReference; lastKnownFileType = file; path = "WorkSans-MediumItalic.ttf"; sourceTree = "<group>"; };
		B8A1233F28E97D1900ACEC45 /* WorkSans-LightItalic.ttf */ = {isa = PBXFileReference; lastKnownFileType = file; path = "WorkSans-LightItalic.ttf"; sourceTree = "<group>"; };
		B8A1234028E97D1900ACEC45 /* WorkSans-Italic.ttf */ = {isa = PBXFileReference; lastKnownFileType = file; path = "WorkSans-Italic.ttf"; sourceTree = "<group>"; };
		B8A1234128E97D1900ACEC45 /* WorkSans-Bold.ttf */ = {isa = PBXFileReference; lastKnownFileType = file; path = "WorkSans-Bold.ttf"; sourceTree = "<group>"; };
		B8A1234228E97D1A00ACEC45 /* WorkSans-SemiBold.ttf */ = {isa = PBXFileReference; lastKnownFileType = file; path = "WorkSans-SemiBold.ttf"; sourceTree = "<group>"; };
		B8A1235928E97EF300ACEC45 /* WorkSans.swift */ = {isa = PBXFileReference; lastKnownFileType = sourcecode.swift; path = WorkSans.swift; sourceTree = "<group>"; };
		B8A1235C28E97FB000ACEC45 /* CustomFont.swift */ = {isa = PBXFileReference; lastKnownFileType = sourcecode.swift; path = CustomFont.swift; sourceTree = "<group>"; };
		B8A1235E28E9829B00ACEC45 /* Info.plist */ = {isa = PBXFileReference; fileEncoding = 4; lastKnownFileType = text.plist.xml; path = Info.plist; sourceTree = "<group>"; };
		B8A2A83C2965814600A16FEE /* NavigationBarStyle.swift */ = {isa = PBXFileReference; lastKnownFileType = sourcecode.swift; path = NavigationBarStyle.swift; sourceTree = "<group>"; };
		B8A2A8412965C52000A16FEE /* ScreenBody.swift */ = {isa = PBXFileReference; lastKnownFileType = sourcecode.swift; path = ScreenBody.swift; sourceTree = "<group>"; };
		B8A2A8442965E42A00A16FEE /* WordListView.swift */ = {isa = PBXFileReference; lastKnownFileType = sourcecode.swift; path = WordListView.swift; sourceTree = "<group>"; };
		B8B563E628EFFEC3004B80F0 /* View+Extensions.swift */ = {isa = PBXFileReference; lastKnownFileType = sourcecode.swift; path = "View+Extensions.swift"; sourceTree = "<group>"; };
		B8B563E828F00096004B80F0 /* LaunchScreen.storyboard */ = {isa = PBXFileReference; lastKnownFileType = file.storyboard; path = LaunchScreen.storyboard; sourceTree = "<group>"; };
		B8B563EA28F00391004B80F0 /* LaunchScreen.swift */ = {isa = PBXFileReference; lastKnownFileType = sourcecode.swift; path = LaunchScreen.swift; sourceTree = "<group>"; };
		B8B9B9D528EC5C54006FCA76 /* SearchHeaderView.swift */ = {isa = PBXFileReference; lastKnownFileType = sourcecode.swift; path = SearchHeaderView.swift; sourceTree = "<group>"; };
		B8B9B9D728EC603D006FCA76 /* EdgeInsets+Extensions.swift */ = {isa = PBXFileReference; lastKnownFileType = sourcecode.swift; path = "EdgeInsets+Extensions.swift"; sourceTree = "<group>"; };
		B8B9B9D928EC6210006FCA76 /* BlurView.swift */ = {isa = PBXFileReference; lastKnownFileType = sourcecode.swift; path = BlurView.swift; sourceTree = "<group>"; };
		B8B9B9DC28EC66AD006FCA76 /* GradientBlurView.swift */ = {isa = PBXFileReference; lastKnownFileType = sourcecode.swift; path = GradientBlurView.swift; sourceTree = "<group>"; };
		B8B9B9DF28EDC706006FCA76 /* Colors.xcassets */ = {isa = PBXFileReference; lastKnownFileType = folder.assetcatalog; path = Colors.xcassets; sourceTree = "<group>"; };
		B8B9B9E228EDE65F006FCA76 /* LogoView.swift */ = {isa = PBXFileReference; lastKnownFileType = sourcecode.swift; path = LogoView.swift; sourceTree = "<group>"; };
		B8B9B9E628EDED53006FCA76 /* NilCoalescingPrecedence.swift */ = {isa = PBXFileReference; lastKnownFileType = sourcecode.swift; path = NilCoalescingPrecedence.swift; sourceTree = "<group>"; };
		B8BBA16128E8EDF100222116 /* ButtonView.swift */ = {isa = PBXFileReference; lastKnownFileType = sourcecode.swift; path = ButtonView.swift; sourceTree = "<group>"; };
		B8BEC3CD2955D8FD00946196 /* AppNavigationLink.swift */ = {isa = PBXFileReference; lastKnownFileType = sourcecode.swift; path = AppNavigationLink.swift; sourceTree = "<group>"; };
		B8C25F9B294F7AAF001C8847 /* KeyboardToolbar.swift */ = {isa = PBXFileReference; lastKnownFileType = sourcecode.swift; path = KeyboardToolbar.swift; sourceTree = "<group>"; };
		B8C25F9F294F8D5D001C8847 /* Separator.swift */ = {isa = PBXFileReference; lastKnownFileType = sourcecode.swift; path = Separator.swift; sourceTree = "<group>"; };
		B8C43F3129FB0F7500F5E166 /* NoBounceScrollView.swift */ = {isa = PBXFileReference; lastKnownFileType = sourcecode.swift; path = NoBounceScrollView.swift; sourceTree = "<group>"; };
		B8C894E928D905BD00975E25 /* ForEach+Extensions.swift */ = {isa = PBXFileReference; lastKnownFileType = sourcecode.swift; path = "ForEach+Extensions.swift"; sourceTree = "<group>"; };
		B8D2A73B28DEEFAE0096A020 /* SearchScreen.swift */ = {isa = PBXFileReference; lastKnownFileType = sourcecode.swift; path = SearchScreen.swift; sourceTree = "<group>"; };
		B8D2A73D28DEEFE70096A020 /* Color+Values.swift */ = {isa = PBXFileReference; lastKnownFileType = sourcecode.swift; path = "Color+Values.swift"; sourceTree = "<group>"; };
		B8D2A74128DF3A250096A020 /* InputTextField.swift */ = {isa = PBXFileReference; lastKnownFileType = sourcecode.swift; path = InputTextField.swift; sourceTree = "<group>"; };
		B8D2A74528DF3AFE0096A020 /* TextStyle.swift */ = {isa = PBXFileReference; lastKnownFileType = sourcecode.swift; path = TextStyle.swift; sourceTree = "<group>"; };
		B8E28DC928EA0F93009BE8A2 /* Image+Values.swift */ = {isa = PBXFileReference; lastKnownFileType = sourcecode.swift; path = "Image+Values.swift"; sourceTree = "<group>"; };
		B8E49C0828DF917E00F9CAC4 /* LoadingView.swift */ = {isa = PBXFileReference; lastKnownFileType = sourcecode.swift; path = LoadingView.swift; sourceTree = "<group>"; };
		B8E49C0A28DF985500F9CAC4 /* CGFloat+Values.swift */ = {isa = PBXFileReference; lastKnownFileType = sourcecode.swift; path = "CGFloat+Values.swift"; sourceTree = "<group>"; };
		B8E49C0C28DF99EA00F9CAC4 /* String+Localizations.swift */ = {isa = PBXFileReference; lastKnownFileType = sourcecode.swift; path = "String+Localizations.swift"; sourceTree = "<group>"; };
		B8E49C0E28DF9AA500F9CAC4 /* EdgeInsets+Values.swift */ = {isa = PBXFileReference; lastKnownFileType = sourcecode.swift; path = "EdgeInsets+Values.swift"; sourceTree = "<group>"; };
		B8E49C1028DFA60000F9CAC4 /* View+If.swift */ = {isa = PBXFileReference; lastKnownFileType = sourcecode.swift; path = "View+If.swift"; sourceTree = "<group>"; };
		B8FF0DBC295F30D1004C61B6 /* AppIcon */ = {isa = PBXFileReference; lastKnownFileType = wrapper; path = AppIcon; sourceTree = "<group>"; };
		B8FF0DC4295F7927004C61B6 /* DictionaryAPI */ = {isa = PBXFileReference; lastKnownFileType = wrapper; path = DictionaryAPI; sourceTree = "<group>"; };
		B8FF0DCA295F9882004C61B6 /* hello.json */ = {isa = PBXFileReference; fileEncoding = 4; lastKnownFileType = text.json; path = hello.json; sourceTree = "<group>"; };
		B8FF0DD029609DDF004C61B6 /* Migrations.swift */ = {isa = PBXFileReference; lastKnownFileType = sourcecode.swift; path = Migrations.swift; sourceTree = "<group>"; };
		B8FF0DD229609E3E004C61B6 /* Bundle+Key.swift */ = {isa = PBXFileReference; lastKnownFileType = sourcecode.swift; path = "Bundle+Key.swift"; sourceTree = "<group>"; };
		B8FF0DD429609EF3004C61B6 /* UserDefaultKey.swift */ = {isa = PBXFileReference; lastKnownFileType = sourcecode.swift; path = UserDefaultKey.swift; sourceTree = "<group>"; };
		B8FF0DD72960ACCE004C61B6 /* SavedWord.swift */ = {isa = PBXFileReference; fileEncoding = 4; lastKnownFileType = sourcecode.swift; path = SavedWord.swift; sourceTree = "<group>"; };
		B8FF0DDB2960B548004C61B6 /* MeaningListItemView.swift */ = {isa = PBXFileReference; lastKnownFileType = sourcecode.swift; path = MeaningListItemView.swift; sourceTree = "<group>"; };
/* End PBXFileReference section */

/* Begin PBXFrameworksBuildPhase section */
		B80399D628D79A37008CE7B4 /* Frameworks */ = {
			isa = PBXFrameworksBuildPhase;
			buildActionMask = 2147483647;
			files = (
				B8FF0DC9295F9528004C61B6 /* DictionaryAPI in Frameworks */,
				B8C43F3029FB0F6100F5E166 /* Introspect in Frameworks */,
				B8A1232528E971EC00ACEC45 /* Lottie in Frameworks */,
			);
			runOnlyForDeploymentPostprocessing = 0;
		};
		B80399E628D79A3B008CE7B4 /* Frameworks */ = {
			isa = PBXFrameworksBuildPhase;
			buildActionMask = 2147483647;
			files = (
			);
			runOnlyForDeploymentPostprocessing = 0;
		};
		B80399F028D79A3B008CE7B4 /* Frameworks */ = {
			isa = PBXFrameworksBuildPhase;
			buildActionMask = 2147483647;
			files = (
			);
			runOnlyForDeploymentPostprocessing = 0;
		};
/* End PBXFrameworksBuildPhase section */

/* Begin PBXGroup section */
		B80399D028D79A36008CE7B4 = {
			isa = PBXGroup;
			children = (
				B8FF0DC4295F7927004C61B6 /* DictionaryAPI */,
				B8FF0DBC295F30D1004C61B6 /* AppIcon */,
				B80399DB28D79A37008CE7B4 /* Define */,
				B80399EC28D79A3B008CE7B4 /* DefineTests */,
				B80399F628D79A3B008CE7B4 /* DefineUITests */,
				B80399DA28D79A37008CE7B4 /* Products */,
				B8FF0DC7295F9528004C61B6 /* Frameworks */,
			);
			sourceTree = "<group>";
		};
		B80399DA28D79A37008CE7B4 /* Products */ = {
			isa = PBXGroup;
			children = (
				B80399D928D79A37008CE7B4 /* Define.app */,
				B80399E928D79A3B008CE7B4 /* DefineTests.xctest */,
				B80399F328D79A3B008CE7B4 /* DefineUITests.xctest */,
			);
			name = Products;
			sourceTree = "<group>";
		};
		B80399DB28D79A37008CE7B4 /* Define */ = {
			isa = PBXGroup;
			children = (
				B8039A0A28D7A26E008CE7B4 /* Assets */,
				B8039A0F28D7A51F008CE7B4 /* Extensions */,
				B8FF0DD62960AC6C004C61B6 /* Models */,
				B80399E228D79A3B008CE7B4 /* Preview Content */,
				B8C894E428D895DE00975E25 /* Utilities */,
				B8C894ED28D908E900975E25 /* ViewModel */,
				B8D2A73828DEEF8B0096A020 /* Views */,
				B89F179C28E0FABE00A96E35 /* AppDelegate.swift */,
				B80399DC28D79A37008CE7B4 /* DefineApp.swift */,
				B8A1235E28E9829B00ACEC45 /* Info.plist */,
			);
			path = Define;
			sourceTree = "<group>";
		};
		B80399E228D79A3B008CE7B4 /* Preview Content */ = {
			isa = PBXGroup;
			children = (
				B8FF0DCA295F9882004C61B6 /* hello.json */,
				B80399E328D79A3B008CE7B4 /* Preview Assets.xcassets */,
				B894FA1B28FC69FA00BC0BFA /* Word+Preview.swift */,
			);
			path = "Preview Content";
			sourceTree = "<group>";
		};
		B80399EC28D79A3B008CE7B4 /* DefineTests */ = {
			isa = PBXGroup;
			children = (
				B891F8E529530E6500A53582 /* CGRectTests.swift */,
				B80399ED28D79A3B008CE7B4 /* DefineTests.swift */,
			);
			path = DefineTests;
			sourceTree = "<group>";
		};
		B80399F628D79A3B008CE7B4 /* DefineUITests */ = {
			isa = PBXGroup;
			children = (
				B80399F728D79A3B008CE7B4 /* DefineUITests.swift */,
				B80399F928D79A3B008CE7B4 /* DefineUITestsLaunchTests.swift */,
			);
			path = DefineUITests;
			sourceTree = "<group>";
		};
		B8039A0A28D7A26E008CE7B4 /* Assets */ = {
			isa = PBXGroup;
			children = (
				B8A1231C28E9711600ACEC45 /* Lotties */,
				B8A1233028E97CAD00ACEC45 /* WorkSans */,
				B8B9B9DE28EDC6E4006FCA76 /* XCAssets */,
				B8E49C0A28DF985500F9CAC4 /* CGFloat+Values.swift */,
				B8D2A73D28DEEFE70096A020 /* Color+Values.swift */,
				B8E49C0E28DF9AA500F9CAC4 /* EdgeInsets+Values.swift */,
				B8E28DC928EA0F93009BE8A2 /* Image+Values.swift */,
				B8B563E828F00096004B80F0 /* LaunchScreen.storyboard */,
				B8A1232628E971FD00ACEC45 /* LottieFile.swift */,
				B8E49C0C28DF99EA00F9CAC4 /* String+Localizations.swift */,
				B8D2A74528DF3AFE0096A020 /* TextStyle.swift */,
			);
			path = Assets;
			sourceTree = "<group>";
		};
		B8039A0F28D7A51F008CE7B4 /* Extensions */ = {
			isa = PBXGroup;
			children = (
				B8C894EB28D905EE00975E25 /* SwiftUI */,
				B889DEBD2957ACF50020E9C9 /* Array+RawRepresentable.swift */,
				B8FF0DD229609E3E004C61B6 /* Bundle+Key.swift */,
				B8B9B9E628EDED53006FCA76 /* NilCoalescingPrecedence.swift */,
			);
			path = Extensions;
			sourceTree = "<group>";
		};
		B813BFF628EB6F10000C766C /* ShapeBorder */ = {
			isa = PBXGroup;
			children = (
				B82A76C428DFAA7200DABFBE /* CapsuleBorder.swift */,
				B813BFF728EB6F30000C766C /* RoundedBorder.swift */,
				B813BFF928EB7022000C766C /* ShapeBorder.swift */,
			);
			path = ShapeBorder;
			sourceTree = "<group>";
		};
		B813BFFB28EB7ACA000C766C /* Icon */ = {
			isa = PBXGroup;
			children = (
				B813BFFE28EB7BE6000C766C /* CrossIconView.swift */,
				B813C00228EB7F7D000C766C /* IconContainerView.swift */,
				B813C00028EB7DB9000C766C /* IconView.swift */,
				B813BFFC28EB7BA1000C766C /* SearchIconView.swift */,
			);
			path = Icon;
			sourceTree = "<group>";
		};
		B82A76C328DFAA6400DABFBE /* ViewModifiers */ = {
			isa = PBXGroup;
			children = (
				B813BFF628EB6F10000C766C /* ShapeBorder */,
				B894FA2228FC8D6B00BC0BFA /* Sticky */,
				B8C25F9B294F7AAF001C8847 /* KeyboardToolbar.swift */,
				B8A2A83C2965814600A16FEE /* NavigationBarStyle.swift */,
			);
			path = ViewModifiers;
			sourceTree = "<group>";
		};
		B879E9EA28F0C7110094AA24 /* List */ = {
			isa = PBXGroup;
			children = (
				B88491A12961FFB5009F6469 /* DefinitionView.swift */,
				B86471A928FB59F000716912 /* ListView.swift */,
				B8FF0DDB2960B548004C61B6 /* MeaningListItemView.swift */,
				B879E9ED28F0C7ED0094AA24 /* WordListItemView.swift */,
				B8A2A8442965E42A00A16FEE /* WordListView.swift */,
			);
			path = List;
			sourceTree = "<group>";
		};
		B891F8E02950FB5500A53582 /* Chevron */ = {
			isa = PBXGroup;
			children = (
				B891F8E32950FC4300A53582 /* Chevron.swift */,
				B891F8E12950FB6600A53582 /* ChevronView.swift */,
			);
			path = Chevron;
			sourceTree = "<group>";
		};
		B894FA2228FC8D6B00BC0BFA /* Sticky */ = {
			isa = PBXGroup;
			children = (
				B894FA2028FC8A4B00BC0BFA /* StickyBottom.swift */,
				B894FA2328FC8D7A00BC0BFA /* StickyButton.swift */,
			);
			path = Sticky;
			sourceTree = "<group>";
		};
		B8A1231C28E9711600ACEC45 /* Lotties */ = {
			isa = PBXGroup;
			children = (
				B8A1231E28E9712300ACEC45 /* searchEmpty.json */,
				B8A1231D28E9712300ACEC45 /* searchNoResults.json */,
			);
			path = Lotties;
			sourceTree = "<group>";
		};
		B8A1233028E97CAD00ACEC45 /* WorkSans */ = {
			isa = PBXGroup;
			children = (
				B8A1235B28E97EF900ACEC45 /* FontFiles */,
				B8A1235928E97EF300ACEC45 /* WorkSans.swift */,
			);
			path = WorkSans;
			sourceTree = "<group>";
		};
		B8A1235B28E97EF900ACEC45 /* FontFiles */ = {
			isa = PBXGroup;
			children = (
				B8A1233D28E97D1900ACEC45 /* WorkSans-Black.ttf */,
				B8A1233828E97D1900ACEC45 /* WorkSans-BlackItalic.ttf */,
				B8A1234128E97D1900ACEC45 /* WorkSans-Bold.ttf */,
				B8A1233728E97D1900ACEC45 /* WorkSans-BoldItalic.ttf */,
				B8A1233128E97D1800ACEC45 /* WorkSans-ExtraBold.ttf */,
				B8A1233B28E97D1900ACEC45 /* WorkSans-ExtraBoldItalic.ttf */,
				B8A1233528E97D1800ACEC45 /* WorkSans-ExtraLight.ttf */,
				B8A1233C28E97D1900ACEC45 /* WorkSans-ExtraLightItalic.ttf */,
				B8A1234028E97D1900ACEC45 /* WorkSans-Italic.ttf */,
				B8A1233428E97D1800ACEC45 /* WorkSans-Light.ttf */,
				B8A1233F28E97D1900ACEC45 /* WorkSans-LightItalic.ttf */,
				B8A1233328E97D1800ACEC45 /* WorkSans-Medium.ttf */,
				B8A1233E28E97D1900ACEC45 /* WorkSans-MediumItalic.ttf */,
				B8A1233228E97D1800ACEC45 /* WorkSans-Regular.ttf */,
				B8A1234228E97D1A00ACEC45 /* WorkSans-SemiBold.ttf */,
				B8A1233628E97D1900ACEC45 /* WorkSans-SemiBoldItalic.ttf */,
				B8A1233928E97D1900ACEC45 /* WorkSans-Thin.ttf */,
				B8A1233A28E97D1900ACEC45 /* WorkSans-ThinItalic.ttf */,
			);
			path = FontFiles;
			sourceTree = "<group>";
		};
		B8A2A83E2965BB4000A16FEE /* Base */ = {
			isa = PBXGroup;
			children = (
				B89F179328E0EBF100A96E35 /* Screen.swift */,
				B8A2A8412965C52000A16FEE /* ScreenBody.swift */,
			);
			path = Base;
			sourceTree = "<group>";
		};
		B8B9B9DB28EC668C006FCA76 /* Gradient */ = {
			isa = PBXGroup;
			children = (
				B8B9B9D928EC6210006FCA76 /* BlurView.swift */,
				B8B9B9DC28EC66AD006FCA76 /* GradientBlurView.swift */,
			);
			path = Gradient;
			sourceTree = "<group>";
		};
		B8B9B9DE28EDC6E4006FCA76 /* XCAssets */ = {
			isa = PBXGroup;
			children = (
				B8B9B9DF28EDC706006FCA76 /* Colors.xcassets */,
				B80399E028D79A3B008CE7B4 /* Images.xcassets */,
			);
			path = XCAssets;
			sourceTree = "<group>";
		};
		B8C894E428D895DE00975E25 /* Utilities */ = {
			isa = PBXGroup;
			children = (
				B8FF0DD029609DDF004C61B6 /* Migrations.swift */,
				B8FF0DD429609EF3004C61B6 /* UserDefaultKey.swift */,
			);
			path = Utilities;
			sourceTree = "<group>";
		};
		B8C894EB28D905EE00975E25 /* SwiftUI */ = {
			isa = PBXGroup;
			children = (
				B8A1235C28E97FB000ACEC45 /* CustomFont.swift */,
				B8B9B9D728EC603D006FCA76 /* EdgeInsets+Extensions.swift */,
				B8C894E928D905BD00975E25 /* ForEach+Extensions.swift */,
				B8B563E628EFFEC3004B80F0 /* View+Extensions.swift */,
				B8E49C1028DFA60000F9CAC4 /* View+If.swift */,
			);
			path = SwiftUI;
			sourceTree = "<group>";
		};
		B8C894ED28D908E900975E25 /* ViewModel */ = {
			isa = PBXGroup;
			children = (
				B8958875295790E30041A315 /* NavigationViewModel.swift */,
				B879E9EF28F0CA910094AA24 /* SearchViewModel.swift */,
				B889DEC02957AEF60020E9C9 /* WordsViewModel.swift */,
			);
			path = ViewModel;
			sourceTree = "<group>";
		};
		B8D2A73828DEEF8B0096A020 /* Views */ = {
			isa = PBXGroup;
			children = (
				B8D2A74028DF0E670096A020 /* Components */,
				B8D2A73F28DF0E620096A020 /* Screens */,
				B82A76C328DFAA6400DABFBE /* ViewModifiers */,
				B84AD60B28FB01AF00C2D5AE /* ContentView.swift */,
			);
			path = Views;
			sourceTree = "<group>";
		};
		B8D2A73F28DF0E620096A020 /* Screens */ = {
			isa = PBXGroup;
			children = (
				B8A2A83E2965BB4000A16FEE /* Base */,
				B895887329578BFB0041A315 /* DefinitionsScreen.swift */,
				B8B563EA28F00391004B80F0 /* LaunchScreen.swift */,
				B8D2A73B28DEEFAE0096A020 /* SearchScreen.swift */,
				B84AD60928FAFC9E00C2D5AE /* WordScreen.swift */,
			);
			path = Screens;
			sourceTree = "<group>";
		};
		B8D2A74028DF0E670096A020 /* Components */ = {
			isa = PBXGroup;
			children = (
				B891F8E02950FB5500A53582 /* Chevron */,
				B8B9B9DB28EC668C006FCA76 /* Gradient */,
				B813BFFB28EB7ACA000C766C /* Icon */,
				B879E9EA28F0C7110094AA24 /* List */,
				B8BEC3CD2955D8FD00946196 /* AppNavigationLink.swift */,
				B8BBA16128E8EDF100222116 /* ButtonView.swift */,
				B8D2A74128DF3A250096A020 /* InputTextField.swift */,
				B8E49C0828DF917E00F9CAC4 /* LoadingView.swift */,
				B8B9B9E228EDE65F006FCA76 /* LogoView.swift */,
				B8A1232128E9714600ACEC45 /* LottieView.swift */,
				B8C43F3129FB0F7500F5E166 /* NoBounceScrollView.swift */,
				B8A1232928E9744E00ACEC45 /* SearchEmptyView.swift */,
				B8B9B9D528EC5C54006FCA76 /* SearchHeaderView.swift */,
				B8C25F9F294F8D5D001C8847 /* Separator.swift */,
				B879E9E828F0C5190094AA24 /* TagView.swift */,
				B88491A729620B1A009F6469 /* VSpacer.swift */,
				B801A3DA2986D41400FAD316 /* WordCategoryView.swift */,
			);
			path = Components;
			sourceTree = "<group>";
		};
		B8FF0DC7295F9528004C61B6 /* Frameworks */ = {
			isa = PBXGroup;
			children = (
			);
			name = Frameworks;
			sourceTree = "<group>";
		};
		B8FF0DD62960AC6C004C61B6 /* Models */ = {
			isa = PBXGroup;
			children = (
				B88491A529620353009F6469 /* IndexElement.swift */,
				B8FF0DD72960ACCE004C61B6 /* SavedWord.swift */,
			);
			path = Models;
			sourceTree = "<group>";
		};
/* End PBXGroup section */

/* Begin PBXNativeTarget section */
		B80399D828D79A37008CE7B4 /* Define */ = {
			isa = PBXNativeTarget;
			buildConfigurationList = B80399FD28D79A3B008CE7B4 /* Build configuration list for PBXNativeTarget "Define" */;
			buildPhases = (
				B8039A0628D79EF0008CE7B4 /* SwiftLint */,
				B80399D528D79A37008CE7B4 /* Sources */,
				B80399D628D79A37008CE7B4 /* Frameworks */,
				B80399D728D79A37008CE7B4 /* Resources */,
			);
			buildRules = (
			);
			dependencies = (
			);
			name = Define;
			packageProductDependencies = (
				B8A1232428E971EC00ACEC45 /* Lottie */,
				B8FF0DC8295F9528004C61B6 /* DictionaryAPI */,
				B8C43F2F29FB0F6100F5E166 /* Introspect */,
			);
			productName = Define;
			productReference = B80399D928D79A37008CE7B4 /* Define.app */;
			productType = "com.apple.product-type.application";
		};
		B80399E828D79A3B008CE7B4 /* DefineTests */ = {
			isa = PBXNativeTarget;
			buildConfigurationList = B8039A0028D79A3B008CE7B4 /* Build configuration list for PBXNativeTarget "DefineTests" */;
			buildPhases = (
				B80399E528D79A3B008CE7B4 /* Sources */,
				B80399E628D79A3B008CE7B4 /* Frameworks */,
				B80399E728D79A3B008CE7B4 /* Resources */,
			);
			buildRules = (
			);
			dependencies = (
				B80399EB28D79A3B008CE7B4 /* PBXTargetDependency */,
			);
			name = DefineTests;
			productName = DefineTests;
			productReference = B80399E928D79A3B008CE7B4 /* DefineTests.xctest */;
			productType = "com.apple.product-type.bundle.unit-test";
		};
		B80399F228D79A3B008CE7B4 /* DefineUITests */ = {
			isa = PBXNativeTarget;
			buildConfigurationList = B8039A0328D79A3B008CE7B4 /* Build configuration list for PBXNativeTarget "DefineUITests" */;
			buildPhases = (
				B80399EF28D79A3B008CE7B4 /* Sources */,
				B80399F028D79A3B008CE7B4 /* Frameworks */,
				B80399F128D79A3B008CE7B4 /* Resources */,
			);
			buildRules = (
			);
			dependencies = (
				B80399F528D79A3B008CE7B4 /* PBXTargetDependency */,
			);
			name = DefineUITests;
			productName = DefineUITests;
			productReference = B80399F328D79A3B008CE7B4 /* DefineUITests.xctest */;
			productType = "com.apple.product-type.bundle.ui-testing";
		};
/* End PBXNativeTarget section */

/* Begin PBXProject section */
		B80399D128D79A36008CE7B4 /* Project object */ = {
			isa = PBXProject;
			attributes = {
				BuildIndependentTargetsInParallel = 1;
				LastSwiftUpdateCheck = 1400;
				LastUpgradeCheck = 1340;
				TargetAttributes = {
					B80399D828D79A37008CE7B4 = {
						CreatedOnToolsVersion = 13.4.1;
					};
					B80399E828D79A3B008CE7B4 = {
						CreatedOnToolsVersion = 13.4.1;
						TestTargetID = B80399D828D79A37008CE7B4;
					};
					B80399F228D79A3B008CE7B4 = {
						CreatedOnToolsVersion = 13.4.1;
						TestTargetID = B80399D828D79A37008CE7B4;
					};
				};
			};
			buildConfigurationList = B80399D428D79A36008CE7B4 /* Build configuration list for PBXProject "Define" */;
			compatibilityVersion = "Xcode 13.0";
			developmentRegion = en;
			hasScannedForEncodings = 0;
			knownRegions = (
				en,
				Base,
			);
			mainGroup = B80399D028D79A36008CE7B4;
			packageReferences = (
				B8A1232328E971EC00ACEC45 /* XCRemoteSwiftPackageReference "lottie-ios" */,
				B8C43F2E29FB0F6100F5E166 /* XCRemoteSwiftPackageReference "SwiftUI-Introspect" */,
			);
			productRefGroup = B80399DA28D79A37008CE7B4 /* Products */;
			projectDirPath = "";
			projectRoot = "";
			targets = (
				B80399D828D79A37008CE7B4 /* Define */,
				B80399E828D79A3B008CE7B4 /* DefineTests */,
				B80399F228D79A3B008CE7B4 /* DefineUITests */,
			);
		};
/* End PBXProject section */

/* Begin PBXResourcesBuildPhase section */
		B80399D728D79A37008CE7B4 /* Resources */ = {
			isa = PBXResourcesBuildPhase;
			buildActionMask = 2147483647;
			files = (
				B8B9B9E028EDC706006FCA76 /* Colors.xcassets in Resources */,
				B8FF0DCB295F9882004C61B6 /* hello.json in Resources */,
				B8B9B9E128EDC9FC006FCA76 /* Images.xcassets in Resources */,
				B8B563E928F00096004B80F0 /* LaunchScreen.storyboard in Resources */,
				B80399E428D79A3B008CE7B4 /* Preview Assets.xcassets in Resources */,
				B8A1232028E9712300ACEC45 /* searchEmpty.json in Resources */,
				B8A1231F28E9712300ACEC45 /* searchNoResults.json in Resources */,
				B8A1234F28E97D1A00ACEC45 /* WorkSans-Black.ttf in Resources */,
				B8A1234A28E97D1A00ACEC45 /* WorkSans-BlackItalic.ttf in Resources */,
				B8A1235328E97D1A00ACEC45 /* WorkSans-Bold.ttf in Resources */,
				B8A1234928E97D1A00ACEC45 /* WorkSans-BoldItalic.ttf in Resources */,
				B8A1234328E97D1A00ACEC45 /* WorkSans-ExtraBold.ttf in Resources */,
				B8A1234D28E97D1A00ACEC45 /* WorkSans-ExtraBoldItalic.ttf in Resources */,
				B8A1234728E97D1A00ACEC45 /* WorkSans-ExtraLight.ttf in Resources */,
				B8A1234E28E97D1A00ACEC45 /* WorkSans-ExtraLightItalic.ttf in Resources */,
				B8A1235228E97D1A00ACEC45 /* WorkSans-Italic.ttf in Resources */,
				B8A1234628E97D1A00ACEC45 /* WorkSans-Light.ttf in Resources */,
				B8A1235128E97D1A00ACEC45 /* WorkSans-LightItalic.ttf in Resources */,
				B8A1234528E97D1A00ACEC45 /* WorkSans-Medium.ttf in Resources */,
				B8A1235028E97D1A00ACEC45 /* WorkSans-MediumItalic.ttf in Resources */,
				B8A1234428E97D1A00ACEC45 /* WorkSans-Regular.ttf in Resources */,
				B8A1235428E97D1A00ACEC45 /* WorkSans-SemiBold.ttf in Resources */,
				B8A1234828E97D1A00ACEC45 /* WorkSans-SemiBoldItalic.ttf in Resources */,
				B8A1234B28E97D1A00ACEC45 /* WorkSans-Thin.ttf in Resources */,
				B8A1234C28E97D1A00ACEC45 /* WorkSans-ThinItalic.ttf in Resources */,
			);
			runOnlyForDeploymentPostprocessing = 0;
		};
		B80399E728D79A3B008CE7B4 /* Resources */ = {
			isa = PBXResourcesBuildPhase;
			buildActionMask = 2147483647;
			files = (
			);
			runOnlyForDeploymentPostprocessing = 0;
		};
		B80399F128D79A3B008CE7B4 /* Resources */ = {
			isa = PBXResourcesBuildPhase;
			buildActionMask = 2147483647;
			files = (
			);
			runOnlyForDeploymentPostprocessing = 0;
		};
/* End PBXResourcesBuildPhase section */

/* Begin PBXShellScriptBuildPhase section */
		B8039A0628D79EF0008CE7B4 /* SwiftLint */ = {
			isa = PBXShellScriptBuildPhase;
			alwaysOutOfDate = 1;
			buildActionMask = 2147483647;
			files = (
			);
			inputFileListPaths = (
			);
			inputPaths = (
			);
			name = SwiftLint;
			outputFileListPaths = (
			);
			outputPaths = (
			);
			runOnlyForDeploymentPostprocessing = 0;
			shellPath = /bin/sh;
			shellScript = "export PATH=\"$PATH:/opt/homebrew/bin\"\nif which swiftlint > /dev/null; then\n  swiftlint\nelse\n  echo \"warning: SwiftLint not installed, download from https://github.com/realm/SwiftLint\"\nfi\n";
		};
/* End PBXShellScriptBuildPhase section */

/* Begin PBXSourcesBuildPhase section */
		B80399D528D79A37008CE7B4 /* Sources */ = {
			isa = PBXSourcesBuildPhase;
			buildActionMask = 2147483647;
			files = (
				B89F179D28E0FABE00A96E35 /* AppDelegate.swift in Sources */,
				B8BEC3CE2955D8FD00946196 /* AppNavigationLink.swift in Sources */,
				B889DEBE2957ACF50020E9C9 /* Array+RawRepresentable.swift in Sources */,
				B8B9B9DA28EC6210006FCA76 /* BlurView.swift in Sources */,
				B8FF0DD329609E3E004C61B6 /* Bundle+Key.swift in Sources */,
				B8BBA16228E8EDF100222116 /* ButtonView.swift in Sources */,
				B82A76C528DFAA7200DABFBE /* CapsuleBorder.swift in Sources */,
				B8E49C0B28DF985500F9CAC4 /* CGFloat+Values.swift in Sources */,
				B891F8E42950FC4300A53582 /* Chevron.swift in Sources */,
				B891F8E22950FB6600A53582 /* ChevronView.swift in Sources */,
				B8D2A73E28DEEFE70096A020 /* Color+Values.swift in Sources */,
				B84AD60C28FB01AF00C2D5AE /* ContentView.swift in Sources */,
				B813BFFF28EB7BE6000C766C /* CrossIconView.swift in Sources */,
				B8A1235D28E97FB000ACEC45 /* CustomFont.swift in Sources */,
				B80399DD28D79A37008CE7B4 /* DefineApp.swift in Sources */,
				B895887429578BFB0041A315 /* DefinitionsScreen.swift in Sources */,
				B88491A22961FFB5009F6469 /* DefinitionView.swift in Sources */,
				B8B9B9D828EC603D006FCA76 /* EdgeInsets+Extensions.swift in Sources */,
				B8E49C0F28DF9AA500F9CAC4 /* EdgeInsets+Values.swift in Sources */,
				B8C894EA28D905BD00975E25 /* ForEach+Extensions.swift in Sources */,
				B8B9B9DD28EC66AD006FCA76 /* GradientBlurView.swift in Sources */,
				B813C00328EB7F7D000C766C /* IconContainerView.swift in Sources */,
				B813C00128EB7DB9000C766C /* IconView.swift in Sources */,
				B8E28DCA28EA0F93009BE8A2 /* Image+Values.swift in Sources */,
				B88491A629620353009F6469 /* IndexElement.swift in Sources */,
				B8D2A74228DF3A250096A020 /* InputTextField.swift in Sources */,
				B8C25F9C294F7AAF001C8847 /* KeyboardToolbar.swift in Sources */,
				B8B563EB28F00391004B80F0 /* LaunchScreen.swift in Sources */,
				B86471AA28FB59F000716912 /* ListView.swift in Sources */,
				B8E49C0928DF917E00F9CAC4 /* LoadingView.swift in Sources */,
				B8B9B9E328EDE65F006FCA76 /* LogoView.swift in Sources */,
				B8A1232728E971FD00ACEC45 /* LottieFile.swift in Sources */,
				B8A1232228E9714600ACEC45 /* LottieView.swift in Sources */,
				B8FF0DDC2960B548004C61B6 /* MeaningListItemView.swift in Sources */,
				B8FF0DD129609DDF004C61B6 /* Migrations.swift in Sources */,
				B8A2A83D2965814600A16FEE /* NavigationBarStyle.swift in Sources */,
				B8958876295790E30041A315 /* NavigationViewModel.swift in Sources */,
				B8B9B9E728EDED53006FCA76 /* NilCoalescingPrecedence.swift in Sources */,
				B8C43F3229FB0F7500F5E166 /* NoBounceScrollView.swift in Sources */,
				B813BFF828EB6F30000C766C /* RoundedBorder.swift in Sources */,
				B8FF0DD82960ACCE004C61B6 /* SavedWord.swift in Sources */,
				B89F179428E0EBF100A96E35 /* Screen.swift in Sources */,
				B8A2A8422965C52000A16FEE /* ScreenBody.swift in Sources */,
				B8A1232A28E9744E00ACEC45 /* SearchEmptyView.swift in Sources */,
				B8B9B9D628EC5C54006FCA76 /* SearchHeaderView.swift in Sources */,
				B813BFFD28EB7BA1000C766C /* SearchIconView.swift in Sources */,
				B8D2A73C28DEEFAE0096A020 /* SearchScreen.swift in Sources */,
				B879E9F028F0CA910094AA24 /* SearchViewModel.swift in Sources */,
				B8C25FA0294F8D5D001C8847 /* Separator.swift in Sources */,
				B813BFFA28EB7022000C766C /* ShapeBorder.swift in Sources */,
				B894FA2128FC8A4B00BC0BFA /* StickyBottom.swift in Sources */,
				B894FA2428FC8D7A00BC0BFA /* StickyButton.swift in Sources */,
				B8E49C0D28DF99EA00F9CAC4 /* String+Localizations.swift in Sources */,
				B879E9E928F0C5190094AA24 /* TagView.swift in Sources */,
				B8D2A74628DF3AFE0096A020 /* TextStyle.swift in Sources */,
				B8FF0DD529609EF3004C61B6 /* UserDefaultKey.swift in Sources */,
				B8B563E728EFFEC3004B80F0 /* View+Extensions.swift in Sources */,
				B8E49C1128DFA60000F9CAC4 /* View+If.swift in Sources */,
				B88491A829620B1A009F6469 /* VSpacer.swift in Sources */,
				B894FA1C28FC69FA00BC0BFA /* Word+Preview.swift in Sources */,
				B801A3DB2986D41400FAD316 /* WordCategoryView.swift in Sources */,
				B879E9EE28F0C7ED0094AA24 /* WordListItemView.swift in Sources */,
				B8A2A8452965E42A00A16FEE /* WordListView.swift in Sources */,
				B84AD60A28FAFC9E00C2D5AE /* WordScreen.swift in Sources */,
				B889DEC12957AEF60020E9C9 /* WordsViewModel.swift in Sources */,
				B8A1235A28E97EF300ACEC45 /* WorkSans.swift in Sources */,
			);
			runOnlyForDeploymentPostprocessing = 0;
		};
		B80399E528D79A3B008CE7B4 /* Sources */ = {
			isa = PBXSourcesBuildPhase;
			buildActionMask = 2147483647;
			files = (
				B891F8E629530E6500A53582 /* CGRectTests.swift in Sources */,
				B80399EE28D79A3B008CE7B4 /* DefineTests.swift in Sources */,
			);
			runOnlyForDeploymentPostprocessing = 0;
		};
		B80399EF28D79A3B008CE7B4 /* Sources */ = {
			isa = PBXSourcesBuildPhase;
			buildActionMask = 2147483647;
			files = (
				B80399F828D79A3B008CE7B4 /* DefineUITests.swift in Sources */,
				B80399FA28D79A3B008CE7B4 /* DefineUITestsLaunchTests.swift in Sources */,
			);
			runOnlyForDeploymentPostprocessing = 0;
		};
/* End PBXSourcesBuildPhase section */

/* Begin PBXTargetDependency section */
		B80399EB28D79A3B008CE7B4 /* PBXTargetDependency */ = {
			isa = PBXTargetDependency;
			target = B80399D828D79A37008CE7B4 /* Define */;
			targetProxy = B80399EA28D79A3B008CE7B4 /* PBXContainerItemProxy */;
		};
		B80399F528D79A3B008CE7B4 /* PBXTargetDependency */ = {
			isa = PBXTargetDependency;
			target = B80399D828D79A37008CE7B4 /* Define */;
			targetProxy = B80399F428D79A3B008CE7B4 /* PBXContainerItemProxy */;
		};
/* End PBXTargetDependency section */

/* Begin XCBuildConfiguration section */
		B80399FB28D79A3B008CE7B4 /* Debug */ = {
			isa = XCBuildConfiguration;
			buildSettings = {
				ALWAYS_SEARCH_USER_PATHS = NO;
				CLANG_ANALYZER_NONNULL = YES;
				CLANG_ANALYZER_NUMBER_OBJECT_CONVERSION = YES_AGGRESSIVE;
				CLANG_CXX_LANGUAGE_STANDARD = "gnu++17";
				CLANG_ENABLE_MODULES = YES;
				CLANG_ENABLE_OBJC_ARC = YES;
				CLANG_ENABLE_OBJC_WEAK = YES;
				CLANG_WARN_BLOCK_CAPTURE_AUTORELEASING = YES;
				CLANG_WARN_BOOL_CONVERSION = YES;
				CLANG_WARN_COMMA = YES;
				CLANG_WARN_CONSTANT_CONVERSION = YES;
				CLANG_WARN_DEPRECATED_OBJC_IMPLEMENTATIONS = YES;
				CLANG_WARN_DIRECT_OBJC_ISA_USAGE = YES_ERROR;
				CLANG_WARN_DOCUMENTATION_COMMENTS = YES;
				CLANG_WARN_EMPTY_BODY = YES;
				CLANG_WARN_ENUM_CONVERSION = YES;
				CLANG_WARN_INFINITE_RECURSION = YES;
				CLANG_WARN_INT_CONVERSION = YES;
				CLANG_WARN_NON_LITERAL_NULL_CONVERSION = YES;
				CLANG_WARN_OBJC_IMPLICIT_RETAIN_SELF = YES;
				CLANG_WARN_OBJC_LITERAL_CONVERSION = YES;
				CLANG_WARN_OBJC_ROOT_CLASS = YES_ERROR;
				CLANG_WARN_QUOTED_INCLUDE_IN_FRAMEWORK_HEADER = YES;
				CLANG_WARN_RANGE_LOOP_ANALYSIS = YES;
				CLANG_WARN_STRICT_PROTOTYPES = YES;
				CLANG_WARN_SUSPICIOUS_MOVE = YES;
				CLANG_WARN_UNGUARDED_AVAILABILITY = YES_AGGRESSIVE;
				CLANG_WARN_UNREACHABLE_CODE = YES;
				CLANG_WARN__DUPLICATE_METHOD_MATCH = YES;
				COPY_PHASE_STRIP = NO;
				DEBUG_INFORMATION_FORMAT = dwarf;
				ENABLE_STRICT_OBJC_MSGSEND = YES;
				ENABLE_TESTABILITY = YES;
				GCC_C_LANGUAGE_STANDARD = gnu11;
				GCC_DYNAMIC_NO_PIC = NO;
				GCC_NO_COMMON_BLOCKS = YES;
				GCC_OPTIMIZATION_LEVEL = 0;
				GCC_PREPROCESSOR_DEFINITIONS = (
					"DEBUG=1",
					"$(inherited)",
				);
				GCC_WARN_64_TO_32_BIT_CONVERSION = YES;
				GCC_WARN_ABOUT_RETURN_TYPE = YES_ERROR;
				GCC_WARN_UNDECLARED_SELECTOR = YES;
				GCC_WARN_UNINITIALIZED_AUTOS = YES_AGGRESSIVE;
				GCC_WARN_UNUSED_FUNCTION = YES;
				GCC_WARN_UNUSED_VARIABLE = YES;
				IPHONEOS_DEPLOYMENT_TARGET = 16.0;
				MTL_ENABLE_DEBUG_INFO = INCLUDE_SOURCE;
				MTL_FAST_MATH = YES;
				ONLY_ACTIVE_ARCH = YES;
				SDKROOT = iphoneos;
				SWIFT_ACTIVE_COMPILATION_CONDITIONS = DEBUG;
				SWIFT_OPTIMIZATION_LEVEL = "-Onone";
			};
			name = Debug;
		};
		B80399FC28D79A3B008CE7B4 /* Release */ = {
			isa = XCBuildConfiguration;
			buildSettings = {
				ALWAYS_SEARCH_USER_PATHS = NO;
				CLANG_ANALYZER_NONNULL = YES;
				CLANG_ANALYZER_NUMBER_OBJECT_CONVERSION = YES_AGGRESSIVE;
				CLANG_CXX_LANGUAGE_STANDARD = "gnu++17";
				CLANG_ENABLE_MODULES = YES;
				CLANG_ENABLE_OBJC_ARC = YES;
				CLANG_ENABLE_OBJC_WEAK = YES;
				CLANG_WARN_BLOCK_CAPTURE_AUTORELEASING = YES;
				CLANG_WARN_BOOL_CONVERSION = YES;
				CLANG_WARN_COMMA = YES;
				CLANG_WARN_CONSTANT_CONVERSION = YES;
				CLANG_WARN_DEPRECATED_OBJC_IMPLEMENTATIONS = YES;
				CLANG_WARN_DIRECT_OBJC_ISA_USAGE = YES_ERROR;
				CLANG_WARN_DOCUMENTATION_COMMENTS = YES;
				CLANG_WARN_EMPTY_BODY = YES;
				CLANG_WARN_ENUM_CONVERSION = YES;
				CLANG_WARN_INFINITE_RECURSION = YES;
				CLANG_WARN_INT_CONVERSION = YES;
				CLANG_WARN_NON_LITERAL_NULL_CONVERSION = YES;
				CLANG_WARN_OBJC_IMPLICIT_RETAIN_SELF = YES;
				CLANG_WARN_OBJC_LITERAL_CONVERSION = YES;
				CLANG_WARN_OBJC_ROOT_CLASS = YES_ERROR;
				CLANG_WARN_QUOTED_INCLUDE_IN_FRAMEWORK_HEADER = YES;
				CLANG_WARN_RANGE_LOOP_ANALYSIS = YES;
				CLANG_WARN_STRICT_PROTOTYPES = YES;
				CLANG_WARN_SUSPICIOUS_MOVE = YES;
				CLANG_WARN_UNGUARDED_AVAILABILITY = YES_AGGRESSIVE;
				CLANG_WARN_UNREACHABLE_CODE = YES;
				CLANG_WARN__DUPLICATE_METHOD_MATCH = YES;
				COPY_PHASE_STRIP = NO;
				DEBUG_INFORMATION_FORMAT = "dwarf-with-dsym";
				ENABLE_NS_ASSERTIONS = NO;
				ENABLE_STRICT_OBJC_MSGSEND = YES;
				GCC_C_LANGUAGE_STANDARD = gnu11;
				GCC_NO_COMMON_BLOCKS = YES;
				GCC_WARN_64_TO_32_BIT_CONVERSION = YES;
				GCC_WARN_ABOUT_RETURN_TYPE = YES_ERROR;
				GCC_WARN_UNDECLARED_SELECTOR = YES;
				GCC_WARN_UNINITIALIZED_AUTOS = YES_AGGRESSIVE;
				GCC_WARN_UNUSED_FUNCTION = YES;
				GCC_WARN_UNUSED_VARIABLE = YES;
				IPHONEOS_DEPLOYMENT_TARGET = 16.0;
				MTL_ENABLE_DEBUG_INFO = NO;
				MTL_FAST_MATH = YES;
				SDKROOT = iphoneos;
				SWIFT_COMPILATION_MODE = wholemodule;
				SWIFT_OPTIMIZATION_LEVEL = "-O";
				VALIDATE_PRODUCT = YES;
			};
			name = Release;
		};
		B80399FE28D79A3B008CE7B4 /* Debug */ = {
			isa = XCBuildConfiguration;
			buildSettings = {
				ASSETCATALOG_COMPILER_APPICON_NAME = AppIcon;
				ASSETCATALOG_COMPILER_GLOBAL_ACCENT_COLOR_NAME = AccentColor;
				CODE_SIGN_STYLE = Automatic;
				CURRENT_PROJECT_VERSION = 1;
				DEVELOPMENT_ASSET_PATHS = "\"Define/Preview Content\"";
				DEVELOPMENT_TEAM = 6Z8UT7B867;
				ENABLE_PREVIEWS = YES;
				GENERATE_INFOPLIST_FILE = YES;
				INFOPLIST_FILE = Define/Info.plist;
				INFOPLIST_KEY_LSApplicationCategoryType = "public.app-category.education";
				INFOPLIST_KEY_UIApplicationSceneManifest_Generation = YES;
				INFOPLIST_KEY_UIApplicationSupportsIndirectInputEvents = YES;
				INFOPLIST_KEY_UILaunchScreen_Generation = YES;
				INFOPLIST_KEY_UILaunchStoryboardName = LaunchScreen.storyboard;
				INFOPLIST_KEY_UISupportedInterfaceOrientations = UIInterfaceOrientationPortrait;
				INFOPLIST_KEY_UISupportedInterfaceOrientations_iPad = "UIInterfaceOrientationLandscapeLeft UIInterfaceOrientationLandscapeRight UIInterfaceOrientationPortrait UIInterfaceOrientationPortraitUpsideDown";
				INFOPLIST_KEY_UIUserInterfaceStyle = Light;
				IPHONEOS_DEPLOYMENT_TARGET = 16.0;
				LD_RUNPATH_SEARCH_PATHS = (
					"$(inherited)",
					"@executable_path/Frameworks",
				);
				MARKETING_VERSION = 1.0.0;
				PRODUCT_BUNDLE_IDENTIFIER = com.benshutt.Define;
				PRODUCT_NAME = "$(TARGET_NAME)";
				SWIFT_EMIT_LOC_STRINGS = YES;
				SWIFT_VERSION = 5.0;
				TARGETED_DEVICE_FAMILY = 1;
			};
			name = Debug;
		};
		B80399FF28D79A3B008CE7B4 /* Release */ = {
			isa = XCBuildConfiguration;
			buildSettings = {
				ASSETCATALOG_COMPILER_APPICON_NAME = AppIcon;
				ASSETCATALOG_COMPILER_GLOBAL_ACCENT_COLOR_NAME = AccentColor;
				CODE_SIGN_STYLE = Automatic;
				CURRENT_PROJECT_VERSION = 1;
				DEVELOPMENT_ASSET_PATHS = "\"Define/Preview Content\"";
				DEVELOPMENT_TEAM = 6Z8UT7B867;
				ENABLE_PREVIEWS = YES;
				GENERATE_INFOPLIST_FILE = YES;
				INFOPLIST_FILE = Define/Info.plist;
				INFOPLIST_KEY_LSApplicationCategoryType = "public.app-category.education";
				INFOPLIST_KEY_UIApplicationSceneManifest_Generation = YES;
				INFOPLIST_KEY_UIApplicationSupportsIndirectInputEvents = YES;
				INFOPLIST_KEY_UILaunchScreen_Generation = YES;
				INFOPLIST_KEY_UILaunchStoryboardName = LaunchScreen.storyboard;
				INFOPLIST_KEY_UISupportedInterfaceOrientations = UIInterfaceOrientationPortrait;
				INFOPLIST_KEY_UISupportedInterfaceOrientations_iPad = "UIInterfaceOrientationLandscapeLeft UIInterfaceOrientationLandscapeRight UIInterfaceOrientationPortrait UIInterfaceOrientationPortraitUpsideDown";
				INFOPLIST_KEY_UIUserInterfaceStyle = Light;
				IPHONEOS_DEPLOYMENT_TARGET = 16.0;
				LD_RUNPATH_SEARCH_PATHS = (
					"$(inherited)",
					"@executable_path/Frameworks",
				);
				MARKETING_VERSION = 1.0.0;
				PRODUCT_BUNDLE_IDENTIFIER = com.benshutt.Define;
				PRODUCT_NAME = "$(TARGET_NAME)";
				SWIFT_EMIT_LOC_STRINGS = YES;
				SWIFT_VERSION = 5.0;
				TARGETED_DEVICE_FAMILY = 1;
			};
			name = Release;
		};
		B8039A0128D79A3B008CE7B4 /* Debug */ = {
			isa = XCBuildConfiguration;
			buildSettings = {
				ALWAYS_EMBED_SWIFT_STANDARD_LIBRARIES = YES;
				BUNDLE_LOADER = "$(TEST_HOST)";
				CODE_SIGN_STYLE = Automatic;
				CURRENT_PROJECT_VERSION = 1;
				GENERATE_INFOPLIST_FILE = YES;
				IPHONEOS_DEPLOYMENT_TARGET = 16.0;
				MARKETING_VERSION = 1.0;
				PRODUCT_BUNDLE_IDENTIFIER = com.benshutt.DefineTests;
				PRODUCT_NAME = "$(TARGET_NAME)";
				SWIFT_EMIT_LOC_STRINGS = NO;
				SWIFT_VERSION = 5.0;
				TARGETED_DEVICE_FAMILY = "1,2";
				TEST_HOST = "$(BUILT_PRODUCTS_DIR)/Define.app/Define";
			};
			name = Debug;
		};
		B8039A0228D79A3B008CE7B4 /* Release */ = {
			isa = XCBuildConfiguration;
			buildSettings = {
				ALWAYS_EMBED_SWIFT_STANDARD_LIBRARIES = YES;
				BUNDLE_LOADER = "$(TEST_HOST)";
				CODE_SIGN_STYLE = Automatic;
				CURRENT_PROJECT_VERSION = 1;
				GENERATE_INFOPLIST_FILE = YES;
				IPHONEOS_DEPLOYMENT_TARGET = 16.0;
				MARKETING_VERSION = 1.0;
				PRODUCT_BUNDLE_IDENTIFIER = com.benshutt.DefineTests;
				PRODUCT_NAME = "$(TARGET_NAME)";
				SWIFT_EMIT_LOC_STRINGS = NO;
				SWIFT_VERSION = 5.0;
				TARGETED_DEVICE_FAMILY = "1,2";
				TEST_HOST = "$(BUILT_PRODUCTS_DIR)/Define.app/Define";
			};
			name = Release;
		};
		B8039A0428D79A3B008CE7B4 /* Debug */ = {
			isa = XCBuildConfiguration;
			buildSettings = {
				ALWAYS_EMBED_SWIFT_STANDARD_LIBRARIES = YES;
				CODE_SIGN_STYLE = Automatic;
				CURRENT_PROJECT_VERSION = 1;
				GENERATE_INFOPLIST_FILE = YES;
				IPHONEOS_DEPLOYMENT_TARGET = 16.0;
				MARKETING_VERSION = 1.0;
				PRODUCT_BUNDLE_IDENTIFIER = com.benshutt.DefineUITests;
				PRODUCT_NAME = "$(TARGET_NAME)";
				SWIFT_EMIT_LOC_STRINGS = NO;
				SWIFT_VERSION = 5.0;
				TARGETED_DEVICE_FAMILY = "1,2";
				TEST_TARGET_NAME = Define;
			};
			name = Debug;
		};
		B8039A0528D79A3B008CE7B4 /* Release */ = {
			isa = XCBuildConfiguration;
			buildSettings = {
				ALWAYS_EMBED_SWIFT_STANDARD_LIBRARIES = YES;
				CODE_SIGN_STYLE = Automatic;
				CURRENT_PROJECT_VERSION = 1;
				GENERATE_INFOPLIST_FILE = YES;
				IPHONEOS_DEPLOYMENT_TARGET = 16.0;
				MARKETING_VERSION = 1.0;
				PRODUCT_BUNDLE_IDENTIFIER = com.benshutt.DefineUITests;
				PRODUCT_NAME = "$(TARGET_NAME)";
				SWIFT_EMIT_LOC_STRINGS = NO;
				SWIFT_VERSION = 5.0;
				TARGETED_DEVICE_FAMILY = "1,2";
				TEST_TARGET_NAME = Define;
			};
			name = Release;
		};
/* End XCBuildConfiguration section */

/* Begin XCConfigurationList section */
		B80399D428D79A36008CE7B4 /* Build configuration list for PBXProject "Define" */ = {
			isa = XCConfigurationList;
			buildConfigurations = (
				B80399FB28D79A3B008CE7B4 /* Debug */,
				B80399FC28D79A3B008CE7B4 /* Release */,
			);
			defaultConfigurationIsVisible = 0;
			defaultConfigurationName = Release;
		};
		B80399FD28D79A3B008CE7B4 /* Build configuration list for PBXNativeTarget "Define" */ = {
			isa = XCConfigurationList;
			buildConfigurations = (
				B80399FE28D79A3B008CE7B4 /* Debug */,
				B80399FF28D79A3B008CE7B4 /* Release */,
			);
			defaultConfigurationIsVisible = 0;
			defaultConfigurationName = Release;
		};
		B8039A0028D79A3B008CE7B4 /* Build configuration list for PBXNativeTarget "DefineTests" */ = {
			isa = XCConfigurationList;
			buildConfigurations = (
				B8039A0128D79A3B008CE7B4 /* Debug */,
				B8039A0228D79A3B008CE7B4 /* Release */,
			);
			defaultConfigurationIsVisible = 0;
			defaultConfigurationName = Release;
		};
		B8039A0328D79A3B008CE7B4 /* Build configuration list for PBXNativeTarget "DefineUITests" */ = {
			isa = XCConfigurationList;
			buildConfigurations = (
				B8039A0428D79A3B008CE7B4 /* Debug */,
				B8039A0528D79A3B008CE7B4 /* Release */,
			);
			defaultConfigurationIsVisible = 0;
			defaultConfigurationName = Release;
		};
/* End XCConfigurationList section */

/* Begin XCRemoteSwiftPackageReference section */
		B8A1232328E971EC00ACEC45 /* XCRemoteSwiftPackageReference "lottie-ios" */ = {
			isa = XCRemoteSwiftPackageReference;
			repositoryURL = "https://github.com/airbnb/lottie-ios";
			requirement = {
				kind = upToNextMajorVersion;
				minimumVersion = 3.0.0;
			};
		};
		B8C43F2E29FB0F6100F5E166 /* XCRemoteSwiftPackageReference "SwiftUI-Introspect" */ = {
			isa = XCRemoteSwiftPackageReference;
			repositoryURL = "https://github.com/siteline/SwiftUI-Introspect.git";
			requirement = {
				kind = upToNextMajorVersion;
				minimumVersion = 0.2.3;
			};
		};
/* End XCRemoteSwiftPackageReference section */

/* Begin XCSwiftPackageProductDependency section */
		B8A1232428E971EC00ACEC45 /* Lottie */ = {
			isa = XCSwiftPackageProductDependency;
			package = B8A1232328E971EC00ACEC45 /* XCRemoteSwiftPackageReference "lottie-ios" */;
			productName = Lottie;
		};
		B8C43F2F29FB0F6100F5E166 /* Introspect */ = {
			isa = XCSwiftPackageProductDependency;
			package = B8C43F2E29FB0F6100F5E166 /* XCRemoteSwiftPackageReference "SwiftUI-Introspect" */;
			productName = Introspect;
		};
		B8FF0DC8295F9528004C61B6 /* DictionaryAPI */ = {
			isa = XCSwiftPackageProductDependency;
			productName = DictionaryAPI;
		};
/* End XCSwiftPackageProductDependency section */
	};
	rootObject = B80399D128D79A36008CE7B4 /* Project object */;
}
