// !$*UTF8*$!
{
	archiveVersion = 1;
	classes = {
	};
	objectVersion = 55;
	objects = {

/* Begin PBXBuildFile section */
		B80399DD28D79A37008CE7B4 /* DefineApp.swift in Sources */ = {isa = PBXBuildFile; fileRef = B80399DC28D79A37008CE7B4 /* DefineApp.swift */; };
		B80399DF28D79A37008CE7B4 /* ContentView.swift in Sources */ = {isa = PBXBuildFile; fileRef = B80399DE28D79A37008CE7B4 /* ContentView.swift */; };
		B80399E128D79A3B008CE7B4 /* Assets.xcassets in Resources */ = {isa = PBXBuildFile; fileRef = B80399E028D79A3B008CE7B4 /* Assets.xcassets */; };
		B80399E428D79A3B008CE7B4 /* Preview Assets.xcassets in Resources */ = {isa = PBXBuildFile; fileRef = B80399E328D79A3B008CE7B4 /* Preview Assets.xcassets */; };
		B80399EE28D79A3B008CE7B4 /* DefineTests.swift in Sources */ = {isa = PBXBuildFile; fileRef = B80399ED28D79A3B008CE7B4 /* DefineTests.swift */; };
		B80399F828D79A3B008CE7B4 /* DefineUITests.swift in Sources */ = {isa = PBXBuildFile; fileRef = B80399F728D79A3B008CE7B4 /* DefineUITests.swift */; };
		B80399FA28D79A3B008CE7B4 /* DefineUITestsLaunchTests.swift in Sources */ = {isa = PBXBuildFile; fileRef = B80399F928D79A3B008CE7B4 /* DefineUITestsLaunchTests.swift */; };
		B8039A0928D7A14C008CE7B4 /* URLComponents+DictionaryAPI.swift in Sources */ = {isa = PBXBuildFile; fileRef = B8039A0828D7A14C008CE7B4 /* URLComponents+DictionaryAPI.swift */; };
		B8039A0E28D7A298008CE7B4 /* DictionaryAPIKey.swift in Sources */ = {isa = PBXBuildFile; fileRef = B8039A0D28D7A298008CE7B4 /* DictionaryAPIKey.swift */; };
		B8039A1128D7A52A008CE7B4 /* URL+Components.swift in Sources */ = {isa = PBXBuildFile; fileRef = B8039A1028D7A52A008CE7B4 /* URL+Components.swift */; };
		B8039A1428D7AAF7008CE7B4 /* HTTPRequest in Frameworks */ = {isa = PBXBuildFile; productRef = B8039A1328D7AAF7008CE7B4 /* HTTPRequest */; };
		B8039A1828D7AF09008CE7B4 /* String+Contants.swift in Sources */ = {isa = PBXBuildFile; fileRef = B8039A1728D7AF09008CE7B4 /* String+Contants.swift */; };
		B8039A1D28D7B37A008CE7B4 /* EntriesAPI.swift in Sources */ = {isa = PBXBuildFile; fileRef = B8039A1C28D7B37A008CE7B4 /* EntriesAPI.swift */; };
/* End PBXBuildFile section */

/* Begin PBXContainerItemProxy section */
		B80399EA28D79A3B008CE7B4 /* PBXContainerItemProxy */ = {
			isa = PBXContainerItemProxy;
			containerPortal = B80399D128D79A36008CE7B4 /* Project object */;
			proxyType = 1;
			remoteGlobalIDString = B80399D828D79A37008CE7B4;
			remoteInfo = Define;
		};
		B80399F428D79A3B008CE7B4 /* PBXContainerItemProxy */ = {
			isa = PBXContainerItemProxy;
			containerPortal = B80399D128D79A36008CE7B4 /* Project object */;
			proxyType = 1;
			remoteGlobalIDString = B80399D828D79A37008CE7B4;
			remoteInfo = Define;
		};
/* End PBXContainerItemProxy section */

/* Begin PBXFileReference section */
		B80399D928D79A37008CE7B4 /* Define.app */ = {isa = PBXFileReference; explicitFileType = wrapper.application; includeInIndex = 0; path = Define.app; sourceTree = BUILT_PRODUCTS_DIR; };
		B80399DC28D79A37008CE7B4 /* DefineApp.swift */ = {isa = PBXFileReference; lastKnownFileType = sourcecode.swift; path = DefineApp.swift; sourceTree = "<group>"; };
		B80399DE28D79A37008CE7B4 /* ContentView.swift */ = {isa = PBXFileReference; lastKnownFileType = sourcecode.swift; path = ContentView.swift; sourceTree = "<group>"; };
		B80399E028D79A3B008CE7B4 /* Assets.xcassets */ = {isa = PBXFileReference; lastKnownFileType = folder.assetcatalog; path = Assets.xcassets; sourceTree = "<group>"; };
		B80399E328D79A3B008CE7B4 /* Preview Assets.xcassets */ = {isa = PBXFileReference; lastKnownFileType = folder.assetcatalog; path = "Preview Assets.xcassets"; sourceTree = "<group>"; };
		B80399E928D79A3B008CE7B4 /* DefineTests.xctest */ = {isa = PBXFileReference; explicitFileType = wrapper.cfbundle; includeInIndex = 0; path = DefineTests.xctest; sourceTree = BUILT_PRODUCTS_DIR; };
		B80399ED28D79A3B008CE7B4 /* DefineTests.swift */ = {isa = PBXFileReference; lastKnownFileType = sourcecode.swift; path = DefineTests.swift; sourceTree = "<group>"; };
		B80399F328D79A3B008CE7B4 /* DefineUITests.xctest */ = {isa = PBXFileReference; explicitFileType = wrapper.cfbundle; includeInIndex = 0; path = DefineUITests.xctest; sourceTree = BUILT_PRODUCTS_DIR; };
		B80399F728D79A3B008CE7B4 /* DefineUITests.swift */ = {isa = PBXFileReference; lastKnownFileType = sourcecode.swift; path = DefineUITests.swift; sourceTree = "<group>"; };
		B80399F928D79A3B008CE7B4 /* DefineUITestsLaunchTests.swift */ = {isa = PBXFileReference; lastKnownFileType = sourcecode.swift; path = DefineUITestsLaunchTests.swift; sourceTree = "<group>"; };
		B8039A0828D7A14C008CE7B4 /* URLComponents+DictionaryAPI.swift */ = {isa = PBXFileReference; lastKnownFileType = sourcecode.swift; path = "URLComponents+DictionaryAPI.swift"; sourceTree = "<group>"; };
		B8039A0D28D7A298008CE7B4 /* DictionaryAPIKey.swift */ = {isa = PBXFileReference; lastKnownFileType = sourcecode.swift; path = DictionaryAPIKey.swift; sourceTree = "<group>"; };
		B8039A1028D7A52A008CE7B4 /* URL+Components.swift */ = {isa = PBXFileReference; lastKnownFileType = sourcecode.swift; path = "URL+Components.swift"; sourceTree = "<group>"; };
		B8039A1728D7AF09008CE7B4 /* String+Contants.swift */ = {isa = PBXFileReference; lastKnownFileType = sourcecode.swift; path = "String+Contants.swift"; sourceTree = "<group>"; };
		B8039A1C28D7B37A008CE7B4 /* EntriesAPI.swift */ = {isa = PBXFileReference; lastKnownFileType = sourcecode.swift; path = EntriesAPI.swift; sourceTree = "<group>"; };
/* End PBXFileReference section */

/* Begin PBXFrameworksBuildPhase section */
		B80399D628D79A37008CE7B4 /* Frameworks */ = {
			isa = PBXFrameworksBuildPhase;
			buildActionMask = 2147483647;
			files = (
				B8039A1428D7AAF7008CE7B4 /* HTTPRequest in Frameworks */,
			);
			runOnlyForDeploymentPostprocessing = 0;
		};
		B80399E628D79A3B008CE7B4 /* Frameworks */ = {
			isa = PBXFrameworksBuildPhase;
			buildActionMask = 2147483647;
			files = (
			);
			runOnlyForDeploymentPostprocessing = 0;
		};
		B80399F028D79A3B008CE7B4 /* Frameworks */ = {
			isa = PBXFrameworksBuildPhase;
			buildActionMask = 2147483647;
			files = (
			);
			runOnlyForDeploymentPostprocessing = 0;
		};
/* End PBXFrameworksBuildPhase section */

/* Begin PBXGroup section */
		B80399D028D79A36008CE7B4 = {
			isa = PBXGroup;
			children = (
				B80399DB28D79A37008CE7B4 /* Define */,
				B80399EC28D79A3B008CE7B4 /* DefineTests */,
				B80399F628D79A3B008CE7B4 /* DefineUITests */,
				B80399DA28D79A37008CE7B4 /* Products */,
			);
			sourceTree = "<group>";
		};
		B80399DA28D79A37008CE7B4 /* Products */ = {
			isa = PBXGroup;
			children = (
				B80399D928D79A37008CE7B4 /* Define.app */,
				B80399E928D79A3B008CE7B4 /* DefineTests.xctest */,
				B80399F328D79A3B008CE7B4 /* DefineUITests.xctest */,
			);
			name = Products;
			sourceTree = "<group>";
		};
		B80399DB28D79A37008CE7B4 /* Define */ = {
			isa = PBXGroup;
			children = (
				B8039A0A28D7A26E008CE7B4 /* Assets */,
				B8039A0728D7A0DC008CE7B4 /* DictionaryAPI */,
				B8039A0F28D7A51F008CE7B4 /* Extensions */,
				B80399E228D79A3B008CE7B4 /* Preview Content */,
				B80399DE28D79A37008CE7B4 /* ContentView.swift */,
				B80399DC28D79A37008CE7B4 /* DefineApp.swift */,
			);
			path = Define;
			sourceTree = "<group>";
		};
		B80399E228D79A3B008CE7B4 /* Preview Content */ = {
			isa = PBXGroup;
			children = (
				B80399E328D79A3B008CE7B4 /* Preview Assets.xcassets */,
			);
			path = "Preview Content";
			sourceTree = "<group>";
		};
		B80399EC28D79A3B008CE7B4 /* DefineTests */ = {
			isa = PBXGroup;
			children = (
				B80399ED28D79A3B008CE7B4 /* DefineTests.swift */,
			);
			path = DefineTests;
			sourceTree = "<group>";
		};
		B80399F628D79A3B008CE7B4 /* DefineUITests */ = {
			isa = PBXGroup;
			children = (
				B80399F728D79A3B008CE7B4 /* DefineUITests.swift */,
				B80399F928D79A3B008CE7B4 /* DefineUITestsLaunchTests.swift */,
			);
			path = DefineUITests;
			sourceTree = "<group>";
		};
		B8039A0728D7A0DC008CE7B4 /* DictionaryAPI */ = {
			isa = PBXGroup;
			children = (
				B8039A1B28D7B36C008CE7B4 /* Endpoints */,
				B8039A0D28D7A298008CE7B4 /* DictionaryAPIKey.swift */,
				B8039A0828D7A14C008CE7B4 /* URLComponents+DictionaryAPI.swift */,
			);
			path = DictionaryAPI;
			sourceTree = "<group>";
		};
		B8039A0A28D7A26E008CE7B4 /* Assets */ = {
			isa = PBXGroup;
			children = (
				B80399E028D79A3B008CE7B4 /* Assets.xcassets */,
				B8039A1728D7AF09008CE7B4 /* String+Contants.swift */,
			);
			path = Assets;
			sourceTree = "<group>";
		};
		B8039A0F28D7A51F008CE7B4 /* Extensions */ = {
			isa = PBXGroup;
			children = (
				B8039A1028D7A52A008CE7B4 /* URL+Components.swift */,
			);
			path = Extensions;
			sourceTree = "<group>";
		};
		B8039A1B28D7B36C008CE7B4 /* Endpoints */ = {
			isa = PBXGroup;
			children = (
				B8039A1C28D7B37A008CE7B4 /* EntriesAPI.swift */,
			);
			path = Endpoints;
			sourceTree = "<group>";
		};
/* End PBXGroup section */

/* Begin PBXNativeTarget section */
		B80399D828D79A37008CE7B4 /* Define */ = {
			isa = PBXNativeTarget;
			buildConfigurationList = B80399FD28D79A3B008CE7B4 /* Build configuration list for PBXNativeTarget "Define" */;
			buildPhases = (
				B8039A0628D79EF0008CE7B4 /* SwiftLint */,
				B80399D528D79A37008CE7B4 /* Sources */,
				B80399D628D79A37008CE7B4 /* Frameworks */,
				B80399D728D79A37008CE7B4 /* Resources */,
			);
			buildRules = (
			);
			dependencies = (
			);
			name = Define;
			packageProductDependencies = (
				B8039A1328D7AAF7008CE7B4 /* HTTPRequest */,
			);
			productName = Define;
			productReference = B80399D928D79A37008CE7B4 /* Define.app */;
			productType = "com.apple.product-type.application";
		};
		B80399E828D79A3B008CE7B4 /* DefineTests */ = {
			isa = PBXNativeTarget;
			buildConfigurationList = B8039A0028D79A3B008CE7B4 /* Build configuration list for PBXNativeTarget "DefineTests" */;
			buildPhases = (
				B80399E528D79A3B008CE7B4 /* Sources */,
				B80399E628D79A3B008CE7B4 /* Frameworks */,
				B80399E728D79A3B008CE7B4 /* Resources */,
			);
			buildRules = (
			);
			dependencies = (
				B80399EB28D79A3B008CE7B4 /* PBXTargetDependency */,
			);
			name = DefineTests;
			productName = DefineTests;
			productReference = B80399E928D79A3B008CE7B4 /* DefineTests.xctest */;
			productType = "com.apple.product-type.bundle.unit-test";
		};
		B80399F228D79A3B008CE7B4 /* DefineUITests */ = {
			isa = PBXNativeTarget;
			buildConfigurationList = B8039A0328D79A3B008CE7B4 /* Build configuration list for PBXNativeTarget "DefineUITests" */;
			buildPhases = (
				B80399EF28D79A3B008CE7B4 /* Sources */,
				B80399F028D79A3B008CE7B4 /* Frameworks */,
				B80399F128D79A3B008CE7B4 /* Resources */,
			);
			buildRules = (
			);
			dependencies = (
				B80399F528D79A3B008CE7B4 /* PBXTargetDependency */,
			);
			name = DefineUITests;
			productName = DefineUITests;
			productReference = B80399F328D79A3B008CE7B4 /* DefineUITests.xctest */;
			productType = "com.apple.product-type.bundle.ui-testing";
		};
/* End PBXNativeTarget section */

/* Begin PBXProject section */
		B80399D128D79A36008CE7B4 /* Project object */ = {
			isa = PBXProject;
			attributes = {
				BuildIndependentTargetsInParallel = 1;
				LastSwiftUpdateCheck = 1340;
				LastUpgradeCheck = 1340;
				TargetAttributes = {
					B80399D828D79A37008CE7B4 = {
						CreatedOnToolsVersion = 13.4.1;
					};
					B80399E828D79A3B008CE7B4 = {
						CreatedOnToolsVersion = 13.4.1;
						TestTargetID = B80399D828D79A37008CE7B4;
					};
					B80399F228D79A3B008CE7B4 = {
						CreatedOnToolsVersion = 13.4.1;
						TestTargetID = B80399D828D79A37008CE7B4;
					};
				};
			};
			buildConfigurationList = B80399D428D79A36008CE7B4 /* Build configuration list for PBXProject "Define" */;
			compatibilityVersion = "Xcode 13.0";
			developmentRegion = en;
			hasScannedForEncodings = 0;
			knownRegions = (
				en,
				Base,
			);
			mainGroup = B80399D028D79A36008CE7B4;
			packageReferences = (
				B8039A1228D7AAF7008CE7B4 /* XCRemoteSwiftPackageReference "HTTPRequest" */,
			);
			productRefGroup = B80399DA28D79A37008CE7B4 /* Products */;
			projectDirPath = "";
			projectRoot = "";
			targets = (
				B80399D828D79A37008CE7B4 /* Define */,
				B80399E828D79A3B008CE7B4 /* DefineTests */,
				B80399F228D79A3B008CE7B4 /* DefineUITests */,
			);
		};
/* End PBXProject section */

/* Begin PBXResourcesBuildPhase section */
		B80399D728D79A37008CE7B4 /* Resources */ = {
			isa = PBXResourcesBuildPhase;
			buildActionMask = 2147483647;
			files = (
				B80399E128D79A3B008CE7B4 /* Assets.xcassets in Resources */,
				B80399E428D79A3B008CE7B4 /* Preview Assets.xcassets in Resources */,
			);
			runOnlyForDeploymentPostprocessing = 0;
		};
		B80399E728D79A3B008CE7B4 /* Resources */ = {
			isa = PBXResourcesBuildPhase;
			buildActionMask = 2147483647;
			files = (
			);
			runOnlyForDeploymentPostprocessing = 0;
		};
		B80399F128D79A3B008CE7B4 /* Resources */ = {
			isa = PBXResourcesBuildPhase;
			buildActionMask = 2147483647;
			files = (
			);
			runOnlyForDeploymentPostprocessing = 0;
		};
/* End PBXResourcesBuildPhase section */

/* Begin PBXShellScriptBuildPhase section */
		B8039A0628D79EF0008CE7B4 /* SwiftLint */ = {
			isa = PBXShellScriptBuildPhase;
			buildActionMask = 2147483647;
			files = (
			);
			inputFileListPaths = (
			);
			inputPaths = (
			);
			name = SwiftLint;
			outputFileListPaths = (
			);
			outputPaths = (
			);
			runOnlyForDeploymentPostprocessing = 0;
			shellPath = /bin/sh;
			shellScript = "export PATH=\"$PATH:/opt/homebrew/bin\"\nif which swiftlint > /dev/null; then\n  swiftlint\nelse\n  echo \"warning: SwiftLint not installed, download from https://github.com/realm/SwiftLint\"\nfi\n";
		};
/* End PBXShellScriptBuildPhase section */

/* Begin PBXSourcesBuildPhase section */
		B80399D528D79A37008CE7B4 /* Sources */ = {
			isa = PBXSourcesBuildPhase;
			buildActionMask = 2147483647;
			files = (
				B80399DF28D79A37008CE7B4 /* ContentView.swift in Sources */,
				B80399DD28D79A37008CE7B4 /* DefineApp.swift in Sources */,
				B8039A0E28D7A298008CE7B4 /* DictionaryAPIKey.swift in Sources */,
				B8039A1D28D7B37A008CE7B4 /* EntriesAPI.swift in Sources */,
				B8039A1828D7AF09008CE7B4 /* String+Contants.swift in Sources */,
				B8039A1128D7A52A008CE7B4 /* URL+Components.swift in Sources */,
				B8039A0928D7A14C008CE7B4 /* URLComponents+DictionaryAPI.swift in Sources */,
			);
			runOnlyForDeploymentPostprocessing = 0;
		};
		B80399E528D79A3B008CE7B4 /* Sources */ = {
			isa = PBXSourcesBuildPhase;
			buildActionMask = 2147483647;
			files = (
				B80399EE28D79A3B008CE7B4 /* DefineTests.swift in Sources */,
			);
			runOnlyForDeploymentPostprocessing = 0;
		};
		B80399EF28D79A3B008CE7B4 /* Sources */ = {
			isa = PBXSourcesBuildPhase;
			buildActionMask = 2147483647;
			files = (
				B80399F828D79A3B008CE7B4 /* DefineUITests.swift in Sources */,
				B80399FA28D79A3B008CE7B4 /* DefineUITestsLaunchTests.swift in Sources */,
			);
			runOnlyForDeploymentPostprocessing = 0;
		};
/* End PBXSourcesBuildPhase section */

/* Begin PBXTargetDependency section */
		B80399EB28D79A3B008CE7B4 /* PBXTargetDependency */ = {
			isa = PBXTargetDependency;
			target = B80399D828D79A37008CE7B4 /* Define */;
			targetProxy = B80399EA28D79A3B008CE7B4 /* PBXContainerItemProxy */;
		};
		B80399F528D79A3B008CE7B4 /* PBXTargetDependency */ = {
			isa = PBXTargetDependency;
			target = B80399D828D79A37008CE7B4 /* Define */;
			targetProxy = B80399F428D79A3B008CE7B4 /* PBXContainerItemProxy */;
		};
/* End PBXTargetDependency section */

/* Begin XCBuildConfiguration section */
		B80399FB28D79A3B008CE7B4 /* Debug */ = {
			isa = XCBuildConfiguration;
			buildSettings = {
				ALWAYS_SEARCH_USER_PATHS = NO;
				CLANG_ANALYZER_NONNULL = YES;
				CLANG_ANALYZER_NUMBER_OBJECT_CONVERSION = YES_AGGRESSIVE;
				CLANG_CXX_LANGUAGE_STANDARD = "gnu++17";
				CLANG_ENABLE_MODULES = YES;
				CLANG_ENABLE_OBJC_ARC = YES;
				CLANG_ENABLE_OBJC_WEAK = YES;
				CLANG_WARN_BLOCK_CAPTURE_AUTORELEASING = YES;
				CLANG_WARN_BOOL_CONVERSION = YES;
				CLANG_WARN_COMMA = YES;
				CLANG_WARN_CONSTANT_CONVERSION = YES;
				CLANG_WARN_DEPRECATED_OBJC_IMPLEMENTATIONS = YES;
				CLANG_WARN_DIRECT_OBJC_ISA_USAGE = YES_ERROR;
				CLANG_WARN_DOCUMENTATION_COMMENTS = YES;
				CLANG_WARN_EMPTY_BODY = YES;
				CLANG_WARN_ENUM_CONVERSION = YES;
				CLANG_WARN_INFINITE_RECURSION = YES;
				CLANG_WARN_INT_CONVERSION = YES;
				CLANG_WARN_NON_LITERAL_NULL_CONVERSION = YES;
				CLANG_WARN_OBJC_IMPLICIT_RETAIN_SELF = YES;
				CLANG_WARN_OBJC_LITERAL_CONVERSION = YES;
				CLANG_WARN_OBJC_ROOT_CLASS = YES_ERROR;
				CLANG_WARN_QUOTED_INCLUDE_IN_FRAMEWORK_HEADER = YES;
				CLANG_WARN_RANGE_LOOP_ANALYSIS = YES;
				CLANG_WARN_STRICT_PROTOTYPES = YES;
				CLANG_WARN_SUSPICIOUS_MOVE = YES;
				CLANG_WARN_UNGUARDED_AVAILABILITY = YES_AGGRESSIVE;
				CLANG_WARN_UNREACHABLE_CODE = YES;
				CLANG_WARN__DUPLICATE_METHOD_MATCH = YES;
				COPY_PHASE_STRIP = NO;
				DEBUG_INFORMATION_FORMAT = dwarf;
				ENABLE_STRICT_OBJC_MSGSEND = YES;
				ENABLE_TESTABILITY = YES;
				GCC_C_LANGUAGE_STANDARD = gnu11;
				GCC_DYNAMIC_NO_PIC = NO;
				GCC_NO_COMMON_BLOCKS = YES;
				GCC_OPTIMIZATION_LEVEL = 0;
				GCC_PREPROCESSOR_DEFINITIONS = (
					"DEBUG=1",
					"$(inherited)",
				);
				GCC_WARN_64_TO_32_BIT_CONVERSION = YES;
				GCC_WARN_ABOUT_RETURN_TYPE = YES_ERROR;
				GCC_WARN_UNDECLARED_SELECTOR = YES;
				GCC_WARN_UNINITIALIZED_AUTOS = YES_AGGRESSIVE;
				GCC_WARN_UNUSED_FUNCTION = YES;
				GCC_WARN_UNUSED_VARIABLE = YES;
				IPHONEOS_DEPLOYMENT_TARGET = 15.5;
				MTL_ENABLE_DEBUG_INFO = INCLUDE_SOURCE;
				MTL_FAST_MATH = YES;
				ONLY_ACTIVE_ARCH = YES;
				SDKROOT = iphoneos;
				SWIFT_ACTIVE_COMPILATION_CONDITIONS = DEBUG;
				SWIFT_OPTIMIZATION_LEVEL = "-Onone";
			};
			name = Debug;
		};
		B80399FC28D79A3B008CE7B4 /* Release */ = {
			isa = XCBuildConfiguration;
			buildSettings = {
				ALWAYS_SEARCH_USER_PATHS = NO;
				CLANG_ANALYZER_NONNULL = YES;
				CLANG_ANALYZER_NUMBER_OBJECT_CONVERSION = YES_AGGRESSIVE;
				CLANG_CXX_LANGUAGE_STANDARD = "gnu++17";
				CLANG_ENABLE_MODULES = YES;
				CLANG_ENABLE_OBJC_ARC = YES;
				CLANG_ENABLE_OBJC_WEAK = YES;
				CLANG_WARN_BLOCK_CAPTURE_AUTORELEASING = YES;
				CLANG_WARN_BOOL_CONVERSION = YES;
				CLANG_WARN_COMMA = YES;
				CLANG_WARN_CONSTANT_CONVERSION = YES;
				CLANG_WARN_DEPRECATED_OBJC_IMPLEMENTATIONS = YES;
				CLANG_WARN_DIRECT_OBJC_ISA_USAGE = YES_ERROR;
				CLANG_WARN_DOCUMENTATION_COMMENTS = YES;
				CLANG_WARN_EMPTY_BODY = YES;
				CLANG_WARN_ENUM_CONVERSION = YES;
				CLANG_WARN_INFINITE_RECURSION = YES;
				CLANG_WARN_INT_CONVERSION = YES;
				CLANG_WARN_NON_LITERAL_NULL_CONVERSION = YES;
				CLANG_WARN_OBJC_IMPLICIT_RETAIN_SELF = YES;
				CLANG_WARN_OBJC_LITERAL_CONVERSION = YES;
				CLANG_WARN_OBJC_ROOT_CLASS = YES_ERROR;
				CLANG_WARN_QUOTED_INCLUDE_IN_FRAMEWORK_HEADER = YES;
				CLANG_WARN_RANGE_LOOP_ANALYSIS = YES;
				CLANG_WARN_STRICT_PROTOTYPES = YES;
				CLANG_WARN_SUSPICIOUS_MOVE = YES;
				CLANG_WARN_UNGUARDED_AVAILABILITY = YES_AGGRESSIVE;
				CLANG_WARN_UNREACHABLE_CODE = YES;
				CLANG_WARN__DUPLICATE_METHOD_MATCH = YES;
				COPY_PHASE_STRIP = NO;
				DEBUG_INFORMATION_FORMAT = "dwarf-with-dsym";
				ENABLE_NS_ASSERTIONS = NO;
				ENABLE_STRICT_OBJC_MSGSEND = YES;
				GCC_C_LANGUAGE_STANDARD = gnu11;
				GCC_NO_COMMON_BLOCKS = YES;
				GCC_WARN_64_TO_32_BIT_CONVERSION = YES;
				GCC_WARN_ABOUT_RETURN_TYPE = YES_ERROR;
				GCC_WARN_UNDECLARED_SELECTOR = YES;
				GCC_WARN_UNINITIALIZED_AUTOS = YES_AGGRESSIVE;
				GCC_WARN_UNUSED_FUNCTION = YES;
				GCC_WARN_UNUSED_VARIABLE = YES;
				IPHONEOS_DEPLOYMENT_TARGET = 15.5;
				MTL_ENABLE_DEBUG_INFO = NO;
				MTL_FAST_MATH = YES;
				SDKROOT = iphoneos;
				SWIFT_COMPILATION_MODE = wholemodule;
				SWIFT_OPTIMIZATION_LEVEL = "-O";
				VALIDATE_PRODUCT = YES;
			};
			name = Release;
		};
		B80399FE28D79A3B008CE7B4 /* Debug */ = {
			isa = XCBuildConfiguration;
			buildSettings = {
				ASSETCATALOG_COMPILER_APPICON_NAME = AppIcon;
				ASSETCATALOG_COMPILER_GLOBAL_ACCENT_COLOR_NAME = AccentColor;
				CODE_SIGN_STYLE = Automatic;
				CURRENT_PROJECT_VERSION = 1;
				DEVELOPMENT_ASSET_PATHS = "\"Define/Preview Content\"";
				ENABLE_PREVIEWS = YES;
				GENERATE_INFOPLIST_FILE = YES;
				INFOPLIST_KEY_UIApplicationSceneManifest_Generation = YES;
				INFOPLIST_KEY_UIApplicationSupportsIndirectInputEvents = YES;
				INFOPLIST_KEY_UILaunchScreen_Generation = YES;
				INFOPLIST_KEY_UISupportedInterfaceOrientations = UIInterfaceOrientationPortrait;
				INFOPLIST_KEY_UISupportedInterfaceOrientations_iPad = "UIInterfaceOrientationPortrait UIInterfaceOrientationPortraitUpsideDown UIInterfaceOrientationLandscapeLeft UIInterfaceOrientationLandscapeRight";
				INFOPLIST_KEY_UISupportedInterfaceOrientations_iPhone = "UIInterfaceOrientationPortrait UIInterfaceOrientationLandscapeLeft UIInterfaceOrientationLandscapeRight";
				LD_RUNPATH_SEARCH_PATHS = (
					"$(inherited)",
					"@executable_path/Frameworks",
				);
				MARKETING_VERSION = 1.0.0;
				PRODUCT_BUNDLE_IDENTIFIER = com.benshutt.Define;
				PRODUCT_NAME = "$(TARGET_NAME)";
				SWIFT_EMIT_LOC_STRINGS = YES;
				SWIFT_VERSION = 5.0;
				TARGETED_DEVICE_FAMILY = 1;
			};
			name = Debug;
		};
		B80399FF28D79A3B008CE7B4 /* Release */ = {
			isa = XCBuildConfiguration;
			buildSettings = {
				ASSETCATALOG_COMPILER_APPICON_NAME = AppIcon;
				ASSETCATALOG_COMPILER_GLOBAL_ACCENT_COLOR_NAME = AccentColor;
				CODE_SIGN_STYLE = Automatic;
				CURRENT_PROJECT_VERSION = 1;
				DEVELOPMENT_ASSET_PATHS = "\"Define/Preview Content\"";
				ENABLE_PREVIEWS = YES;
				GENERATE_INFOPLIST_FILE = YES;
				INFOPLIST_KEY_UIApplicationSceneManifest_Generation = YES;
				INFOPLIST_KEY_UIApplicationSupportsIndirectInputEvents = YES;
				INFOPLIST_KEY_UILaunchScreen_Generation = YES;
				INFOPLIST_KEY_UISupportedInterfaceOrientations = UIInterfaceOrientationPortrait;
				INFOPLIST_KEY_UISupportedInterfaceOrientations_iPad = "UIInterfaceOrientationPortrait UIInterfaceOrientationPortraitUpsideDown UIInterfaceOrientationLandscapeLeft UIInterfaceOrientationLandscapeRight";
				INFOPLIST_KEY_UISupportedInterfaceOrientations_iPhone = "UIInterfaceOrientationPortrait UIInterfaceOrientationLandscapeLeft UIInterfaceOrientationLandscapeRight";
				LD_RUNPATH_SEARCH_PATHS = (
					"$(inherited)",
					"@executable_path/Frameworks",
				);
				MARKETING_VERSION = 1.0.0;
				PRODUCT_BUNDLE_IDENTIFIER = com.benshutt.Define;
				PRODUCT_NAME = "$(TARGET_NAME)";
				SWIFT_EMIT_LOC_STRINGS = YES;
				SWIFT_VERSION = 5.0;
				TARGETED_DEVICE_FAMILY = 1;
			};
			name = Release;
		};
		B8039A0128D79A3B008CE7B4 /* Debug */ = {
			isa = XCBuildConfiguration;
			buildSettings = {
				ALWAYS_EMBED_SWIFT_STANDARD_LIBRARIES = YES;
				BUNDLE_LOADER = "$(TEST_HOST)";
				CODE_SIGN_STYLE = Automatic;
				CURRENT_PROJECT_VERSION = 1;
				GENERATE_INFOPLIST_FILE = YES;
				IPHONEOS_DEPLOYMENT_TARGET = 15.5;
				MARKETING_VERSION = 1.0;
				PRODUCT_BUNDLE_IDENTIFIER = com.benshutt.DefineTests;
				PRODUCT_NAME = "$(TARGET_NAME)";
				SWIFT_EMIT_LOC_STRINGS = NO;
				SWIFT_VERSION = 5.0;
				TARGETED_DEVICE_FAMILY = "1,2";
				TEST_HOST = "$(BUILT_PRODUCTS_DIR)/Define.app/Define";
			};
			name = Debug;
		};
		B8039A0228D79A3B008CE7B4 /* Release */ = {
			isa = XCBuildConfiguration;
			buildSettings = {
				ALWAYS_EMBED_SWIFT_STANDARD_LIBRARIES = YES;
				BUNDLE_LOADER = "$(TEST_HOST)";
				CODE_SIGN_STYLE = Automatic;
				CURRENT_PROJECT_VERSION = 1;
				GENERATE_INFOPLIST_FILE = YES;
				IPHONEOS_DEPLOYMENT_TARGET = 15.5;
				MARKETING_VERSION = 1.0;
				PRODUCT_BUNDLE_IDENTIFIER = com.benshutt.DefineTests;
				PRODUCT_NAME = "$(TARGET_NAME)";
				SWIFT_EMIT_LOC_STRINGS = NO;
				SWIFT_VERSION = 5.0;
				TARGETED_DEVICE_FAMILY = "1,2";
				TEST_HOST = "$(BUILT_PRODUCTS_DIR)/Define.app/Define";
			};
			name = Release;
		};
		B8039A0428D79A3B008CE7B4 /* Debug */ = {
			isa = XCBuildConfiguration;
			buildSettings = {
				ALWAYS_EMBED_SWIFT_STANDARD_LIBRARIES = YES;
				CODE_SIGN_STYLE = Automatic;
				CURRENT_PROJECT_VERSION = 1;
				GENERATE_INFOPLIST_FILE = YES;
				MARKETING_VERSION = 1.0;
				PRODUCT_BUNDLE_IDENTIFIER = com.benshutt.DefineUITests;
				PRODUCT_NAME = "$(TARGET_NAME)";
				SWIFT_EMIT_LOC_STRINGS = NO;
				SWIFT_VERSION = 5.0;
				TARGETED_DEVICE_FAMILY = "1,2";
				TEST_TARGET_NAME = Define;
			};
			name = Debug;
		};
		B8039A0528D79A3B008CE7B4 /* Release */ = {
			isa = XCBuildConfiguration;
			buildSettings = {
				ALWAYS_EMBED_SWIFT_STANDARD_LIBRARIES = YES;
				CODE_SIGN_STYLE = Automatic;
				CURRENT_PROJECT_VERSION = 1;
				GENERATE_INFOPLIST_FILE = YES;
				MARKETING_VERSION = 1.0;
				PRODUCT_BUNDLE_IDENTIFIER = com.benshutt.DefineUITests;
				PRODUCT_NAME = "$(TARGET_NAME)";
				SWIFT_EMIT_LOC_STRINGS = NO;
				SWIFT_VERSION = 5.0;
				TARGETED_DEVICE_FAMILY = "1,2";
				TEST_TARGET_NAME = Define;
			};
			name = Release;
		};
/* End XCBuildConfiguration section */

/* Begin XCConfigurationList section */
		B80399D428D79A36008CE7B4 /* Build configuration list for PBXProject "Define" */ = {
			isa = XCConfigurationList;
			buildConfigurations = (
				B80399FB28D79A3B008CE7B4 /* Debug */,
				B80399FC28D79A3B008CE7B4 /* Release */,
			);
			defaultConfigurationIsVisible = 0;
			defaultConfigurationName = Release;
		};
		B80399FD28D79A3B008CE7B4 /* Build configuration list for PBXNativeTarget "Define" */ = {
			isa = XCConfigurationList;
			buildConfigurations = (
				B80399FE28D79A3B008CE7B4 /* Debug */,
				B80399FF28D79A3B008CE7B4 /* Release */,
			);
			defaultConfigurationIsVisible = 0;
			defaultConfigurationName = Release;
		};
		B8039A0028D79A3B008CE7B4 /* Build configuration list for PBXNativeTarget "DefineTests" */ = {
			isa = XCConfigurationList;
			buildConfigurations = (
				B8039A0128D79A3B008CE7B4 /* Debug */,
				B8039A0228D79A3B008CE7B4 /* Release */,
			);
			defaultConfigurationIsVisible = 0;
			defaultConfigurationName = Release;
		};
		B8039A0328D79A3B008CE7B4 /* Build configuration list for PBXNativeTarget "DefineUITests" */ = {
			isa = XCConfigurationList;
			buildConfigurations = (
				B8039A0428D79A3B008CE7B4 /* Debug */,
				B8039A0528D79A3B008CE7B4 /* Release */,
			);
			defaultConfigurationIsVisible = 0;
			defaultConfigurationName = Release;
		};
/* End XCConfigurationList section */

/* Begin XCRemoteSwiftPackageReference section */
		B8039A1228D7AAF7008CE7B4 /* XCRemoteSwiftPackageReference "HTTPRequest" */ = {
			isa = XCRemoteSwiftPackageReference;
			repositoryURL = "https://github.com/3sidedcube/HTTPRequest.git";
			requirement = {
				branch = release/v1.0.0;
				kind = branch;
			};
		};
/* End XCRemoteSwiftPackageReference section */

/* Begin XCSwiftPackageProductDependency section */
		B8039A1328D7AAF7008CE7B4 /* HTTPRequest */ = {
			isa = XCSwiftPackageProductDependency;
			package = B8039A1228D7AAF7008CE7B4 /* XCRemoteSwiftPackageReference "HTTPRequest" */;
			productName = HTTPRequest;
		};
/* End XCSwiftPackageProductDependency section */
	};
	rootObject = B80399D128D79A36008CE7B4 /* Project object */;
}
