{
  "pins" : [
    {
      "identity" : "alamofire",
      "kind" : "remoteSourceControl",
      "location" : "https://github.com/Alamofire/Alamofire.git",
      "state" : {
        "revision" : "b2fa556e4e48cbf06cf8c63def138c98f4b811fa",
        "version" : "5.8.0"
      }
    },
    {
      "identity" : "cubefoundation-ios",
      "kind" : "remoteSourceControl",
      "location" : "https://github.com/3sidedcube/cubefoundation-ios.git",
      "state" : {
        "branch" : "develop",
        "revision" : "b9d44aff2dbfd1912a21c56bcd2c6d489ee396f4"
      }
    },
    {
      "identity" : "datarequest",
      "kind" : "remoteSourceControl",
      "location" : "https://github.com/BenShutt/DataRequest.git",
      "state" : {
        "branch" : "main",
        "revision" : "04cce849e12ee9588468d5bbf6b9d32092dfa639"
      }
    },
    {
      "identity" : "lottie-ios",
      "kind" : "remoteSourceControl",
      "location" : "https://github.com/airbnb/lottie-ios",
      "state" : {
        "revision" : "5197d6f06c00753ca299d8424c8e089c6a372f3c",
        "version" : "4.3.2"
      }
    },
    {
      "identity" : "swift-argument-parser",
      "kind" : "remoteSourceControl",
      "location" : "https://github.com/apple/swift-argument-parser.git",
      "state" : {
        "revision" : "8f4d2753f0e4778c76d5f05ad16c74f707390531",
        "version" : "1.2.3"
      }
    },
    {
      "identity" : "swiftui-introspect",
      "kind" : "remoteSourceControl",
      "location" : "https://github.com/siteline/SwiftUI-Introspect.git",
      "state" : {
        "revision" : "121c146fe591b1320238d054ae35c81ffa45f45a",
        "version" : "0.12.0"
      }
    }
  ],
  "version" : 2
}
