{
  "pins" : [
    {
      "identity" : "alamofire",
      "kind" : "remoteSourceControl",
      "location" : "https://github.com/Alamofire/Alamofire.git",
      "state" : {
        "revision" : "b2fa556e4e48cbf06cf8c63def138c98f4b811fa",
        "version" : "5.8.0"
      }
    },
    {
      "identity" : "datarequest",
      "kind" : "remoteSourceControl",
      "location" : "https://github.com/BenShutt/DataRequest.git",
      "state" : {
        "branch" : "main",
        "revision" : "f8ae202158a3a748d969ea756057a07f55b2676c"
      }
    }
  ],
  "version" : 2
}
