{
  "pins" : [
    {
      "identity" : "alamofire",
      "kind" : "remoteSourceControl",
      "location" : "https://github.com/Alamofire/Alamofire.git",
      "state" : {
        "revision" : "f455c2975872ccd2d9c81594c658af65716e9b9a",
        "version" : "5.9.1"
      }
    },
    {
      "identity" : "datarequest",
      "kind" : "remoteSourceControl",
      "location" : "https://github.com/BenShutt/DataRequest.git",
      "state" : {
        "branch" : "main",
        "revision" : "f8ae202158a3a748d969ea756057a07f55b2676c"
      }
    }
  ],
  "version" : 2
}
